// !$*UTF8*$!
{
	archiveVersion = 1;
	classes = {
	};
	objectVersion = 50;
	objects = {

/* Begin PBXBuildFile section */
		3E1530E1210EF56B0086BBEE /* main.cpp in Sources */ = {isa = PBXBuildFile; fileRef = 3E1530E0210EF56B0086BBEE /* main.cpp */; };
		3E1530E9210EF5CA0086BBEE /* OpenGL.framework in Frameworks */ = {isa = PBXBuildFile; fileRef = 3E1530E8210EF5CA0086BBEE /* OpenGL.framework */; };
		3E1530EB210EF5E00086BBEE /* libGLEW.dylib in Frameworks */ = {isa = PBXBuildFile; fileRef = 3E1530EA210EF5E00086BBEE /* libGLEW.dylib */; };
		3E1530ED210EF5E40086BBEE /* libglfw.dylib in Frameworks */ = {isa = PBXBuildFile; fileRef = 3E1530EC210EF5E30086BBEE /* libglfw.dylib */; };
		3E1530EF210EF5F20086BBEE /* glad.c in Sources */ = {isa = PBXBuildFile; fileRef = 3E1530EE210EF5F20086BBEE /* glad.c */; };
		3E1530F7210F096B0086BBEE /* main.cpp in Sources */ = {isa = PBXBuildFile; fileRef = 3E1530F6210F096B0086BBEE /* main.cpp */; };
		3E1530FB210F09750086BBEE /* OpenGL.framework in Frameworks */ = {isa = PBXBuildFile; fileRef = 3E1530E8210EF5CA0086BBEE /* OpenGL.framework */; };
		3E1530FC210F09810086BBEE /* libGLEW.dylib in Frameworks */ = {isa = PBXBuildFile; fileRef = 3E1530EA210EF5E00086BBEE /* libGLEW.dylib */; };
		3E1530FD210F09840086BBEE /* libglfw.dylib in Frameworks */ = {isa = PBXBuildFile; fileRef = 3E1530EC210EF5E30086BBEE /* libglfw.dylib */; };
		3E153103210F0B070086BBEE /* glad.c in Sources */ = {isa = PBXBuildFile; fileRef = 3E153102210F0B070086BBEE /* glad.c */; };
		3E15310B210F3D3B0086BBEE /* main.cpp in Sources */ = {isa = PBXBuildFile; fileRef = 3E15310A210F3D3B0086BBEE /* main.cpp */; };
		3E15310F210F3D530086BBEE /* OpenGL.framework in Frameworks */ = {isa = PBXBuildFile; fileRef = 3E1530E8210EF5CA0086BBEE /* OpenGL.framework */; };
		3E153110210F3D6A0086BBEE /* libGLEW.dylib in Frameworks */ = {isa = PBXBuildFile; fileRef = 3E1530EA210EF5E00086BBEE /* libGLEW.dylib */; };
		3E153111210F3D6D0086BBEE /* libglfw.dylib in Frameworks */ = {isa = PBXBuildFile; fileRef = 3E1530EC210EF5E30086BBEE /* libglfw.dylib */; };
		3E153113210F3DB60086BBEE /* glad.c in Sources */ = {isa = PBXBuildFile; fileRef = 3E153112210F3DB60086BBEE /* glad.c */; };
		3E15311F2110371F0086BBEE /* main.cpp in Sources */ = {isa = PBXBuildFile; fileRef = 3E15311E2110371F0086BBEE /* main.cpp */; };
		3E1531232110372D0086BBEE /* OpenGL.framework in Frameworks */ = {isa = PBXBuildFile; fileRef = 3E1530E8210EF5CA0086BBEE /* OpenGL.framework */; };
		3E153124211037360086BBEE /* libGLEW.dylib in Frameworks */ = {isa = PBXBuildFile; fileRef = 3E1530EA210EF5E00086BBEE /* libGLEW.dylib */; };
		3E1531252110373A0086BBEE /* libglfw.dylib in Frameworks */ = {isa = PBXBuildFile; fileRef = 3E1530EC210EF5E30086BBEE /* libglfw.dylib */; };
		3E153127211037460086BBEE /* glad.c in Sources */ = {isa = PBXBuildFile; fileRef = 3E153126211037460086BBEE /* glad.c */; };
		3E153133211052040086BBEE /* main.cpp in Sources */ = {isa = PBXBuildFile; fileRef = 3E153132211052040086BBEE /* main.cpp */; };
		3E1531372110522A0086BBEE /* OpenGL.framework in Frameworks */ = {isa = PBXBuildFile; fileRef = 3E1530E8210EF5CA0086BBEE /* OpenGL.framework */; };
		3E153139211052400086BBEE /* glad.c in Sources */ = {isa = PBXBuildFile; fileRef = 3E1531382110523F0086BBEE /* glad.c */; };
		3E15313A2110524A0086BBEE /* libGLEW.dylib in Frameworks */ = {isa = PBXBuildFile; fileRef = 3E1530EA210EF5E00086BBEE /* libGLEW.dylib */; };
		3E15313B2110524F0086BBEE /* libglfw.dylib in Frameworks */ = {isa = PBXBuildFile; fileRef = 3E1530EC210EF5E30086BBEE /* libglfw.dylib */; };
/* End PBXBuildFile section */

/* Begin PBXCopyFilesBuildPhase section */
		3E1530DB210EF56B0086BBEE /* CopyFiles */ = {
			isa = PBXCopyFilesBuildPhase;
			buildActionMask = 2147483647;
			dstPath = /usr/share/man/man1/;
			dstSubfolderSpec = 0;
			files = (
			);
			runOnlyForDeploymentPostprocessing = 1;
		};
		3E1530F2210F096B0086BBEE /* CopyFiles */ = {
			isa = PBXCopyFilesBuildPhase;
			buildActionMask = 2147483647;
			dstPath = /usr/share/man/man1/;
			dstSubfolderSpec = 0;
			files = (
			);
			runOnlyForDeploymentPostprocessing = 1;
		};
		3E153106210F3D3B0086BBEE /* CopyFiles */ = {
			isa = PBXCopyFilesBuildPhase;
			buildActionMask = 2147483647;
			dstPath = /usr/share/man/man1/;
			dstSubfolderSpec = 0;
			files = (
			);
			runOnlyForDeploymentPostprocessing = 1;
		};
		3E15311A2110371F0086BBEE /* CopyFiles */ = {
			isa = PBXCopyFilesBuildPhase;
			buildActionMask = 2147483647;
			dstPath = /usr/share/man/man1/;
			dstSubfolderSpec = 0;
			files = (
			);
			runOnlyForDeploymentPostprocessing = 1;
		};
		3E15312E211052030086BBEE /* CopyFiles */ = {
			isa = PBXCopyFilesBuildPhase;
			buildActionMask = 2147483647;
			dstPath = /usr/share/man/man1/;
			dstSubfolderSpec = 0;
			files = (
			);
			runOnlyForDeploymentPostprocessing = 1;
		};
/* End PBXCopyFilesBuildPhase section */

/* Begin PBXFileReference section */
		3E1530DD210EF56B0086BBEE /* Learning_OpenGL */ = {isa = PBXFileReference; explicitFileType = "compiled.mach-o.executable"; includeInIndex = 0; path = Learning_OpenGL; sourceTree = BUILT_PRODUCTS_DIR; };
		3E1530E0210EF56B0086BBEE /* main.cpp */ = {isa = PBXFileReference; lastKnownFileType = sourcecode.cpp.cpp; path = main.cpp; sourceTree = "<group>"; };
		3E1530E8210EF5CA0086BBEE /* OpenGL.framework */ = {isa = PBXFileReference; lastKnownFileType = wrapper.framework; name = OpenGL.framework; path = System/Library/Frameworks/OpenGL.framework; sourceTree = SDKROOT; };
		3E1530EA210EF5E00086BBEE /* libGLEW.dylib */ = {isa = PBXFileReference; lastKnownFileType = "compiled.mach-o.dylib"; name = libGLEW.dylib; path = ../../../../CODE/OpenGL/libGLEW.dylib; sourceTree = "<group>"; };
		3E1530EC210EF5E30086BBEE /* libglfw.dylib */ = {isa = PBXFileReference; lastKnownFileType = "compiled.mach-o.dylib"; name = libglfw.dylib; path = ../../../../CODE/OpenGL/libglfw.dylib; sourceTree = "<group>"; };
		3E1530EE210EF5F20086BBEE /* glad.c */ = {isa = PBXFileReference; fileEncoding = 4; lastKnownFileType = sourcecode.c.c; path = glad.c; sourceTree = "<group>"; };
		3E1530F4210F096B0086BBEE /* Light_Color */ = {isa = PBXFileReference; explicitFileType = "compiled.mach-o.executable"; includeInIndex = 0; path = Light_Color; sourceTree = BUILT_PRODUCTS_DIR; };
		3E1530F6210F096B0086BBEE /* main.cpp */ = {isa = PBXFileReference; lastKnownFileType = sourcecode.cpp.cpp; path = main.cpp; sourceTree = "<group>"; };
		3E1530FE210F09FF0086BBEE /* 1.lamp.fs */ = {isa = PBXFileReference; fileEncoding = 4; lastKnownFileType = sourcecode.glsl; path = 1.lamp.fs; sourceTree = "<group>"; };
		3E1530FF210F0A000086BBEE /* 1.colors.vs */ = {isa = PBXFileReference; fileEncoding = 4; lastKnownFileType = sourcecode.glsl; path = 1.colors.vs; sourceTree = "<group>"; };
		3E153100210F0A000086BBEE /* 1.colors.fs */ = {isa = PBXFileReference; fileEncoding = 4; lastKnownFileType = sourcecode.glsl; path = 1.colors.fs; sourceTree = "<group>"; };
		3E153101210F0A000086BBEE /* 1.lamp.vs */ = {isa = PBXFileReference; fileEncoding = 4; lastKnownFileType = sourcecode.glsl; path = 1.lamp.vs; sourceTree = "<group>"; };
		3E153102210F0B070086BBEE /* glad.c */ = {isa = PBXFileReference; fileEncoding = 4; lastKnownFileType = sourcecode.c.c; path = glad.c; sourceTree = "<group>"; };
		3E153108210F3D3B0086BBEE /* Base_Light */ = {isa = PBXFileReference; explicitFileType = "compiled.mach-o.executable"; includeInIndex = 0; path = Base_Light; sourceTree = BUILT_PRODUCTS_DIR; };
		3E15310A210F3D3B0086BBEE /* main.cpp */ = {isa = PBXFileReference; lastKnownFileType = sourcecode.cpp.cpp; path = main.cpp; sourceTree = "<group>"; };
		3E153112210F3DB60086BBEE /* glad.c */ = {isa = PBXFileReference; fileEncoding = 4; lastKnownFileType = sourcecode.c.c; path = glad.c; sourceTree = "<group>"; };
		3E153114210F3E8A0086BBEE /* 2.1.lamp.vs */ = {isa = PBXFileReference; fileEncoding = 4; lastKnownFileType = sourcecode.glsl; path = 2.1.lamp.vs; sourceTree = "<group>"; };
		3E153115210F3E8A0086BBEE /* 2.1.lamp.fs */ = {isa = PBXFileReference; fileEncoding = 4; lastKnownFileType = sourcecode.glsl; path = 2.1.lamp.fs; sourceTree = "<group>"; };
		3E153116210F3E8A0086BBEE /* 2.1.basic_lighting.fs */ = {isa = PBXFileReference; fileEncoding = 4; lastKnownFileType = sourcecode.glsl; path = 2.1.basic_lighting.fs; sourceTree = "<group>"; };
		3E153117210F3E8A0086BBEE /* 2.1.basic_lighting.vs */ = {isa = PBXFileReference; fileEncoding = 4; lastKnownFileType = sourcecode.glsl; path = 2.1.basic_lighting.vs; sourceTree = "<group>"; };
		3E15311C2110371F0086BBEE /* Material */ = {isa = PBXFileReference; explicitFileType = "compiled.mach-o.executable"; includeInIndex = 0; path = Material; sourceTree = BUILT_PRODUCTS_DIR; };
		3E15311E2110371F0086BBEE /* main.cpp */ = {isa = PBXFileReference; lastKnownFileType = sourcecode.cpp.cpp; path = main.cpp; sourceTree = "<group>"; };
		3E153126211037460086BBEE /* glad.c */ = {isa = PBXFileReference; fileEncoding = 4; lastKnownFileType = sourcecode.c.c; path = glad.c; sourceTree = "<group>"; };
		3E153128211038380086BBEE /* 3.1.lamp.fs */ = {isa = PBXFileReference; fileEncoding = 4; lastKnownFileType = sourcecode.glsl; path = 3.1.lamp.fs; sourceTree = "<group>"; };
		3E153129211038380086BBEE /* 3.1.lamp.vs */ = {isa = PBXFileReference; fileEncoding = 4; lastKnownFileType = sourcecode.glsl; path = 3.1.lamp.vs; sourceTree = "<group>"; };
		3E15312A211038380086BBEE /* 3.1.materials.fs */ = {isa = PBXFileReference; fileEncoding = 4; lastKnownFileType = sourcecode.glsl; path = 3.1.materials.fs; sourceTree = "<group>"; };
		3E15312B211038380086BBEE /* 3.1.materials.vs */ = {isa = PBXFileReference; fileEncoding = 4; lastKnownFileType = sourcecode.glsl; path = 3.1.materials.vs; sourceTree = "<group>"; };
		3E153130211052030086BBEE /* LightMapping */ = {isa = PBXFileReference; explicitFileType = "compiled.mach-o.executable"; includeInIndex = 0; path = LightMapping; sourceTree = BUILT_PRODUCTS_DIR; };
		3E153132211052040086BBEE /* main.cpp */ = {isa = PBXFileReference; lastKnownFileType = sourcecode.cpp.cpp; path = main.cpp; sourceTree = "<group>"; };
		3E1531382110523F0086BBEE /* glad.c */ = {isa = PBXFileReference; fileEncoding = 4; lastKnownFileType = sourcecode.c.c; path = glad.c; sourceTree = "<group>"; };
		3E15313C211053EA0086BBEE /* 4.1.lighting_maps.vs */ = {isa = PBXFileReference; fileEncoding = 4; lastKnownFileType = sourcecode.glsl; path = 4.1.lighting_maps.vs; sourceTree = "<group>"; };
		3E15313D211053EA0086BBEE /* 4.1.lighting_maps.fs */ = {isa = PBXFileReference; fileEncoding = 4; lastKnownFileType = sourcecode.glsl; path = 4.1.lighting_maps.fs; sourceTree = "<group>"; };
		3E15313E211053EA0086BBEE /* 4.1.lamp.fs */ = {isa = PBXFileReference; fileEncoding = 4; lastKnownFileType = sourcecode.glsl; path = 4.1.lamp.fs; sourceTree = "<group>"; };
		3E15313F211053EA0086BBEE /* 4.1.lamp.vs */ = {isa = PBXFileReference; fileEncoding = 4; lastKnownFileType = sourcecode.glsl; path = 4.1.lamp.vs; sourceTree = "<group>"; };
/* End PBXFileReference section */

/* Begin PBXFrameworksBuildPhase section */
		3E1530DA210EF56B0086BBEE /* Frameworks */ = {
			isa = PBXFrameworksBuildPhase;
			buildActionMask = 2147483647;
			files = (
				3E1530E9210EF5CA0086BBEE /* OpenGL.framework in Frameworks */,
				3E1530EB210EF5E00086BBEE /* libGLEW.dylib in Frameworks */,
				3E1530ED210EF5E40086BBEE /* libglfw.dylib in Frameworks */,
			);
			runOnlyForDeploymentPostprocessing = 0;
		};
		3E1530F1210F096B0086BBEE /* Frameworks */ = {
			isa = PBXFrameworksBuildPhase;
			buildActionMask = 2147483647;
			files = (
				3E1530FB210F09750086BBEE /* OpenGL.framework in Frameworks */,
				3E1530FC210F09810086BBEE /* libGLEW.dylib in Frameworks */,
				3E1530FD210F09840086BBEE /* libglfw.dylib in Frameworks */,
			);
			runOnlyForDeploymentPostprocessing = 0;
		};
		3E153105210F3D3B0086BBEE /* Frameworks */ = {
			isa = PBXFrameworksBuildPhase;
			buildActionMask = 2147483647;
			files = (
				3E15310F210F3D530086BBEE /* OpenGL.framework in Frameworks */,
				3E153110210F3D6A0086BBEE /* libGLEW.dylib in Frameworks */,
				3E153111210F3D6D0086BBEE /* libglfw.dylib in Frameworks */,
			);
			runOnlyForDeploymentPostprocessing = 0;
		};
		3E1531192110371F0086BBEE /* Frameworks */ = {
			isa = PBXFrameworksBuildPhase;
			buildActionMask = 2147483647;
			files = (
				3E1531232110372D0086BBEE /* OpenGL.framework in Frameworks */,
				3E153124211037360086BBEE /* libGLEW.dylib in Frameworks */,
				3E1531252110373A0086BBEE /* libglfw.dylib in Frameworks */,
			);
			runOnlyForDeploymentPostprocessing = 0;
		};
		3E15312D211052030086BBEE /* Frameworks */ = {
			isa = PBXFrameworksBuildPhase;
			buildActionMask = 2147483647;
			files = (
				3E1531372110522A0086BBEE /* OpenGL.framework in Frameworks */,
				3E15313A2110524A0086BBEE /* libGLEW.dylib in Frameworks */,
				3E15313B2110524F0086BBEE /* libglfw.dylib in Frameworks */,
			);
			runOnlyForDeploymentPostprocessing = 0;
		};
/* End PBXFrameworksBuildPhase section */

/* Begin PBXGroup section */
		3E1530D4210EF56B0086BBEE = {
			isa = PBXGroup;
			children = (
				3E1530DF210EF56B0086BBEE /* Learning_OpenGL */,
				3E1530F5210F096B0086BBEE /* Light_Color */,
				3E153109210F3D3B0086BBEE /* Base_Light */,
				3E15311D2110371F0086BBEE /* Material */,
				3E153131211052040086BBEE /* LightMapping */,
				3E1530DE210EF56B0086BBEE /* Products */,
				3E1530E7210EF5CA0086BBEE /* Frameworks */,
			);
			sourceTree = "<group>";
		};
		3E1530DE210EF56B0086BBEE /* Products */ = {
			isa = PBXGroup;
			children = (
				3E1530DD210EF56B0086BBEE /* Learning_OpenGL */,
				3E1530F4210F096B0086BBEE /* Light_Color */,
				3E153108210F3D3B0086BBEE /* Base_Light */,
				3E15311C2110371F0086BBEE /* Material */,
				3E153130211052030086BBEE /* LightMapping */,
			);
			name = Products;
			sourceTree = "<group>";
		};
		3E1530DF210EF56B0086BBEE /* Learning_OpenGL */ = {
			isa = PBXGroup;
			children = (
				3E1530EE210EF5F20086BBEE /* glad.c */,
				3E1530E0210EF56B0086BBEE /* main.cpp */,
			);
			path = Learning_OpenGL;
			sourceTree = "<group>";
		};
		3E1530E7210EF5CA0086BBEE /* Frameworks */ = {
			isa = PBXGroup;
			children = (
				3E1530EC210EF5E30086BBEE /* libglfw.dylib */,
				3E1530EA210EF5E00086BBEE /* libGLEW.dylib */,
				3E1530E8210EF5CA0086BBEE /* OpenGL.framework */,
			);
			name = Frameworks;
			sourceTree = "<group>";
		};
		3E1530F5210F096B0086BBEE /* Light_Color */ = {
			isa = PBXGroup;
			children = (
				3E153100210F0A000086BBEE /* 1.colors.fs */,
				3E1530FF210F0A000086BBEE /* 1.colors.vs */,
				3E1530FE210F09FF0086BBEE /* 1.lamp.fs */,
				3E153101210F0A000086BBEE /* 1.lamp.vs */,
				3E153102210F0B070086BBEE /* glad.c */,
				3E1530F6210F096B0086BBEE /* main.cpp */,
			);
			path = Light_Color;
			sourceTree = "<group>";
		};
		3E153109210F3D3B0086BBEE /* Base_Light */ = {
			isa = PBXGroup;
			children = (
				3E153116210F3E8A0086BBEE /* 2.1.basic_lighting.fs */,
				3E153117210F3E8A0086BBEE /* 2.1.basic_lighting.vs */,
				3E153115210F3E8A0086BBEE /* 2.1.lamp.fs */,
				3E153114210F3E8A0086BBEE /* 2.1.lamp.vs */,
				3E153112210F3DB60086BBEE /* glad.c */,
				3E15310A210F3D3B0086BBEE /* main.cpp */,
			);
			path = Base_Light;
			sourceTree = "<group>";
		};
		3E15311D2110371F0086BBEE /* Material */ = {
			isa = PBXGroup;
			children = (
				3E153128211038380086BBEE /* 3.1.lamp.fs */,
				3E153129211038380086BBEE /* 3.1.lamp.vs */,
				3E15312A211038380086BBEE /* 3.1.materials.fs */,
				3E15312B211038380086BBEE /* 3.1.materials.vs */,
				3E153126211037460086BBEE /* glad.c */,
				3E15311E2110371F0086BBEE /* main.cpp */,
			);
			path = Material;
			sourceTree = "<group>";
		};
		3E153131211052040086BBEE /* LightMapping */ = {
			isa = PBXGroup;
			children = (
				3E15313E211053EA0086BBEE /* 4.1.lamp.fs */,
				3E15313F211053EA0086BBEE /* 4.1.lamp.vs */,
				3E15313D211053EA0086BBEE /* 4.1.lighting_maps.fs */,
				3E15313C211053EA0086BBEE /* 4.1.lighting_maps.vs */,
				3E1531382110523F0086BBEE /* glad.c */,
				3E153132211052040086BBEE /* main.cpp */,
			);
			path = LightMapping;
			sourceTree = "<group>";
		};
/* End PBXGroup section */

/* Begin PBXNativeTarget section */
		3E1530DC210EF56B0086BBEE /* Learning_OpenGL */ = {
			isa = PBXNativeTarget;
			buildConfigurationList = 3E1530E4210EF56B0086BBEE /* Build configuration list for PBXNativeTarget "Learning_OpenGL" */;
			buildPhases = (
				3E1530D9210EF56B0086BBEE /* Sources */,
				3E1530DA210EF56B0086BBEE /* Frameworks */,
				3E1530DB210EF56B0086BBEE /* CopyFiles */,
			);
			buildRules = (
			);
			dependencies = (
			);
			name = Learning_OpenGL;
			productName = Learning_OpenGL;
			productReference = 3E1530DD210EF56B0086BBEE /* Learning_OpenGL */;
			productType = "com.apple.product-type.tool";
		};
		3E1530F3210F096B0086BBEE /* Light_Color */ = {
			isa = PBXNativeTarget;
			buildConfigurationList = 3E1530F8210F096B0086BBEE /* Build configuration list for PBXNativeTarget "Light_Color" */;
			buildPhases = (
				3E1530F0210F096B0086BBEE /* Sources */,
				3E1530F1210F096B0086BBEE /* Frameworks */,
				3E1530F2210F096B0086BBEE /* CopyFiles */,
			);
			buildRules = (
			);
			dependencies = (
			);
			name = Light_Color;
			productName = Light_Color;
			productReference = 3E1530F4210F096B0086BBEE /* Light_Color */;
			productType = "com.apple.product-type.tool";
		};
		3E153107210F3D3B0086BBEE /* Base_Light */ = {
			isa = PBXNativeTarget;
			buildConfigurationList = 3E15310C210F3D3B0086BBEE /* Build configuration list for PBXNativeTarget "Base_Light" */;
			buildPhases = (
				3E153104210F3D3B0086BBEE /* Sources */,
				3E153105210F3D3B0086BBEE /* Frameworks */,
				3E153106210F3D3B0086BBEE /* CopyFiles */,
			);
			buildRules = (
			);
			dependencies = (
			);
			name = Base_Light;
			productName = Base_Light;
			productReference = 3E153108210F3D3B0086BBEE /* Base_Light */;
			productType = "com.apple.product-type.tool";
		};
		3E15311B2110371F0086BBEE /* Material */ = {
			isa = PBXNativeTarget;
			buildConfigurationList = 3E1531202110371F0086BBEE /* Build configuration list for PBXNativeTarget "Material" */;
			buildPhases = (
				3E1531182110371F0086BBEE /* Sources */,
				3E1531192110371F0086BBEE /* Frameworks */,
				3E15311A2110371F0086BBEE /* CopyFiles */,
			);
			buildRules = (
			);
			dependencies = (
			);
			name = Material;
			productName = Material;
			productReference = 3E15311C2110371F0086BBEE /* Material */;
			productType = "com.apple.product-type.tool";
		};
		3E15312F211052030086BBEE /* LightMapping */ = {
			isa = PBXNativeTarget;
			buildConfigurationList = 3E153134211052040086BBEE /* Build configuration list for PBXNativeTarget "LightMapping" */;
			buildPhases = (
				3E15312C211052030086BBEE /* Sources */,
				3E15312D211052030086BBEE /* Frameworks */,
				3E15312E211052030086BBEE /* CopyFiles */,
			);
			buildRules = (
			);
			dependencies = (
			);
			name = LightMapping;
			productName = LightMapping;
			productReference = 3E153130211052030086BBEE /* LightMapping */;
			productType = "com.apple.product-type.tool";
		};
/* End PBXNativeTarget section */

/* Begin PBXProject section */
		3E1530D5210EF56B0086BBEE /* Project object */ = {
			isa = PBXProject;
			attributes = {
				LastUpgradeCheck = 0940;
				ORGANIZATIONNAME = boone;
				TargetAttributes = {
					3E1530DC210EF56B0086BBEE = {
						CreatedOnToolsVersion = 9.4.1;
					};
					3E1530F3210F096B0086BBEE = {
						CreatedOnToolsVersion = 9.4.1;
					};
					3E153107210F3D3B0086BBEE = {
						CreatedOnToolsVersion = 9.4.1;
					};
					3E15311B2110371F0086BBEE = {
						CreatedOnToolsVersion = 9.4.1;
					};
					3E15312F211052030086BBEE = {
						CreatedOnToolsVersion = 9.4.1;
					};
				};
			};
			buildConfigurationList = 3E1530D8210EF56B0086BBEE /* Build configuration list for PBXProject "Learning_OpenGL" */;
			compatibilityVersion = "Xcode 9.3";
			developmentRegion = en;
			hasScannedForEncodings = 0;
			knownRegions = (
				en,
			);
			mainGroup = 3E1530D4210EF56B0086BBEE;
			productRefGroup = 3E1530DE210EF56B0086BBEE /* Products */;
			projectDirPath = "";
			projectRoot = "";
			targets = (
				3E1530DC210EF56B0086BBEE /* Learning_OpenGL */,
				3E1530F3210F096B0086BBEE /* Light_Color */,
				3E153107210F3D3B0086BBEE /* Base_Light */,
				3E15311B2110371F0086BBEE /* Material */,
				3E15312F211052030086BBEE /* LightMapping */,
			);
		};
/* End PBXProject section */

/* Begin PBXSourcesBuildPhase section */
		3E1530D9210EF56B0086BBEE /* Sources */ = {
			isa = PBXSourcesBuildPhase;
			buildActionMask = 2147483647;
			files = (
				3E1530E1210EF56B0086BBEE /* main.cpp in Sources */,
				3E1530EF210EF5F20086BBEE /* glad.c in Sources */,
			);
			runOnlyForDeploymentPostprocessing = 0;
		};
		3E1530F0210F096B0086BBEE /* Sources */ = {
			isa = PBXSourcesBuildPhase;
			buildActionMask = 2147483647;
			files = (
				3E1530F7210F096B0086BBEE /* main.cpp in Sources */,
				3E153103210F0B070086BBEE /* glad.c in Sources */,
			);
			runOnlyForDeploymentPostprocessing = 0;
		};
		3E153104210F3D3B0086BBEE /* Sources */ = {
			isa = PBXSourcesBuildPhase;
			buildActionMask = 2147483647;
			files = (
				3E15310B210F3D3B0086BBEE /* main.cpp in Sources */,
				3E153113210F3DB60086BBEE /* glad.c in Sources */,
			);
			runOnlyForDeploymentPostprocessing = 0;
		};
		3E1531182110371F0086BBEE /* Sources */ = {
			isa = PBXSourcesBuildPhase;
			buildActionMask = 2147483647;
			files = (
				3E15311F2110371F0086BBEE /* main.cpp in Sources */,
				3E153127211037460086BBEE /* glad.c in Sources */,
			);
			runOnlyForDeploymentPostprocessing = 0;
		};
		3E15312C211052030086BBEE /* Sources */ = {
			isa = PBXSourcesBuildPhase;
			buildActionMask = 2147483647;
			files = (
				3E153133211052040086BBEE /* main.cpp in Sources */,
				3E153139211052400086BBEE /* glad.c in Sources */,
			);
			runOnlyForDeploymentPostprocessing = 0;
		};
/* End PBXSourcesBuildPhase section */

/* Begin XCBuildConfiguration section */
		3E1530E2210EF56B0086BBEE /* Debug */ = {
			isa = XCBuildConfiguration;
			buildSettings = {
				ALWAYS_SEARCH_USER_PATHS = NO;
				CLANG_ANALYZER_NONNULL = YES;
				CLANG_ANALYZER_NUMBER_OBJECT_CONVERSION = YES_AGGRESSIVE;
				CLANG_CXX_LANGUAGE_STANDARD = "gnu++14";
				CLANG_CXX_LIBRARY = "libc++";
				CLANG_ENABLE_MODULES = YES;
				CLANG_ENABLE_OBJC_ARC = YES;
				CLANG_ENABLE_OBJC_WEAK = YES;
				CLANG_WARN_BLOCK_CAPTURE_AUTORELEASING = YES;
				CLANG_WARN_BOOL_CONVERSION = YES;
				CLANG_WARN_COMMA = YES;
				CLANG_WARN_CONSTANT_CONVERSION = YES;
				CLANG_WARN_DEPRECATED_OBJC_IMPLEMENTATIONS = YES;
				CLANG_WARN_DIRECT_OBJC_ISA_USAGE = YES_ERROR;
				CLANG_WARN_DOCUMENTATION_COMMENTS = YES;
				CLANG_WARN_EMPTY_BODY = YES;
				CLANG_WARN_ENUM_CONVERSION = YES;
				CLANG_WARN_INFINITE_RECURSION = YES;
				CLANG_WARN_INT_CONVERSION = YES;
				CLANG_WARN_NON_LITERAL_NULL_CONVERSION = YES;
				CLANG_WARN_OBJC_IMPLICIT_RETAIN_SELF = YES;
				CLANG_WARN_OBJC_LITERAL_CONVERSION = YES;
				CLANG_WARN_OBJC_ROOT_CLASS = YES_ERROR;
				CLANG_WARN_RANGE_LOOP_ANALYSIS = YES;
				CLANG_WARN_STRICT_PROTOTYPES = YES;
				CLANG_WARN_SUSPICIOUS_MOVE = YES;
				CLANG_WARN_UNGUARDED_AVAILABILITY = YES_AGGRESSIVE;
				CLANG_WARN_UNREACHABLE_CODE = YES;
				CLANG_WARN__DUPLICATE_METHOD_MATCH = YES;
				CODE_SIGN_IDENTITY = "-";
				COPY_PHASE_STRIP = NO;
				DEBUG_INFORMATION_FORMAT = dwarf;
				ENABLE_STRICT_OBJC_MSGSEND = YES;
				ENABLE_TESTABILITY = YES;
				GCC_C_LANGUAGE_STANDARD = gnu11;
				GCC_DYNAMIC_NO_PIC = NO;
				GCC_NO_COMMON_BLOCKS = YES;
				GCC_OPTIMIZATION_LEVEL = 0;
				GCC_PREPROCESSOR_DEFINITIONS = (
					"DEBUG=1",
					"$(inherited)",
				);
				GCC_WARN_64_TO_32_BIT_CONVERSION = YES;
				GCC_WARN_ABOUT_RETURN_TYPE = YES_ERROR;
				GCC_WARN_UNDECLARED_SELECTOR = YES;
				GCC_WARN_UNINITIALIZED_AUTOS = YES_AGGRESSIVE;
				GCC_WARN_UNUSED_FUNCTION = YES;
				GCC_WARN_UNUSED_VARIABLE = YES;
				MACOSX_DEPLOYMENT_TARGET = 10.13;
				MTL_ENABLE_DEBUG_INFO = YES;
				ONLY_ACTIVE_ARCH = YES;
				SDKROOT = macosx;
			};
			name = Debug;
		};
		3E1530E3210EF56B0086BBEE /* Release */ = {
			isa = XCBuildConfiguration;
			buildSettings = {
				ALWAYS_SEARCH_USER_PATHS = NO;
				CLANG_ANALYZER_NONNULL = YES;
				CLANG_ANALYZER_NUMBER_OBJECT_CONVERSION = YES_AGGRESSIVE;
				CLANG_CXX_LANGUAGE_STANDARD = "gnu++14";
				CLANG_CXX_LIBRARY = "libc++";
				CLANG_ENABLE_MODULES = YES;
				CLANG_ENABLE_OBJC_ARC = YES;
				CLANG_ENABLE_OBJC_WEAK = YES;
				CLANG_WARN_BLOCK_CAPTURE_AUTORELEASING = YES;
				CLANG_WARN_BOOL_CONVERSION = YES;
				CLANG_WARN_COMMA = YES;
				CLANG_WARN_CONSTANT_CONVERSION = YES;
				CLANG_WARN_DEPRECATED_OBJC_IMPLEMENTATIONS = YES;
				CLANG_WARN_DIRECT_OBJC_ISA_USAGE = YES_ERROR;
				CLANG_WARN_DOCUMENTATION_COMMENTS = YES;
				CLANG_WARN_EMPTY_BODY = YES;
				CLANG_WARN_ENUM_CONVERSION = YES;
				CLANG_WARN_INFINITE_RECURSION = YES;
				CLANG_WARN_INT_CONVERSION = YES;
				CLANG_WARN_NON_LITERAL_NULL_CONVERSION = YES;
				CLANG_WARN_OBJC_IMPLICIT_RETAIN_SELF = YES;
				CLANG_WARN_OBJC_LITERAL_CONVERSION = YES;
				CLANG_WARN_OBJC_ROOT_CLASS = YES_ERROR;
				CLANG_WARN_RANGE_LOOP_ANALYSIS = YES;
				CLANG_WARN_STRICT_PROTOTYPES = YES;
				CLANG_WARN_SUSPICIOUS_MOVE = YES;
				CLANG_WARN_UNGUARDED_AVAILABILITY = YES_AGGRESSIVE;
				CLANG_WARN_UNREACHABLE_CODE = YES;
				CLANG_WARN__DUPLICATE_METHOD_MATCH = YES;
				CODE_SIGN_IDENTITY = "-";
				COPY_PHASE_STRIP = NO;
				DEBUG_INFORMATION_FORMAT = "dwarf-with-dsym";
				ENABLE_NS_ASSERTIONS = NO;
				ENABLE_STRICT_OBJC_MSGSEND = YES;
				GCC_C_LANGUAGE_STANDARD = gnu11;
				GCC_NO_COMMON_BLOCKS = YES;
				GCC_WARN_64_TO_32_BIT_CONVERSION = YES;
				GCC_WARN_ABOUT_RETURN_TYPE = YES_ERROR;
				GCC_WARN_UNDECLARED_SELECTOR = YES;
				GCC_WARN_UNINITIALIZED_AUTOS = YES_AGGRESSIVE;
				GCC_WARN_UNUSED_FUNCTION = YES;
				GCC_WARN_UNUSED_VARIABLE = YES;
				MACOSX_DEPLOYMENT_TARGET = 10.13;
				MTL_ENABLE_DEBUG_INFO = NO;
				SDKROOT = macosx;
			};
			name = Release;
		};
		3E1530E5210EF56B0086BBEE /* Debug */ = {
			isa = XCBuildConfiguration;
			buildSettings = {
				CODE_SIGN_STYLE = Automatic;
				HEADER_SEARCH_PATHS = /usr/local/include;
				LIBRARY_SEARCH_PATHS = /usr/local/lib;
				PRODUCT_NAME = "$(TARGET_NAME)";
			};
			name = Debug;
		};
		3E1530E6210EF56B0086BBEE /* Release */ = {
			isa = XCBuildConfiguration;
			buildSettings = {
				CODE_SIGN_STYLE = Automatic;
				HEADER_SEARCH_PATHS = /usr/local/include;
				LIBRARY_SEARCH_PATHS = /usr/local/lib;
				PRODUCT_NAME = "$(TARGET_NAME)";
			};
			name = Release;
		};
		3E1530F9210F096B0086BBEE /* Debug */ = {
			isa = XCBuildConfiguration;
			buildSettings = {
				CODE_SIGN_STYLE = Automatic;
				HEADER_SEARCH_PATHS = /usr/local/include;
				LIBRARY_SEARCH_PATHS = /usr/local/lib;
				PRODUCT_NAME = "$(TARGET_NAME)";
			};
			name = Debug;
		};
		3E1530FA210F096B0086BBEE /* Release */ = {
			isa = XCBuildConfiguration;
			buildSettings = {
				CODE_SIGN_STYLE = Automatic;
				HEADER_SEARCH_PATHS = /usr/local/include;
				LIBRARY_SEARCH_PATHS = /usr/local/lib;
				PRODUCT_NAME = "$(TARGET_NAME)";
			};
			name = Release;
		};
		3E15310D210F3D3B0086BBEE /* Debug */ = {
			isa = XCBuildConfiguration;
			buildSettings = {
				CODE_SIGN_STYLE = Automatic;
				HEADER_SEARCH_PATHS = /usr/local/include;
				LIBRARY_SEARCH_PATHS = /usr/local/lib;
				PRODUCT_NAME = "$(TARGET_NAME)";
			};
			name = Debug;
		};
		3E15310E210F3D3B0086BBEE /* Release */ = {
			isa = XCBuildConfiguration;
			buildSettings = {
				CODE_SIGN_STYLE = Automatic;
				HEADER_SEARCH_PATHS = /usr/local/include;
				LIBRARY_SEARCH_PATHS = /usr/local/lib;
				PRODUCT_NAME = "$(TARGET_NAME)";
			};
			name = Release;
		};
		3E1531212110371F0086BBEE /* Debug */ = {
			isa = XCBuildConfiguration;
			buildSettings = {
				CODE_SIGN_STYLE = Automatic;
				HEADER_SEARCH_PATHS = /usr/local/include;
				LIBRARY_SEARCH_PATHS = /usr/local/lib;
				PRODUCT_NAME = "$(TARGET_NAME)";
			};
			name = Debug;
		};
		3E1531222110371F0086BBEE /* Release */ = {
			isa = XCBuildConfiguration;
			buildSettings = {
				CODE_SIGN_STYLE = Automatic;
				HEADER_SEARCH_PATHS = /usr/local/include;
				LIBRARY_SEARCH_PATHS = /usr/local/lib;
				PRODUCT_NAME = "$(TARGET_NAME)";
			};
			name = Release;
		};
		3E153135211052040086BBEE /* Debug */ = {
			isa = XCBuildConfiguration;
			buildSettings = {
				CODE_SIGN_STYLE = Automatic;
				HEADER_SEARCH_PATHS = /usr/local/include;
				LIBRARY_SEARCH_PATHS = /usr/local/lib;
				PRODUCT_NAME = "$(TARGET_NAME)";
			};
			name = Debug;
		};
		3E153136211052040086BBEE /* Release */ = {
			isa = XCBuildConfiguration;
			buildSettings = {
				CODE_SIGN_STYLE = Automatic;
				HEADER_SEARCH_PATHS = /usr/local/include;
				LIBRARY_SEARCH_PATHS = /usr/local/lib;
				PRODUCT_NAME = "$(TARGET_NAME)";
			};
			name = Release;
		};
/* End XCBuildConfiguration section */

/* Begin XCConfigurationList section */
		3E1530D8210EF56B0086BBEE /* Build configuration list for PBXProject "Learning_OpenGL" */ = {
			isa = XCConfigurationList;
			buildConfigurations = (
				3E1530E2210EF56B0086BBEE /* Debug */,
				3E1530E3210EF56B0086BBEE /* Release */,
			);
			defaultConfigurationIsVisible = 0;
			defaultConfigurationName = Release;
		};
		3E1530E4210EF56B0086BBEE /* Build configuration list for PBXNativeTarget "Learning_OpenGL" */ = {
			isa = XCConfigurationList;
			buildConfigurations = (
				3E1530E5210EF56B0086BBEE /* Debug */,
				3E1530E6210EF56B0086BBEE /* Release */,
			);
			defaultConfigurationIsVisible = 0;
			defaultConfigurationName = Release;
		};
		3E1530F8210F096B0086BBEE /* Build configuration list for PBXNativeTarget "Light_Color" */ = {
			isa = XCConfigurationList;
			buildConfigurations = (
				3E1530F9210F096B0086BBEE /* Debug */,
				3E1530FA210F096B0086BBEE /* Release */,
			);
			defaultConfigurationIsVisible = 0;
			defaultConfigurationName = Release;
		};
		3E15310C210F3D3B0086BBEE /* Build configuration list for PBXNativeTarget "Base_Light" */ = {
			isa = XCConfigurationList;
			buildConfigurations = (
				3E15310D210F3D3B0086BBEE /* Debug */,
				3E15310E210F3D3B0086BBEE /* Release */,
			);
			defaultConfigurationIsVisible = 0;
			defaultConfigurationName = Release;
		};
		3E1531202110371F0086BBEE /* Build configuration list for PBXNativeTarget "Material" */ = {
			isa = XCConfigurationList;
			buildConfigurations = (
				3E1531212110371F0086BBEE /* Debug */,
				3E1531222110371F0086BBEE /* Release */,
			);
			defaultConfigurationIsVisible = 0;
			defaultConfigurationName = Release;
		};
		3E153134211052040086BBEE /* Build configuration list for PBXNativeTarget "LightMapping" */ = {
			isa = XCConfigurationList;
			buildConfigurations = (
				3E153135211052040086BBEE /* Debug */,
				3E153136211052040086BBEE /* Release */,
			);
			defaultConfigurationIsVisible = 0;
			defaultConfigurationName = Release;
		};
/* End XCConfigurationList section */
	};
	rootObject = 3E1530D5210EF56B0086BBEE /* Project object */;
}
