// !$*UTF8*$!
{
	archiveVersion = 1;
	classes = {
	};
	objectVersion = 50;
	objects = {

/* Begin PBXBuildFile section */
		3E0E5FC821352125002B77EB /* main.cpp in Sources */ = {isa = PBXBuildFile; fileRef = 3E0E5FC721352125002B77EB /* main.cpp */; };
		3E0E5FCC21352136002B77EB /* OpenGL.framework in Frameworks */ = {isa = PBXBuildFile; fileRef = 3E1530E8210EF5CA0086BBEE /* OpenGL.framework */; };
		3E0E5FCD21352144002B77EB /* libGLEW.dylib in Frameworks */ = {isa = PBXBuildFile; fileRef = 3E1530EA210EF5E00086BBEE /* libGLEW.dylib */; };
		3E0E5FCE21352144002B77EB /* libglfw.dylib in Frameworks */ = {isa = PBXBuildFile; fileRef = 3E1530EC210EF5E30086BBEE /* libglfw.dylib */; };
		3E0E5FD02135218E002B77EB /* glad.c in Sources */ = {isa = PBXBuildFile; fileRef = 3E0E5FCF2135218E002B77EB /* glad.c */; };
		3E1530E1210EF56B0086BBEE /* main.cpp in Sources */ = {isa = PBXBuildFile; fileRef = 3E1530E0210EF56B0086BBEE /* main.cpp */; };
		3E1530E9210EF5CA0086BBEE /* OpenGL.framework in Frameworks */ = {isa = PBXBuildFile; fileRef = 3E1530E8210EF5CA0086BBEE /* OpenGL.framework */; };
		3E1530EB210EF5E00086BBEE /* libGLEW.dylib in Frameworks */ = {isa = PBXBuildFile; fileRef = 3E1530EA210EF5E00086BBEE /* libGLEW.dylib */; };
		3E1530ED210EF5E40086BBEE /* libglfw.dylib in Frameworks */ = {isa = PBXBuildFile; fileRef = 3E1530EC210EF5E30086BBEE /* libglfw.dylib */; };
		3E1530EF210EF5F20086BBEE /* glad.c in Sources */ = {isa = PBXBuildFile; fileRef = 3E1530EE210EF5F20086BBEE /* glad.c */; };
		3E1530F7210F096B0086BBEE /* main.cpp in Sources */ = {isa = PBXBuildFile; fileRef = 3E1530F6210F096B0086BBEE /* main.cpp */; };
		3E1530FB210F09750086BBEE /* OpenGL.framework in Frameworks */ = {isa = PBXBuildFile; fileRef = 3E1530E8210EF5CA0086BBEE /* OpenGL.framework */; };
		3E1530FC210F09810086BBEE /* libGLEW.dylib in Frameworks */ = {isa = PBXBuildFile; fileRef = 3E1530EA210EF5E00086BBEE /* libGLEW.dylib */; };
		3E1530FD210F09840086BBEE /* libglfw.dylib in Frameworks */ = {isa = PBXBuildFile; fileRef = 3E1530EC210EF5E30086BBEE /* libglfw.dylib */; };
		3E153103210F0B070086BBEE /* glad.c in Sources */ = {isa = PBXBuildFile; fileRef = 3E153102210F0B070086BBEE /* glad.c */; };
		3E15310B210F3D3B0086BBEE /* main.cpp in Sources */ = {isa = PBXBuildFile; fileRef = 3E15310A210F3D3B0086BBEE /* main.cpp */; };
		3E15310F210F3D530086BBEE /* OpenGL.framework in Frameworks */ = {isa = PBXBuildFile; fileRef = 3E1530E8210EF5CA0086BBEE /* OpenGL.framework */; };
		3E153110210F3D6A0086BBEE /* libGLEW.dylib in Frameworks */ = {isa = PBXBuildFile; fileRef = 3E1530EA210EF5E00086BBEE /* libGLEW.dylib */; };
		3E153111210F3D6D0086BBEE /* libglfw.dylib in Frameworks */ = {isa = PBXBuildFile; fileRef = 3E1530EC210EF5E30086BBEE /* libglfw.dylib */; };
		3E153113210F3DB60086BBEE /* glad.c in Sources */ = {isa = PBXBuildFile; fileRef = 3E153112210F3DB60086BBEE /* glad.c */; };
		3E15311F2110371F0086BBEE /* main.cpp in Sources */ = {isa = PBXBuildFile; fileRef = 3E15311E2110371F0086BBEE /* main.cpp */; };
		3E1531232110372D0086BBEE /* OpenGL.framework in Frameworks */ = {isa = PBXBuildFile; fileRef = 3E1530E8210EF5CA0086BBEE /* OpenGL.framework */; };
		3E153124211037360086BBEE /* libGLEW.dylib in Frameworks */ = {isa = PBXBuildFile; fileRef = 3E1530EA210EF5E00086BBEE /* libGLEW.dylib */; };
		3E1531252110373A0086BBEE /* libglfw.dylib in Frameworks */ = {isa = PBXBuildFile; fileRef = 3E1530EC210EF5E30086BBEE /* libglfw.dylib */; };
		3E153127211037460086BBEE /* glad.c in Sources */ = {isa = PBXBuildFile; fileRef = 3E153126211037460086BBEE /* glad.c */; };
		3E153133211052040086BBEE /* main.cpp in Sources */ = {isa = PBXBuildFile; fileRef = 3E153132211052040086BBEE /* main.cpp */; };
		3E1531372110522A0086BBEE /* OpenGL.framework in Frameworks */ = {isa = PBXBuildFile; fileRef = 3E1530E8210EF5CA0086BBEE /* OpenGL.framework */; };
		3E153139211052400086BBEE /* glad.c in Sources */ = {isa = PBXBuildFile; fileRef = 3E1531382110523F0086BBEE /* glad.c */; };
		3E15313A2110524A0086BBEE /* libGLEW.dylib in Frameworks */ = {isa = PBXBuildFile; fileRef = 3E1530EA210EF5E00086BBEE /* libGLEW.dylib */; };
		3E15313B2110524F0086BBEE /* libglfw.dylib in Frameworks */ = {isa = PBXBuildFile; fileRef = 3E1530EC210EF5E30086BBEE /* libglfw.dylib */; };
		3E15316D21119DD90086BBEE /* main.cpp in Sources */ = {isa = PBXBuildFile; fileRef = 3E15316C21119DD90086BBEE /* main.cpp */; };
		3E15317121119DE60086BBEE /* OpenGL.framework in Frameworks */ = {isa = PBXBuildFile; fileRef = 3E1530E8210EF5CA0086BBEE /* OpenGL.framework */; };
		3E15317221119DF30086BBEE /* libGLEW.dylib in Frameworks */ = {isa = PBXBuildFile; fileRef = 3E1530EA210EF5E00086BBEE /* libGLEW.dylib */; };
		3E15317321119DF60086BBEE /* libglfw.dylib in Frameworks */ = {isa = PBXBuildFile; fileRef = 3E1530EC210EF5E30086BBEE /* libglfw.dylib */; };
		3E15317521119E110086BBEE /* glad.c in Sources */ = {isa = PBXBuildFile; fileRef = 3E15317421119E110086BBEE /* glad.c */; };
		3E15318121129CBB0086BBEE /* main.cpp in Sources */ = {isa = PBXBuildFile; fileRef = 3E15318021129CBB0086BBEE /* main.cpp */; };
		3E15318521129CCA0086BBEE /* OpenGL.framework in Frameworks */ = {isa = PBXBuildFile; fileRef = 3E1530E8210EF5CA0086BBEE /* OpenGL.framework */; };
		3E15318621129CE00086BBEE /* libGLEW.dylib in Frameworks */ = {isa = PBXBuildFile; fileRef = 3E1530EA210EF5E00086BBEE /* libGLEW.dylib */; };
		3E15318721129CE50086BBEE /* libglfw.dylib in Frameworks */ = {isa = PBXBuildFile; fileRef = 3E1530EC210EF5E30086BBEE /* libglfw.dylib */; };
		3E15318921129D1F0086BBEE /* glad.c in Sources */ = {isa = PBXBuildFile; fileRef = 3E15318821129D1F0086BBEE /* glad.c */; };
		3E1531B12113E6C50086BBEE /* main.cpp in Sources */ = {isa = PBXBuildFile; fileRef = 3E1531B02113E6C50086BBEE /* main.cpp */; };
		3E1531B52113E6D30086BBEE /* OpenGL.framework in Frameworks */ = {isa = PBXBuildFile; fileRef = 3E1530E8210EF5CA0086BBEE /* OpenGL.framework */; };
		3E1531B62113E6E10086BBEE /* libGLEW.dylib in Frameworks */ = {isa = PBXBuildFile; fileRef = 3E1530EA210EF5E00086BBEE /* libGLEW.dylib */; };
		3E1531B72113E6E50086BBEE /* libglfw.dylib in Frameworks */ = {isa = PBXBuildFile; fileRef = 3E1530EC210EF5E30086BBEE /* libglfw.dylib */; };
		3E1531B92113E71F0086BBEE /* glad.c in Sources */ = {isa = PBXBuildFile; fileRef = 3E1531B82113E71F0086BBEE /* glad.c */; };
		3E1531C721143BBC0086BBEE /* main.cpp in Sources */ = {isa = PBXBuildFile; fileRef = 3E1531C621143BBC0086BBEE /* main.cpp */; };
		3E1531CC21143BEF0086BBEE /* libglfw.dylib in Frameworks */ = {isa = PBXBuildFile; fileRef = 3E1530EC210EF5E30086BBEE /* libglfw.dylib */; };
		3E1531CD21143BF10086BBEE /* libGLEW.dylib in Frameworks */ = {isa = PBXBuildFile; fileRef = 3E1530EA210EF5E00086BBEE /* libGLEW.dylib */; };
		3E1531CF21143C2E0086BBEE /* glad.c in Sources */ = {isa = PBXBuildFile; fileRef = 3E1531CE21143C2E0086BBEE /* glad.c */; };
		3E1531D82114416F0086BBEE /* OpenGL.framework in Frameworks */ = {isa = PBXBuildFile; fileRef = 3E1530E8210EF5CA0086BBEE /* OpenGL.framework */; };
		3E1531E0211452250086BBEE /* main.cpp in Sources */ = {isa = PBXBuildFile; fileRef = 3E1531DF211452250086BBEE /* main.cpp */; };
		3E1531E42114525C0086BBEE /* OpenGL.framework in Frameworks */ = {isa = PBXBuildFile; fileRef = 3E1530E8210EF5CA0086BBEE /* OpenGL.framework */; };
		3E1531E5211452650086BBEE /* libGLEW.dylib in Frameworks */ = {isa = PBXBuildFile; fileRef = 3E1530EA210EF5E00086BBEE /* libGLEW.dylib */; };
		3E1531E6211452820086BBEE /* libglfw.dylib in Frameworks */ = {isa = PBXBuildFile; fileRef = 3E1530EC210EF5E30086BBEE /* libglfw.dylib */; };
		3E1531E8211452B80086BBEE /* glad.c in Sources */ = {isa = PBXBuildFile; fileRef = 3E1531E7211452B80086BBEE /* glad.c */; };
		3E153224211A929D0086BBEE /* main.cpp in Sources */ = {isa = PBXBuildFile; fileRef = 3E153223211A929D0086BBEE /* main.cpp */; };
		3E153228211A92CA0086BBEE /* OpenGL.framework in Frameworks */ = {isa = PBXBuildFile; fileRef = 3E1530E8210EF5CA0086BBEE /* OpenGL.framework */; };
		3E153229211A92D50086BBEE /* libGLEW.dylib in Frameworks */ = {isa = PBXBuildFile; fileRef = 3E1530EA210EF5E00086BBEE /* libGLEW.dylib */; };
		3E15322A211A92D90086BBEE /* libglfw.dylib in Frameworks */ = {isa = PBXBuildFile; fileRef = 3E1530EC210EF5E30086BBEE /* libglfw.dylib */; };
		3E15322C211A92E30086BBEE /* glad.c in Sources */ = {isa = PBXBuildFile; fileRef = 3E15322B211A92E30086BBEE /* glad.c */; };
		3E17F71A2125715B00FE4332 /* main.cpp in Sources */ = {isa = PBXBuildFile; fileRef = 3E17F7192125715B00FE4332 /* main.cpp */; };
		3E17F71E2125716300FE4332 /* OpenGL.framework in Frameworks */ = {isa = PBXBuildFile; fileRef = 3E1530E8210EF5CA0086BBEE /* OpenGL.framework */; };
		3E17F71F2125719600FE4332 /* libGLEW.dylib in Frameworks */ = {isa = PBXBuildFile; fileRef = 3E1530EA210EF5E00086BBEE /* libGLEW.dylib */; };
		3E17F7202125719600FE4332 /* libglfw.dylib in Frameworks */ = {isa = PBXBuildFile; fileRef = 3E1530EC210EF5E30086BBEE /* libglfw.dylib */; };
		3E17F722212571D200FE4332 /* glad.c in Sources */ = {isa = PBXBuildFile; fileRef = 3E17F721212571D200FE4332 /* glad.c */; };
		3E17F72A2125724C00FE4332 /* main.cpp in Sources */ = {isa = PBXBuildFile; fileRef = 3E17F7292125724C00FE4332 /* main.cpp */; };
		3E17F72E2125726D00FE4332 /* OpenGL.framework in Frameworks */ = {isa = PBXBuildFile; fileRef = 3E1530E8210EF5CA0086BBEE /* OpenGL.framework */; };
		3E17F72F2125727A00FE4332 /* libGLEW.dylib in Frameworks */ = {isa = PBXBuildFile; fileRef = 3E1530EA210EF5E00086BBEE /* libGLEW.dylib */; };
		3E17F7302125727A00FE4332 /* libglfw.dylib in Frameworks */ = {isa = PBXBuildFile; fileRef = 3E1530EC210EF5E30086BBEE /* libglfw.dylib */; };
		3E17F7322125728B00FE4332 /* glad.c in Sources */ = {isa = PBXBuildFile; fileRef = 3E17F7312125728B00FE4332 /* glad.c */; };
		3E4757F621216994000963BA /* main.cpp in Sources */ = {isa = PBXBuildFile; fileRef = 3E4757F521216994000963BA /* main.cpp */; };
		3E476A5221218426000963BA /* libfftw3.a in Frameworks */ = {isa = PBXBuildFile; fileRef = 3E476A5121218426000963BA /* libfftw3.a */; };
		3E476A5421218434000963BA /* libfftw3f.a in Frameworks */ = {isa = PBXBuildFile; fileRef = 3E476A5321218434000963BA /* libfftw3f.a */; };
		3E476A5621218449000963BA /* libfftw3f_threads.a in Frameworks */ = {isa = PBXBuildFile; fileRef = 3E476A5521218449000963BA /* libfftw3f_threads.a */; };
		3E476A582121844F000963BA /* libfftw3_threads.a in Frameworks */ = {isa = PBXBuildFile; fileRef = 3E476A572121844F000963BA /* libfftw3_threads.a */; };
		3E476A5D21218582000963BA /* libfftw3f_threads.a in Frameworks */ = {isa = PBXBuildFile; fileRef = 3E476A5921218582000963BA /* libfftw3f_threads.a */; };
		3E476A5E21218582000963BA /* libfftw3f.a in Frameworks */ = {isa = PBXBuildFile; fileRef = 3E476A5A21218582000963BA /* libfftw3f.a */; };
		3E476A5F21218582000963BA /* libfftw3_threads.a in Frameworks */ = {isa = PBXBuildFile; fileRef = 3E476A5B21218582000963BA /* libfftw3_threads.a */; };
		3E476A6021218582000963BA /* libfftw3.a in Frameworks */ = {isa = PBXBuildFile; fileRef = 3E476A5C21218582000963BA /* libfftw3.a */; };
/* End PBXBuildFile section */

/* Begin PBXCopyFilesBuildPhase section */
		3E0E5FC321352125002B77EB /* CopyFiles */ = {
			isa = PBXCopyFilesBuildPhase;
			buildActionMask = 2147483647;
			dstPath = /usr/share/man/man1/;
			dstSubfolderSpec = 0;
			files = (
			);
			runOnlyForDeploymentPostprocessing = 1;
		};
		3E1530DB210EF56B0086BBEE /* CopyFiles */ = {
			isa = PBXCopyFilesBuildPhase;
			buildActionMask = 2147483647;
			dstPath = /usr/share/man/man1/;
			dstSubfolderSpec = 0;
			files = (
			);
			runOnlyForDeploymentPostprocessing = 1;
		};
		3E1530F2210F096B0086BBEE /* CopyFiles */ = {
			isa = PBXCopyFilesBuildPhase;
			buildActionMask = 2147483647;
			dstPath = /usr/share/man/man1/;
			dstSubfolderSpec = 0;
			files = (
			);
			runOnlyForDeploymentPostprocessing = 1;
		};
		3E153106210F3D3B0086BBEE /* CopyFiles */ = {
			isa = PBXCopyFilesBuildPhase;
			buildActionMask = 2147483647;
			dstPath = /usr/share/man/man1/;
			dstSubfolderSpec = 0;
			files = (
			);
			runOnlyForDeploymentPostprocessing = 1;
		};
		3E15311A2110371F0086BBEE /* CopyFiles */ = {
			isa = PBXCopyFilesBuildPhase;
			buildActionMask = 2147483647;
			dstPath = /usr/share/man/man1/;
			dstSubfolderSpec = 0;
			files = (
			);
			runOnlyForDeploymentPostprocessing = 1;
		};
		3E15312E211052030086BBEE /* CopyFiles */ = {
			isa = PBXCopyFilesBuildPhase;
			buildActionMask = 2147483647;
			dstPath = /usr/share/man/man1/;
			dstSubfolderSpec = 0;
			files = (
			);
			runOnlyForDeploymentPostprocessing = 1;
		};
		3E15316821119DD90086BBEE /* CopyFiles */ = {
			isa = PBXCopyFilesBuildPhase;
			buildActionMask = 2147483647;
			dstPath = /usr/share/man/man1/;
			dstSubfolderSpec = 0;
			files = (
			);
			runOnlyForDeploymentPostprocessing = 1;
		};
		3E15317C21129CBB0086BBEE /* CopyFiles */ = {
			isa = PBXCopyFilesBuildPhase;
			buildActionMask = 2147483647;
			dstPath = /usr/share/man/man1/;
			dstSubfolderSpec = 0;
			files = (
			);
			runOnlyForDeploymentPostprocessing = 1;
		};
		3E1531AC2113E6C50086BBEE /* CopyFiles */ = {
			isa = PBXCopyFilesBuildPhase;
			buildActionMask = 2147483647;
			dstPath = /usr/share/man/man1/;
			dstSubfolderSpec = 0;
			files = (
			);
			runOnlyForDeploymentPostprocessing = 1;
		};
		3E1531C221143BBC0086BBEE /* CopyFiles */ = {
			isa = PBXCopyFilesBuildPhase;
			buildActionMask = 2147483647;
			dstPath = /usr/share/man/man1/;
			dstSubfolderSpec = 0;
			files = (
			);
			runOnlyForDeploymentPostprocessing = 1;
		};
		3E1531DB211452250086BBEE /* CopyFiles */ = {
			isa = PBXCopyFilesBuildPhase;
			buildActionMask = 2147483647;
			dstPath = /usr/share/man/man1/;
			dstSubfolderSpec = 0;
			files = (
			);
			runOnlyForDeploymentPostprocessing = 1;
		};
		3E15321F211A929D0086BBEE /* CopyFiles */ = {
			isa = PBXCopyFilesBuildPhase;
			buildActionMask = 2147483647;
			dstPath = /usr/share/man/man1/;
			dstSubfolderSpec = 0;
			files = (
			);
			runOnlyForDeploymentPostprocessing = 1;
		};
		3E17F7152125715B00FE4332 /* CopyFiles */ = {
			isa = PBXCopyFilesBuildPhase;
			buildActionMask = 2147483647;
			dstPath = /usr/share/man/man1/;
			dstSubfolderSpec = 0;
			files = (
			);
			runOnlyForDeploymentPostprocessing = 1;
		};
		3E17F7252125724C00FE4332 /* CopyFiles */ = {
			isa = PBXCopyFilesBuildPhase;
			buildActionMask = 2147483647;
			dstPath = /usr/share/man/man1/;
			dstSubfolderSpec = 0;
			files = (
			);
			runOnlyForDeploymentPostprocessing = 1;
		};
		3E4757F121216994000963BA /* CopyFiles */ = {
			isa = PBXCopyFilesBuildPhase;
			buildActionMask = 2147483647;
			dstPath = /usr/share/man/man1/;
			dstSubfolderSpec = 0;
			files = (
			);
			runOnlyForDeploymentPostprocessing = 1;
		};
/* End PBXCopyFilesBuildPhase section */

/* Begin PBXFileReference section */
		3E0E5FC521352125002B77EB /* GLSL */ = {isa = PBXFileReference; explicitFileType = "compiled.mach-o.executable"; includeInIndex = 0; path = GLSL; sourceTree = BUILT_PRODUCTS_DIR; };
		3E0E5FC721352125002B77EB /* main.cpp */ = {isa = PBXFileReference; lastKnownFileType = sourcecode.cpp.cpp; path = main.cpp; sourceTree = "<group>"; };
		3E0E5FCF2135218E002B77EB /* glad.c */ = {isa = PBXFileReference; fileEncoding = 4; lastKnownFileType = sourcecode.c.c; path = glad.c; sourceTree = "<group>"; };
		3E1530DD210EF56B0086BBEE /* Learning_OpenGL */ = {isa = PBXFileReference; explicitFileType = "compiled.mach-o.executable"; includeInIndex = 0; path = Learning_OpenGL; sourceTree = BUILT_PRODUCTS_DIR; };
		3E1530E0210EF56B0086BBEE /* main.cpp */ = {isa = PBXFileReference; lastKnownFileType = sourcecode.cpp.cpp; path = main.cpp; sourceTree = "<group>"; };
		3E1530E8210EF5CA0086BBEE /* OpenGL.framework */ = {isa = PBXFileReference; lastKnownFileType = wrapper.framework; name = OpenGL.framework; path = System/Library/Frameworks/OpenGL.framework; sourceTree = SDKROOT; };
		3E1530EA210EF5E00086BBEE /* libGLEW.dylib */ = {isa = PBXFileReference; lastKnownFileType = "compiled.mach-o.dylib"; name = libGLEW.dylib; path = ../../../../CODE/OpenGL/libGLEW.dylib; sourceTree = "<group>"; };
		3E1530EC210EF5E30086BBEE /* libglfw.dylib */ = {isa = PBXFileReference; lastKnownFileType = "compiled.mach-o.dylib"; name = libglfw.dylib; path = ../../../../CODE/OpenGL/libglfw.dylib; sourceTree = "<group>"; };
		3E1530EE210EF5F20086BBEE /* glad.c */ = {isa = PBXFileReference; fileEncoding = 4; lastKnownFileType = sourcecode.c.c; path = glad.c; sourceTree = "<group>"; };
		3E1530F4210F096B0086BBEE /* Light_Color */ = {isa = PBXFileReference; explicitFileType = "compiled.mach-o.executable"; includeInIndex = 0; path = Light_Color; sourceTree = BUILT_PRODUCTS_DIR; };
		3E1530F6210F096B0086BBEE /* main.cpp */ = {isa = PBXFileReference; lastKnownFileType = sourcecode.cpp.cpp; path = main.cpp; sourceTree = "<group>"; };
		3E1530FE210F09FF0086BBEE /* 1.lamp.fs */ = {isa = PBXFileReference; fileEncoding = 4; lastKnownFileType = sourcecode.glsl; path = 1.lamp.fs; sourceTree = "<group>"; };
		3E1530FF210F0A000086BBEE /* 1.colors.vs */ = {isa = PBXFileReference; fileEncoding = 4; lastKnownFileType = sourcecode.glsl; path = 1.colors.vs; sourceTree = "<group>"; };
		3E153100210F0A000086BBEE /* 1.colors.fs */ = {isa = PBXFileReference; fileEncoding = 4; lastKnownFileType = sourcecode.glsl; path = 1.colors.fs; sourceTree = "<group>"; };
		3E153101210F0A000086BBEE /* 1.lamp.vs */ = {isa = PBXFileReference; fileEncoding = 4; lastKnownFileType = sourcecode.glsl; path = 1.lamp.vs; sourceTree = "<group>"; };
		3E153102210F0B070086BBEE /* glad.c */ = {isa = PBXFileReference; fileEncoding = 4; lastKnownFileType = sourcecode.c.c; path = glad.c; sourceTree = "<group>"; };
		3E153108210F3D3B0086BBEE /* Base_Light */ = {isa = PBXFileReference; explicitFileType = "compiled.mach-o.executable"; includeInIndex = 0; path = Base_Light; sourceTree = BUILT_PRODUCTS_DIR; };
		3E15310A210F3D3B0086BBEE /* main.cpp */ = {isa = PBXFileReference; lastKnownFileType = sourcecode.cpp.cpp; path = main.cpp; sourceTree = "<group>"; };
		3E153112210F3DB60086BBEE /* glad.c */ = {isa = PBXFileReference; fileEncoding = 4; lastKnownFileType = sourcecode.c.c; path = glad.c; sourceTree = "<group>"; };
		3E153114210F3E8A0086BBEE /* 2.1.lamp.vs */ = {isa = PBXFileReference; fileEncoding = 4; lastKnownFileType = sourcecode.glsl; path = 2.1.lamp.vs; sourceTree = "<group>"; };
		3E153115210F3E8A0086BBEE /* 2.1.lamp.fs */ = {isa = PBXFileReference; fileEncoding = 4; lastKnownFileType = sourcecode.glsl; path = 2.1.lamp.fs; sourceTree = "<group>"; };
		3E153116210F3E8A0086BBEE /* 2.1.basic_lighting.fs */ = {isa = PBXFileReference; fileEncoding = 4; lastKnownFileType = sourcecode.glsl; path = 2.1.basic_lighting.fs; sourceTree = "<group>"; };
		3E153117210F3E8A0086BBEE /* 2.1.basic_lighting.vs */ = {isa = PBXFileReference; fileEncoding = 4; lastKnownFileType = sourcecode.glsl; path = 2.1.basic_lighting.vs; sourceTree = "<group>"; };
		3E15311C2110371F0086BBEE /* Material */ = {isa = PBXFileReference; explicitFileType = "compiled.mach-o.executable"; includeInIndex = 0; path = Material; sourceTree = BUILT_PRODUCTS_DIR; };
		3E15311E2110371F0086BBEE /* main.cpp */ = {isa = PBXFileReference; lastKnownFileType = sourcecode.cpp.cpp; path = main.cpp; sourceTree = "<group>"; };
		3E153126211037460086BBEE /* glad.c */ = {isa = PBXFileReference; fileEncoding = 4; lastKnownFileType = sourcecode.c.c; path = glad.c; sourceTree = "<group>"; };
		3E15312A211038380086BBEE /* 3.1.materials.fs */ = {isa = PBXFileReference; fileEncoding = 4; lastKnownFileType = sourcecode.glsl; path = 3.1.materials.fs; sourceTree = "<group>"; };
		3E15312B211038380086BBEE /* 3.1.materials.vs */ = {isa = PBXFileReference; fileEncoding = 4; lastKnownFileType = sourcecode.glsl; path = 3.1.materials.vs; sourceTree = "<group>"; };
		3E153130211052030086BBEE /* LightMapping */ = {isa = PBXFileReference; explicitFileType = "compiled.mach-o.executable"; includeInIndex = 0; path = LightMapping; sourceTree = BUILT_PRODUCTS_DIR; };
		3E153132211052040086BBEE /* main.cpp */ = {isa = PBXFileReference; lastKnownFileType = sourcecode.cpp.cpp; path = main.cpp; sourceTree = "<group>"; };
		3E1531382110523F0086BBEE /* glad.c */ = {isa = PBXFileReference; fileEncoding = 4; lastKnownFileType = sourcecode.c.c; path = glad.c; sourceTree = "<group>"; };
		3E15313C211053EA0086BBEE /* 4.1.lighting_maps.vs */ = {isa = PBXFileReference; fileEncoding = 4; lastKnownFileType = sourcecode.glsl; path = 4.1.lighting_maps.vs; sourceTree = "<group>"; };
		3E15313D211053EA0086BBEE /* 4.1.lighting_maps.fs */ = {isa = PBXFileReference; fileEncoding = 4; lastKnownFileType = sourcecode.glsl; path = 4.1.lighting_maps.fs; sourceTree = "<group>"; };
		3E15313E211053EA0086BBEE /* 4.1.lamp.fs */ = {isa = PBXFileReference; fileEncoding = 4; lastKnownFileType = sourcecode.glsl; path = 4.1.lamp.fs; sourceTree = "<group>"; };
		3E15313F211053EA0086BBEE /* 4.1.lamp.vs */ = {isa = PBXFileReference; fileEncoding = 4; lastKnownFileType = sourcecode.glsl; path = 4.1.lamp.vs; sourceTree = "<group>"; };
		3E15316A21119DD90086BBEE /* LightCasters */ = {isa = PBXFileReference; explicitFileType = "compiled.mach-o.executable"; includeInIndex = 0; path = LightCasters; sourceTree = BUILT_PRODUCTS_DIR; };
		3E15316C21119DD90086BBEE /* main.cpp */ = {isa = PBXFileReference; lastKnownFileType = sourcecode.cpp.cpp; path = main.cpp; sourceTree = "<group>"; };
		3E15317421119E110086BBEE /* glad.c */ = {isa = PBXFileReference; fileEncoding = 4; lastKnownFileType = sourcecode.c.c; path = glad.c; sourceTree = "<group>"; };
		3E15317621119F2C0086BBEE /* 5.1.light_casters.fs */ = {isa = PBXFileReference; fileEncoding = 4; lastKnownFileType = sourcecode.glsl; path = 5.1.light_casters.fs; sourceTree = "<group>"; };
		3E15317721119F2C0086BBEE /* 5.1.lamp.fs */ = {isa = PBXFileReference; fileEncoding = 4; lastKnownFileType = sourcecode.glsl; path = 5.1.lamp.fs; sourceTree = "<group>"; };
		3E15317821119F2D0086BBEE /* 5.1.lamp.vs */ = {isa = PBXFileReference; fileEncoding = 4; lastKnownFileType = sourcecode.glsl; path = 5.1.lamp.vs; sourceTree = "<group>"; };
		3E15317921119F2D0086BBEE /* 5.1.light_casters.vs */ = {isa = PBXFileReference; fileEncoding = 4; lastKnownFileType = sourcecode.glsl; path = 5.1.light_casters.vs; sourceTree = "<group>"; };
		3E15317E21129CBB0086BBEE /* MultipleLights */ = {isa = PBXFileReference; explicitFileType = "compiled.mach-o.executable"; includeInIndex = 0; path = MultipleLights; sourceTree = BUILT_PRODUCTS_DIR; };
		3E15318021129CBB0086BBEE /* main.cpp */ = {isa = PBXFileReference; lastKnownFileType = sourcecode.cpp.cpp; path = main.cpp; sourceTree = "<group>"; };
		3E15318821129D1F0086BBEE /* glad.c */ = {isa = PBXFileReference; fileEncoding = 4; lastKnownFileType = sourcecode.c.c; path = glad.c; sourceTree = "<group>"; };
		3E1531AE2113E6C50086BBEE /* HDR */ = {isa = PBXFileReference; explicitFileType = "compiled.mach-o.executable"; includeInIndex = 0; path = HDR; sourceTree = BUILT_PRODUCTS_DIR; };
		3E1531B02113E6C50086BBEE /* main.cpp */ = {isa = PBXFileReference; lastKnownFileType = sourcecode.cpp.cpp; path = main.cpp; sourceTree = "<group>"; };
		3E1531B82113E71F0086BBEE /* glad.c */ = {isa = PBXFileReference; fileEncoding = 4; lastKnownFileType = sourcecode.c.c; path = glad.c; sourceTree = "<group>"; };
		3E1531BA2113F9CB0086BBEE /* 6.hdr.vs */ = {isa = PBXFileReference; fileEncoding = 4; lastKnownFileType = sourcecode.glsl; path = 6.hdr.vs; sourceTree = "<group>"; };
		3E1531BB2113F9CB0086BBEE /* 6.lighting.vs */ = {isa = PBXFileReference; fileEncoding = 4; lastKnownFileType = sourcecode.glsl; path = 6.lighting.vs; sourceTree = "<group>"; };
		3E1531BC2113F9CB0086BBEE /* 6.hdr.fs */ = {isa = PBXFileReference; fileEncoding = 4; lastKnownFileType = sourcecode.glsl; path = 6.hdr.fs; sourceTree = "<group>"; };
		3E1531BD2113F9CB0086BBEE /* 6.lighting.fs */ = {isa = PBXFileReference; fileEncoding = 4; lastKnownFileType = sourcecode.glsl; path = 6.lighting.fs; sourceTree = "<group>"; };
		3E1531BE2113FB360086BBEE /* SOIL.c */ = {isa = PBXFileReference; fileEncoding = 4; lastKnownFileType = sourcecode.c.c; path = SOIL.c; sourceTree = "<group>"; };
		3E1531C421143BBC0086BBEE /* Bloom */ = {isa = PBXFileReference; explicitFileType = "compiled.mach-o.executable"; includeInIndex = 0; path = Bloom; sourceTree = BUILT_PRODUCTS_DIR; };
		3E1531C621143BBC0086BBEE /* main.cpp */ = {isa = PBXFileReference; lastKnownFileType = sourcecode.cpp.cpp; path = main.cpp; sourceTree = "<group>"; };
		3E1531CE21143C2E0086BBEE /* glad.c */ = {isa = PBXFileReference; fileEncoding = 4; lastKnownFileType = sourcecode.c.c; path = glad.c; sourceTree = "<group>"; };
		3E1531D021143D760086BBEE /* 7.blur.fs */ = {isa = PBXFileReference; fileEncoding = 4; lastKnownFileType = sourcecode.glsl; path = 7.blur.fs; sourceTree = "<group>"; };
		3E1531D121143D760086BBEE /* 7.bloom_final.vs */ = {isa = PBXFileReference; fileEncoding = 4; lastKnownFileType = sourcecode.glsl; path = 7.bloom_final.vs; sourceTree = "<group>"; };
		3E1531D221143D760086BBEE /* 7.light_box.fs */ = {isa = PBXFileReference; fileEncoding = 4; lastKnownFileType = sourcecode.glsl; path = 7.light_box.fs; sourceTree = "<group>"; };
		3E1531D421143D760086BBEE /* 7.bloom_final.fs */ = {isa = PBXFileReference; fileEncoding = 4; lastKnownFileType = sourcecode.glsl; path = 7.bloom_final.fs; sourceTree = "<group>"; };
		3E1531D521143D760086BBEE /* 7.bloom.vs */ = {isa = PBXFileReference; fileEncoding = 4; lastKnownFileType = sourcecode.glsl; path = 7.bloom.vs; sourceTree = "<group>"; };
		3E1531D621143D760086BBEE /* 7.bloom.fs */ = {isa = PBXFileReference; fileEncoding = 4; lastKnownFileType = sourcecode.glsl; path = 7.bloom.fs; sourceTree = "<group>"; };
		3E1531D721143D760086BBEE /* 7.blur.vs */ = {isa = PBXFileReference; fileEncoding = 4; lastKnownFileType = sourcecode.glsl; path = 7.blur.vs; sourceTree = "<group>"; };
		3E1531DD211452250086BBEE /* Render_to_texture */ = {isa = PBXFileReference; explicitFileType = "compiled.mach-o.executable"; includeInIndex = 0; path = Render_to_texture; sourceTree = BUILT_PRODUCTS_DIR; };
		3E1531DF211452250086BBEE /* main.cpp */ = {isa = PBXFileReference; lastKnownFileType = sourcecode.cpp.cpp; path = main.cpp; sourceTree = "<group>"; };
		3E1531E7211452B80086BBEE /* glad.c */ = {isa = PBXFileReference; fileEncoding = 4; lastKnownFileType = sourcecode.c.c; path = glad.c; sourceTree = "<group>"; };
		3E1531E9211456310086BBEE /* 5.1.framebuffers_screen.fs */ = {isa = PBXFileReference; fileEncoding = 4; lastKnownFileType = sourcecode.glsl; path = 5.1.framebuffers_screen.fs; sourceTree = "<group>"; };
		3E1531EA211456310086BBEE /* 5.1.framebuffers.vs */ = {isa = PBXFileReference; fileEncoding = 4; lastKnownFileType = sourcecode.glsl; path = 5.1.framebuffers.vs; sourceTree = "<group>"; };
		3E1531EB211456310086BBEE /* 5.1.framebuffers.fs */ = {isa = PBXFileReference; fileEncoding = 4; lastKnownFileType = sourcecode.glsl; path = 5.1.framebuffers.fs; sourceTree = "<group>"; };
		3E1531EC211456310086BBEE /* 5.1.framebuffers_screen.vs */ = {isa = PBXFileReference; fileEncoding = 4; lastKnownFileType = sourcecode.glsl; path = 5.1.framebuffers_screen.vs; sourceTree = "<group>"; };
		3E153221211A929D0086BBEE /* Base_Light2.0 */ = {isa = PBXFileReference; explicitFileType = "compiled.mach-o.executable"; includeInIndex = 0; path = Base_Light2.0; sourceTree = BUILT_PRODUCTS_DIR; };
		3E153223211A929D0086BBEE /* main.cpp */ = {isa = PBXFileReference; lastKnownFileType = sourcecode.cpp.cpp; path = main.cpp; sourceTree = "<group>"; };
		3E15322B211A92E30086BBEE /* glad.c */ = {isa = PBXFileReference; fileEncoding = 4; lastKnownFileType = sourcecode.c.c; path = glad.c; sourceTree = "<group>"; };
		3E15322D211A93470086BBEE /* 2.2.lamp.fs */ = {isa = PBXFileReference; fileEncoding = 4; lastKnownFileType = sourcecode.glsl; path = 2.2.lamp.fs; sourceTree = "<group>"; };
		3E15322E211A93470086BBEE /* 2.2.basic_lighting.vs */ = {isa = PBXFileReference; fileEncoding = 4; lastKnownFileType = sourcecode.glsl; path = 2.2.basic_lighting.vs; sourceTree = "<group>"; };
		3E15322F211A93480086BBEE /* 2.2.lamp.vs */ = {isa = PBXFileReference; fileEncoding = 4; lastKnownFileType = sourcecode.glsl; path = 2.2.lamp.vs; sourceTree = "<group>"; };
		3E153230211A93480086BBEE /* 2.2.basic_lighting.fs */ = {isa = PBXFileReference; fileEncoding = 4; lastKnownFileType = sourcecode.glsl; path = 2.2.basic_lighting.fs; sourceTree = "<group>"; };
		3E17F7172125715B00FE4332 /* SkyBox */ = {isa = PBXFileReference; explicitFileType = "compiled.mach-o.executable"; includeInIndex = 0; path = SkyBox; sourceTree = BUILT_PRODUCTS_DIR; };
		3E17F7192125715B00FE4332 /* main.cpp */ = {isa = PBXFileReference; lastKnownFileType = sourcecode.cpp.cpp; path = main.cpp; sourceTree = "<group>"; };
		3E17F721212571D200FE4332 /* glad.c */ = {isa = PBXFileReference; fileEncoding = 4; lastKnownFileType = sourcecode.c.c; path = glad.c; sourceTree = "<group>"; };
		3E17F7272125724C00FE4332 /* Instancing */ = {isa = PBXFileReference; explicitFileType = "compiled.mach-o.executable"; includeInIndex = 0; path = Instancing; sourceTree = BUILT_PRODUCTS_DIR; };
		3E17F7292125724C00FE4332 /* main.cpp */ = {isa = PBXFileReference; lastKnownFileType = sourcecode.cpp.cpp; path = main.cpp; sourceTree = "<group>"; };
		3E17F7312125728B00FE4332 /* glad.c */ = {isa = PBXFileReference; fileEncoding = 4; lastKnownFileType = sourcecode.c.c; path = glad.c; sourceTree = "<group>"; };
		3E18F3C92133A2420081ADAE /* 6.1.cubemaps.fs */ = {isa = PBXFileReference; fileEncoding = 4; lastKnownFileType = sourcecode.glsl; path = 6.1.cubemaps.fs; sourceTree = "<group>"; };
		3E18F3CA2133A2420081ADAE /* 6.1.skybox.fs */ = {isa = PBXFileReference; fileEncoding = 4; lastKnownFileType = sourcecode.glsl; path = 6.1.skybox.fs; sourceTree = "<group>"; };
		3E18F3CB2133A2430081ADAE /* 6.1.cubemaps.vs */ = {isa = PBXFileReference; fileEncoding = 4; lastKnownFileType = sourcecode.glsl; path = 6.1.cubemaps.vs; sourceTree = "<group>"; };
		3E18F3CC2133A2430081ADAE /* 6.1.skybox.vs */ = {isa = PBXFileReference; fileEncoding = 4; lastKnownFileType = sourcecode.glsl; path = 6.1.skybox.vs; sourceTree = "<group>"; };
		3E4757E5212151BF000963BA /* libfftw3f_threads.a */ = {isa = PBXFileReference; lastKnownFileType = archive.ar; name = libfftw3f_threads.a; path = "../../../../CODE/OpenGL/fft_conv/arm64-v8a/usr/lib/libfftw3f_threads.a"; sourceTree = "<group>"; };
		3E4757E6212151BF000963BA /* libfftw3f.a */ = {isa = PBXFileReference; lastKnownFileType = archive.ar; name = libfftw3f.a; path = "../../../../CODE/OpenGL/fft_conv/arm64-v8a/usr/lib/libfftw3f.a"; sourceTree = "<group>"; };
		3E4757E921215F80000963BA /* libfftw3f_threads.a */ = {isa = PBXFileReference; lastKnownFileType = archive.ar; name = libfftw3f_threads.a; path = ../../../../CODE/OpenGL/fft_conv/x86_64/usr/lib/libfftw3f_threads.a; sourceTree = "<group>"; };
		3E4757EA21215F80000963BA /* libfftw3f.a */ = {isa = PBXFileReference; lastKnownFileType = archive.ar; name = libfftw3f.a; path = ../../../../CODE/OpenGL/fft_conv/x86_64/usr/lib/libfftw3f.a; sourceTree = "<group>"; };
		3E4757ED21216868000963BA /* libfftw3.a */ = {isa = PBXFileReference; lastKnownFileType = archive.ar; name = libfftw3.a; path = "../../../../../Downloads/fftw-meitu_clipping-716edc27c86161aa34400974434ad19b9f97ffaa 2/clip/meitu_build/libfftw3/iOS/lib/libfftw3.a"; sourceTree = "<group>"; };
		3E4757F321216994000963BA /* TestFFT */ = {isa = PBXFileReference; explicitFileType = "compiled.mach-o.executable"; includeInIndex = 0; path = TestFFT; sourceTree = BUILT_PRODUCTS_DIR; };
		3E4757F521216994000963BA /* main.cpp */ = {isa = PBXFileReference; lastKnownFileType = sourcecode.cpp.cpp; path = main.cpp; sourceTree = "<group>"; };
		3E4757FA212169A3000963BA /* libfftw3f_threads.a */ = {isa = PBXFileReference; lastKnownFileType = archive.ar; name = libfftw3f_threads.a; path = ../../../../../../../usr/local/lib/libfftw3f_threads.a; sourceTree = "<group>"; };
		3E4757FC212169B1000963BA /* libfftw3f.a */ = {isa = PBXFileReference; lastKnownFileType = archive.ar; name = libfftw3f.a; path = ../../../../../../../usr/local/lib/libfftw3f.a; sourceTree = "<group>"; };
		3E4757FE21217244000963BA /* libfftw3f.a */ = {isa = PBXFileReference; lastKnownFileType = archive.ar; name = libfftw3f.a; path = "../../../../CODE/OpenGL/fftw-feature-3.3.7-168c70373b90ee3600e33bdd5c8b401cde236e96/meitu_build/libfftw3f/centos/lib64/libfftw3f.a"; sourceTree = "<group>"; };
		3E4757FF21217244000963BA /* libfftw3f_threads.a */ = {isa = PBXFileReference; lastKnownFileType = archive.ar; name = libfftw3f_threads.a; path = "../../../../CODE/OpenGL/fftw-feature-3.3.7-168c70373b90ee3600e33bdd5c8b401cde236e96/meitu_build/libfftw3f/centos/lib64/libfftw3f_threads.a"; sourceTree = "<group>"; };
		3E47580221217266000963BA /* libfftw3f.a */ = {isa = PBXFileReference; lastKnownFileType = archive.ar; name = libfftw3f.a; path = "../../../../CODE/OpenGL/fftw-feature-3.3.7-168c70373b90ee3600e33bdd5c8b401cde236e96/meitu_build/libfftw3f/iOS/lib/libfftw3f.a"; sourceTree = "<group>"; };
		3E47580321217266000963BA /* libfftw3f_threads.a */ = {isa = PBXFileReference; lastKnownFileType = archive.ar; name = libfftw3f_threads.a; path = "../../../../CODE/OpenGL/fftw-feature-3.3.7-168c70373b90ee3600e33bdd5c8b401cde236e96/meitu_build/libfftw3f/iOS/lib/libfftw3f_threads.a"; sourceTree = "<group>"; };
		3E4758A22121780F000963BA /* libfftw3.a */ = {isa = PBXFileReference; lastKnownFileType = archive.ar; name = libfftw3.a; path = ../../../../../../../usr/local/lib/libfftw3.a; sourceTree = "<group>"; };
		3E476A5121218426000963BA /* libfftw3.a */ = {isa = PBXFileReference; lastKnownFileType = archive.ar; name = libfftw3.a; path = "../../../../../Downloads/fftw3_3.3.7-1_darwin-x86_64/sw/lib/libfftw3.a"; sourceTree = "<group>"; };
		3E476A5321218434000963BA /* libfftw3f.a */ = {isa = PBXFileReference; lastKnownFileType = archive.ar; name = libfftw3f.a; path = "../../../../../Downloads/fftw3_3.3.7-1_darwin-x86_64/sw/lib/libfftw3f.a"; sourceTree = "<group>"; };
		3E476A5521218449000963BA /* libfftw3f_threads.a */ = {isa = PBXFileReference; lastKnownFileType = archive.ar; name = libfftw3f_threads.a; path = "../../../../../Downloads/fftw3_3.3.7-1_darwin-x86_64/sw/lib/libfftw3f_threads.a"; sourceTree = "<group>"; };
		3E476A572121844F000963BA /* libfftw3_threads.a */ = {isa = PBXFileReference; lastKnownFileType = archive.ar; name = libfftw3_threads.a; path = "../../../../../Downloads/fftw3_3.3.7-1_darwin-x86_64/sw/lib/libfftw3_threads.a"; sourceTree = "<group>"; };
		3E476A5921218582000963BA /* libfftw3f_threads.a */ = {isa = PBXFileReference; lastKnownFileType = archive.ar; name = libfftw3f_threads.a; path = ../../../../CODE/OpenGL/fftw3/libfftw3f_threads.a; sourceTree = "<group>"; };
		3E476A5A21218582000963BA /* libfftw3f.a */ = {isa = PBXFileReference; lastKnownFileType = archive.ar; name = libfftw3f.a; path = ../../../../CODE/OpenGL/fftw3/libfftw3f.a; sourceTree = "<group>"; };
		3E476A5B21218582000963BA /* libfftw3_threads.a */ = {isa = PBXFileReference; lastKnownFileType = archive.ar; name = libfftw3_threads.a; path = ../../../../CODE/OpenGL/fftw3/libfftw3_threads.a; sourceTree = "<group>"; };
		3E476A5C21218582000963BA /* libfftw3.a */ = {isa = PBXFileReference; lastKnownFileType = archive.ar; name = libfftw3.a; path = ../../../../CODE/OpenGL/fftw3/libfftw3.a; sourceTree = "<group>"; };
/* End PBXFileReference section */

/* Begin PBXFrameworksBuildPhase section */
		3E0E5FC221352125002B77EB /* Frameworks */ = {
			isa = PBXFrameworksBuildPhase;
			buildActionMask = 2147483647;
			files = (
				3E0E5FCD21352144002B77EB /* libGLEW.dylib in Frameworks */,
				3E0E5FCE21352144002B77EB /* libglfw.dylib in Frameworks */,
				3E0E5FCC21352136002B77EB /* OpenGL.framework in Frameworks */,
			);
			runOnlyForDeploymentPostprocessing = 0;
		};
		3E1530DA210EF56B0086BBEE /* Frameworks */ = {
			isa = PBXFrameworksBuildPhase;
			buildActionMask = 2147483647;
			files = (
				3E1530E9210EF5CA0086BBEE /* OpenGL.framework in Frameworks */,
				3E1530EB210EF5E00086BBEE /* libGLEW.dylib in Frameworks */,
				3E1530ED210EF5E40086BBEE /* libglfw.dylib in Frameworks */,
				3E476A5621218449000963BA /* libfftw3f_threads.a in Frameworks */,
				3E476A582121844F000963BA /* libfftw3_threads.a in Frameworks */,
				3E476A5421218434000963BA /* libfftw3f.a in Frameworks */,
				3E476A5221218426000963BA /* libfftw3.a in Frameworks */,
			);
			runOnlyForDeploymentPostprocessing = 0;
		};
		3E1530F1210F096B0086BBEE /* Frameworks */ = {
			isa = PBXFrameworksBuildPhase;
			buildActionMask = 2147483647;
			files = (
				3E1530FB210F09750086BBEE /* OpenGL.framework in Frameworks */,
				3E1530FC210F09810086BBEE /* libGLEW.dylib in Frameworks */,
				3E1530FD210F09840086BBEE /* libglfw.dylib in Frameworks */,
			);
			runOnlyForDeploymentPostprocessing = 0;
		};
		3E153105210F3D3B0086BBEE /* Frameworks */ = {
			isa = PBXFrameworksBuildPhase;
			buildActionMask = 2147483647;
			files = (
				3E15310F210F3D530086BBEE /* OpenGL.framework in Frameworks */,
				3E153110210F3D6A0086BBEE /* libGLEW.dylib in Frameworks */,
				3E153111210F3D6D0086BBEE /* libglfw.dylib in Frameworks */,
			);
			runOnlyForDeploymentPostprocessing = 0;
		};
		3E1531192110371F0086BBEE /* Frameworks */ = {
			isa = PBXFrameworksBuildPhase;
			buildActionMask = 2147483647;
			files = (
				3E1531232110372D0086BBEE /* OpenGL.framework in Frameworks */,
				3E153124211037360086BBEE /* libGLEW.dylib in Frameworks */,
				3E1531252110373A0086BBEE /* libglfw.dylib in Frameworks */,
			);
			runOnlyForDeploymentPostprocessing = 0;
		};
		3E15312D211052030086BBEE /* Frameworks */ = {
			isa = PBXFrameworksBuildPhase;
			buildActionMask = 2147483647;
			files = (
				3E1531372110522A0086BBEE /* OpenGL.framework in Frameworks */,
				3E15313A2110524A0086BBEE /* libGLEW.dylib in Frameworks */,
				3E15313B2110524F0086BBEE /* libglfw.dylib in Frameworks */,
			);
			runOnlyForDeploymentPostprocessing = 0;
		};
		3E15316721119DD90086BBEE /* Frameworks */ = {
			isa = PBXFrameworksBuildPhase;
			buildActionMask = 2147483647;
			files = (
				3E15317121119DE60086BBEE /* OpenGL.framework in Frameworks */,
				3E15317221119DF30086BBEE /* libGLEW.dylib in Frameworks */,
				3E15317321119DF60086BBEE /* libglfw.dylib in Frameworks */,
			);
			runOnlyForDeploymentPostprocessing = 0;
		};
		3E15317B21129CBB0086BBEE /* Frameworks */ = {
			isa = PBXFrameworksBuildPhase;
			buildActionMask = 2147483647;
			files = (
				3E15318521129CCA0086BBEE /* OpenGL.framework in Frameworks */,
				3E15318621129CE00086BBEE /* libGLEW.dylib in Frameworks */,
				3E15318721129CE50086BBEE /* libglfw.dylib in Frameworks */,
			);
			runOnlyForDeploymentPostprocessing = 0;
		};
		3E1531AB2113E6C50086BBEE /* Frameworks */ = {
			isa = PBXFrameworksBuildPhase;
			buildActionMask = 2147483647;
			files = (
				3E1531B52113E6D30086BBEE /* OpenGL.framework in Frameworks */,
				3E1531B62113E6E10086BBEE /* libGLEW.dylib in Frameworks */,
				3E1531B72113E6E50086BBEE /* libglfw.dylib in Frameworks */,
			);
			runOnlyForDeploymentPostprocessing = 0;
		};
		3E1531C121143BBC0086BBEE /* Frameworks */ = {
			isa = PBXFrameworksBuildPhase;
			buildActionMask = 2147483647;
			files = (
				3E1531D82114416F0086BBEE /* OpenGL.framework in Frameworks */,
				3E1531CC21143BEF0086BBEE /* libglfw.dylib in Frameworks */,
				3E1531CD21143BF10086BBEE /* libGLEW.dylib in Frameworks */,
			);
			runOnlyForDeploymentPostprocessing = 0;
		};
		3E1531DA211452250086BBEE /* Frameworks */ = {
			isa = PBXFrameworksBuildPhase;
			buildActionMask = 2147483647;
			files = (
				3E1531E42114525C0086BBEE /* OpenGL.framework in Frameworks */,
				3E1531E5211452650086BBEE /* libGLEW.dylib in Frameworks */,
				3E1531E6211452820086BBEE /* libglfw.dylib in Frameworks */,
			);
			runOnlyForDeploymentPostprocessing = 0;
		};
		3E15321E211A929D0086BBEE /* Frameworks */ = {
			isa = PBXFrameworksBuildPhase;
			buildActionMask = 2147483647;
			files = (
				3E153228211A92CA0086BBEE /* OpenGL.framework in Frameworks */,
				3E153229211A92D50086BBEE /* libGLEW.dylib in Frameworks */,
				3E15322A211A92D90086BBEE /* libglfw.dylib in Frameworks */,
			);
			runOnlyForDeploymentPostprocessing = 0;
		};
		3E17F7142125715B00FE4332 /* Frameworks */ = {
			isa = PBXFrameworksBuildPhase;
			buildActionMask = 2147483647;
			files = (
				3E17F71E2125716300FE4332 /* OpenGL.framework in Frameworks */,
				3E17F71F2125719600FE4332 /* libGLEW.dylib in Frameworks */,
				3E17F7202125719600FE4332 /* libglfw.dylib in Frameworks */,
			);
			runOnlyForDeploymentPostprocessing = 0;
		};
		3E17F7242125724C00FE4332 /* Frameworks */ = {
			isa = PBXFrameworksBuildPhase;
			buildActionMask = 2147483647;
			files = (
				3E17F72E2125726D00FE4332 /* OpenGL.framework in Frameworks */,
				3E17F72F2125727A00FE4332 /* libGLEW.dylib in Frameworks */,
				3E17F7302125727A00FE4332 /* libglfw.dylib in Frameworks */,
			);
			runOnlyForDeploymentPostprocessing = 0;
		};
		3E4757F021216994000963BA /* Frameworks */ = {
			isa = PBXFrameworksBuildPhase;
			buildActionMask = 2147483647;
			files = (
				3E476A5D21218582000963BA /* libfftw3f_threads.a in Frameworks */,
				3E476A5E21218582000963BA /* libfftw3f.a in Frameworks */,
				3E476A5F21218582000963BA /* libfftw3_threads.a in Frameworks */,
				3E476A6021218582000963BA /* libfftw3.a in Frameworks */,
			);
			runOnlyForDeploymentPostprocessing = 0;
		};
/* End PBXFrameworksBuildPhase section */

/* Begin PBXGroup section */
		3E0E5FC621352125002B77EB /* GLSL */ = {
			isa = PBXGroup;
			children = (
				3E0E5FCF2135218E002B77EB /* glad.c */,
				3E0E5FC721352125002B77EB /* main.cpp */,
			);
			path = GLSL;
			sourceTree = "<group>";
		};
		3E1530D4210EF56B0086BBEE = {
			isa = PBXGroup;
			children = (
				3E1530DF210EF56B0086BBEE /* Learning_OpenGL */,
				3E1530F5210F096B0086BBEE /* Light_Color */,
				3E153109210F3D3B0086BBEE /* Base_Light */,
				3E153222211A929D0086BBEE /* Base_Light2.0 */,
				3E15311D2110371F0086BBEE /* Material */,
				3E153131211052040086BBEE /* LightMapping */,
				3E15316B21119DD90086BBEE /* LightCasters */,
				3E15317F21129CBB0086BBEE /* MultipleLights */,
				3E1531AF2113E6C50086BBEE /* HDR */,
				3E1531C521143BBC0086BBEE /* Bloom */,
				3E1531DE211452250086BBEE /* Render_to_texture */,
				3E4757F421216994000963BA /* TestFFT */,
				3E17F7182125715B00FE4332 /* SkyBox */,
				3E17F7282125724C00FE4332 /* Instancing */,
				3E0E5FC621352125002B77EB /* GLSL */,
				3E1530DE210EF56B0086BBEE /* Products */,
				3E1530E7210EF5CA0086BBEE /* Frameworks */,
			);
			sourceTree = "<group>";
		};
		3E1530DE210EF56B0086BBEE /* Products */ = {
			isa = PBXGroup;
			children = (
				3E1530DD210EF56B0086BBEE /* Learning_OpenGL */,
				3E1530F4210F096B0086BBEE /* Light_Color */,
				3E153108210F3D3B0086BBEE /* Base_Light */,
				3E15311C2110371F0086BBEE /* Material */,
				3E153130211052030086BBEE /* LightMapping */,
				3E15316A21119DD90086BBEE /* LightCasters */,
				3E15317E21129CBB0086BBEE /* MultipleLights */,
				3E1531AE2113E6C50086BBEE /* HDR */,
				3E1531C421143BBC0086BBEE /* Bloom */,
				3E1531DD211452250086BBEE /* Render_to_texture */,
				3E153221211A929D0086BBEE /* Base_Light2.0 */,
				3E4757F321216994000963BA /* TestFFT */,
				3E17F7172125715B00FE4332 /* SkyBox */,
				3E17F7272125724C00FE4332 /* Instancing */,
				3E0E5FC521352125002B77EB /* GLSL */,
			);
			name = Products;
			sourceTree = "<group>";
		};
		3E1530DF210EF56B0086BBEE /* Learning_OpenGL */ = {
			isa = PBXGroup;
			children = (
				3E1530EE210EF5F20086BBEE /* glad.c */,
				3E1530E0210EF56B0086BBEE /* main.cpp */,
			);
			path = Learning_OpenGL;
			sourceTree = "<group>";
		};
		3E1530E7210EF5CA0086BBEE /* Frameworks */ = {
			isa = PBXGroup;
			children = (
				3E476A572121844F000963BA /* libfftw3_threads.a */,
				3E476A5B21218582000963BA /* libfftw3_threads.a */,
				3E476A5C21218582000963BA /* libfftw3.a */,
				3E476A5521218449000963BA /* libfftw3f_threads.a */,
				3E476A5321218434000963BA /* libfftw3f.a */,
				3E4758A22121780F000963BA /* libfftw3.a */,
				3E476A5121218426000963BA /* libfftw3.a */,
				3E4757FF21217244000963BA /* libfftw3f_threads.a */,
				3E47580321217266000963BA /* libfftw3f_threads.a */,
				3E4757FC212169B1000963BA /* libfftw3f.a */,
				3E4757FA212169A3000963BA /* libfftw3f_threads.a */,
				3E4757FE21217244000963BA /* libfftw3f.a */,
				3E47580221217266000963BA /* libfftw3f.a */,
				3E4757ED21216868000963BA /* libfftw3.a */,
				3E4757E5212151BF000963BA /* libfftw3f_threads.a */,
				3E4757E6212151BF000963BA /* libfftw3f.a */,
				3E4757E921215F80000963BA /* libfftw3f_threads.a */,
				3E4757EA21215F80000963BA /* libfftw3f.a */,
				3E476A5921218582000963BA /* libfftw3f_threads.a */,
				3E476A5A21218582000963BA /* libfftw3f.a */,
				3E1530EC210EF5E30086BBEE /* libglfw.dylib */,
				3E1530EA210EF5E00086BBEE /* libGLEW.dylib */,
				3E1530E8210EF5CA0086BBEE /* OpenGL.framework */,
			);
			name = Frameworks;
			sourceTree = "<group>";
		};
		3E1530F5210F096B0086BBEE /* Light_Color */ = {
			isa = PBXGroup;
			children = (
				3E153100210F0A000086BBEE /* 1.colors.fs */,
				3E1530FF210F0A000086BBEE /* 1.colors.vs */,
				3E1530FE210F09FF0086BBEE /* 1.lamp.fs */,
				3E153101210F0A000086BBEE /* 1.lamp.vs */,
				3E153102210F0B070086BBEE /* glad.c */,
				3E1530F6210F096B0086BBEE /* main.cpp */,
			);
			path = Light_Color;
			sourceTree = "<group>";
		};
		3E153109210F3D3B0086BBEE /* Base_Light */ = {
			isa = PBXGroup;
			children = (
				3E153116210F3E8A0086BBEE /* 2.1.basic_lighting.fs */,
				3E153117210F3E8A0086BBEE /* 2.1.basic_lighting.vs */,
				3E153115210F3E8A0086BBEE /* 2.1.lamp.fs */,
				3E153114210F3E8A0086BBEE /* 2.1.lamp.vs */,
				3E153112210F3DB60086BBEE /* glad.c */,
				3E15310A210F3D3B0086BBEE /* main.cpp */,
			);
			path = Base_Light;
			sourceTree = "<group>";
		};
		3E15311D2110371F0086BBEE /* Material */ = {
			isa = PBXGroup;
			children = (
				3E15312A211038380086BBEE /* 3.1.materials.fs */,
				3E15312B211038380086BBEE /* 3.1.materials.vs */,
				3E153126211037460086BBEE /* glad.c */,
				3E15311E2110371F0086BBEE /* main.cpp */,
			);
			path = Material;
			sourceTree = "<group>";
		};
		3E153131211052040086BBEE /* LightMapping */ = {
			isa = PBXGroup;
			children = (
				3E15313E211053EA0086BBEE /* 4.1.lamp.fs */,
				3E15313F211053EA0086BBEE /* 4.1.lamp.vs */,
				3E15313D211053EA0086BBEE /* 4.1.lighting_maps.fs */,
				3E15313C211053EA0086BBEE /* 4.1.lighting_maps.vs */,
				3E1531382110523F0086BBEE /* glad.c */,
				3E153132211052040086BBEE /* main.cpp */,
			);
			path = LightMapping;
			sourceTree = "<group>";
		};
		3E15316B21119DD90086BBEE /* LightCasters */ = {
			isa = PBXGroup;
			children = (
				3E15317721119F2C0086BBEE /* 5.1.lamp.fs */,
				3E15317821119F2D0086BBEE /* 5.1.lamp.vs */,
				3E15317621119F2C0086BBEE /* 5.1.light_casters.fs */,
				3E15317921119F2D0086BBEE /* 5.1.light_casters.vs */,
				3E15317421119E110086BBEE /* glad.c */,
				3E15316C21119DD90086BBEE /* main.cpp */,
			);
			path = LightCasters;
			sourceTree = "<group>";
		};
		3E15317F21129CBB0086BBEE /* MultipleLights */ = {
			isa = PBXGroup;
			children = (
				3E15318821129D1F0086BBEE /* glad.c */,
				3E15318021129CBB0086BBEE /* main.cpp */,
			);
			path = MultipleLights;
			sourceTree = "<group>";
		};
		3E1531AF2113E6C50086BBEE /* HDR */ = {
			isa = PBXGroup;
			children = (
				3E1531BC2113F9CB0086BBEE /* 6.hdr.fs */,
				3E1531BA2113F9CB0086BBEE /* 6.hdr.vs */,
				3E1531BD2113F9CB0086BBEE /* 6.lighting.fs */,
				3E1531BB2113F9CB0086BBEE /* 6.lighting.vs */,
				3E1531BE2113FB360086BBEE /* SOIL.c */,
				3E1531B82113E71F0086BBEE /* glad.c */,
				3E1531B02113E6C50086BBEE /* main.cpp */,
			);
			path = HDR;
			sourceTree = "<group>";
		};
		3E1531C521143BBC0086BBEE /* Bloom */ = {
			isa = PBXGroup;
			children = (
				3E1531D421143D760086BBEE /* 7.bloom_final.fs */,
				3E1531D121143D760086BBEE /* 7.bloom_final.vs */,
				3E1531D621143D760086BBEE /* 7.bloom.fs */,
				3E1531D521143D760086BBEE /* 7.bloom.vs */,
				3E1531D021143D760086BBEE /* 7.blur.fs */,
				3E1531D721143D760086BBEE /* 7.blur.vs */,
				3E1531D221143D760086BBEE /* 7.light_box.fs */,
				3E1531CE21143C2E0086BBEE /* glad.c */,
				3E1531C621143BBC0086BBEE /* main.cpp */,
			);
			path = Bloom;
			sourceTree = "<group>";
		};
		3E1531DE211452250086BBEE /* Render_to_texture */ = {
			isa = PBXGroup;
			children = (
				3E1531E9211456310086BBEE /* 5.1.framebuffers_screen.fs */,
				3E1531EC211456310086BBEE /* 5.1.framebuffers_screen.vs */,
				3E1531EB211456310086BBEE /* 5.1.framebuffers.fs */,
				3E1531EA211456310086BBEE /* 5.1.framebuffers.vs */,
				3E1531E7211452B80086BBEE /* glad.c */,
				3E1531DF211452250086BBEE /* main.cpp */,
			);
			path = Render_to_texture;
			sourceTree = "<group>";
		};
		3E153222211A929D0086BBEE /* Base_Light2.0 */ = {
			isa = PBXGroup;
			children = (
				3E153230211A93480086BBEE /* 2.2.basic_lighting.fs */,
				3E15322E211A93470086BBEE /* 2.2.basic_lighting.vs */,
				3E15322D211A93470086BBEE /* 2.2.lamp.fs */,
				3E15322F211A93480086BBEE /* 2.2.lamp.vs */,
				3E15322B211A92E30086BBEE /* glad.c */,
				3E153223211A929D0086BBEE /* main.cpp */,
			);
			path = Base_Light2.0;
			sourceTree = "<group>";
		};
		3E17F7182125715B00FE4332 /* SkyBox */ = {
			isa = PBXGroup;
			children = (
				3E18F3C92133A2420081ADAE /* 6.1.cubemaps.fs */,
				3E18F3CB2133A2430081ADAE /* 6.1.cubemaps.vs */,
				3E18F3CA2133A2420081ADAE /* 6.1.skybox.fs */,
				3E18F3CC2133A2430081ADAE /* 6.1.skybox.vs */,
				3E17F7192125715B00FE4332 /* main.cpp */,
				3E17F721212571D200FE4332 /* glad.c */,
			);
			path = SkyBox;
			sourceTree = "<group>";
		};
		3E17F7282125724C00FE4332 /* Instancing */ = {
			isa = PBXGroup;
			children = (
				3E17F7312125728B00FE4332 /* glad.c */,
				3E17F7292125724C00FE4332 /* main.cpp */,
			);
			path = Instancing;
			sourceTree = "<group>";
		};
		3E4757F421216994000963BA /* TestFFT */ = {
			isa = PBXGroup;
			children = (
				3E4757F521216994000963BA /* main.cpp */,
			);
			path = TestFFT;
			sourceTree = "<group>";
		};
/* End PBXGroup section */

/* Begin PBXNativeTarget section */
		3E0E5FC421352125002B77EB /* GLSL */ = {
			isa = PBXNativeTarget;
			buildConfigurationList = 3E0E5FCB21352126002B77EB /* Build configuration list for PBXNativeTarget "GLSL" */;
			buildPhases = (
				3E0E5FC121352125002B77EB /* Sources */,
				3E0E5FC221352125002B77EB /* Frameworks */,
				3E0E5FC321352125002B77EB /* CopyFiles */,
			);
			buildRules = (
			);
			dependencies = (
			);
			name = GLSL;
			productName = GLSL;
			productReference = 3E0E5FC521352125002B77EB /* GLSL */;
			productType = "com.apple.product-type.tool";
		};
		3E1530DC210EF56B0086BBEE /* Learning_OpenGL */ = {
			isa = PBXNativeTarget;
			buildConfigurationList = 3E1530E4210EF56B0086BBEE /* Build configuration list for PBXNativeTarget "Learning_OpenGL" */;
			buildPhases = (
				3E1530D9210EF56B0086BBEE /* Sources */,
				3E1530DA210EF56B0086BBEE /* Frameworks */,
				3E1530DB210EF56B0086BBEE /* CopyFiles */,
			);
			buildRules = (
			);
			dependencies = (
			);
			name = Learning_OpenGL;
			productName = Learning_OpenGL;
			productReference = 3E1530DD210EF56B0086BBEE /* Learning_OpenGL */;
			productType = "com.apple.product-type.tool";
		};
		3E1530F3210F096B0086BBEE /* Light_Color */ = {
			isa = PBXNativeTarget;
			buildConfigurationList = 3E1530F8210F096B0086BBEE /* Build configuration list for PBXNativeTarget "Light_Color" */;
			buildPhases = (
				3E1530F0210F096B0086BBEE /* Sources */,
				3E1530F1210F096B0086BBEE /* Frameworks */,
				3E1530F2210F096B0086BBEE /* CopyFiles */,
			);
			buildRules = (
			);
			dependencies = (
			);
			name = Light_Color;
			productName = Light_Color;
			productReference = 3E1530F4210F096B0086BBEE /* Light_Color */;
			productType = "com.apple.product-type.tool";
		};
		3E153107210F3D3B0086BBEE /* Base_Light */ = {
			isa = PBXNativeTarget;
			buildConfigurationList = 3E15310C210F3D3B0086BBEE /* Build configuration list for PBXNativeTarget "Base_Light" */;
			buildPhases = (
				3E153104210F3D3B0086BBEE /* Sources */,
				3E153105210F3D3B0086BBEE /* Frameworks */,
				3E153106210F3D3B0086BBEE /* CopyFiles */,
			);
			buildRules = (
			);
			dependencies = (
			);
			name = Base_Light;
			productName = Base_Light;
			productReference = 3E153108210F3D3B0086BBEE /* Base_Light */;
			productType = "com.apple.product-type.tool";
		};
		3E15311B2110371F0086BBEE /* Material */ = {
			isa = PBXNativeTarget;
			buildConfigurationList = 3E1531202110371F0086BBEE /* Build configuration list for PBXNativeTarget "Material" */;
			buildPhases = (
				3E1531182110371F0086BBEE /* Sources */,
				3E1531192110371F0086BBEE /* Frameworks */,
				3E15311A2110371F0086BBEE /* CopyFiles */,
			);
			buildRules = (
			);
			dependencies = (
			);
			name = Material;
			productName = Material;
			productReference = 3E15311C2110371F0086BBEE /* Material */;
			productType = "com.apple.product-type.tool";
		};
		3E15312F211052030086BBEE /* LightMapping */ = {
			isa = PBXNativeTarget;
			buildConfigurationList = 3E153134211052040086BBEE /* Build configuration list for PBXNativeTarget "LightMapping" */;
			buildPhases = (
				3E15312C211052030086BBEE /* Sources */,
				3E15312D211052030086BBEE /* Frameworks */,
				3E15312E211052030086BBEE /* CopyFiles */,
			);
			buildRules = (
			);
			dependencies = (
			);
			name = LightMapping;
			productName = LightMapping;
			productReference = 3E153130211052030086BBEE /* LightMapping */;
			productType = "com.apple.product-type.tool";
		};
		3E15316921119DD90086BBEE /* LightCasters */ = {
			isa = PBXNativeTarget;
			buildConfigurationList = 3E15316E21119DD90086BBEE /* Build configuration list for PBXNativeTarget "LightCasters" */;
			buildPhases = (
				3E15316621119DD90086BBEE /* Sources */,
				3E15316721119DD90086BBEE /* Frameworks */,
				3E15316821119DD90086BBEE /* CopyFiles */,
			);
			buildRules = (
			);
			dependencies = (
			);
			name = LightCasters;
			productName = LightCasters;
			productReference = 3E15316A21119DD90086BBEE /* LightCasters */;
			productType = "com.apple.product-type.tool";
		};
		3E15317D21129CBB0086BBEE /* MultipleLights */ = {
			isa = PBXNativeTarget;
			buildConfigurationList = 3E15318421129CBB0086BBEE /* Build configuration list for PBXNativeTarget "MultipleLights" */;
			buildPhases = (
				3E15317A21129CBB0086BBEE /* Sources */,
				3E15317B21129CBB0086BBEE /* Frameworks */,
				3E15317C21129CBB0086BBEE /* CopyFiles */,
			);
			buildRules = (
			);
			dependencies = (
			);
			name = MultipleLights;
			productName = MultipleLights;
			productReference = 3E15317E21129CBB0086BBEE /* MultipleLights */;
			productType = "com.apple.product-type.tool";
		};
		3E1531AD2113E6C50086BBEE /* HDR */ = {
			isa = PBXNativeTarget;
			buildConfigurationList = 3E1531B42113E6C50086BBEE /* Build configuration list for PBXNativeTarget "HDR" */;
			buildPhases = (
				3E1531AA2113E6C50086BBEE /* Sources */,
				3E1531AB2113E6C50086BBEE /* Frameworks */,
				3E1531AC2113E6C50086BBEE /* CopyFiles */,
			);
			buildRules = (
			);
			dependencies = (
			);
			name = HDR;
			productName = HDR;
			productReference = 3E1531AE2113E6C50086BBEE /* HDR */;
			productType = "com.apple.product-type.tool";
		};
		3E1531C321143BBC0086BBEE /* Bloom */ = {
			isa = PBXNativeTarget;
			buildConfigurationList = 3E1531C821143BBC0086BBEE /* Build configuration list for PBXNativeTarget "Bloom" */;
			buildPhases = (
				3E1531C021143BBC0086BBEE /* Sources */,
				3E1531C121143BBC0086BBEE /* Frameworks */,
				3E1531C221143BBC0086BBEE /* CopyFiles */,
			);
			buildRules = (
			);
			dependencies = (
			);
			name = Bloom;
			productName = Bloom;
			productReference = 3E1531C421143BBC0086BBEE /* Bloom */;
			productType = "com.apple.product-type.tool";
		};
		3E1531DC211452250086BBEE /* Render_to_texture */ = {
			isa = PBXNativeTarget;
			buildConfigurationList = 3E1531E1211452250086BBEE /* Build configuration list for PBXNativeTarget "Render_to_texture" */;
			buildPhases = (
				3E1531D9211452250086BBEE /* Sources */,
				3E1531DA211452250086BBEE /* Frameworks */,
				3E1531DB211452250086BBEE /* CopyFiles */,
			);
			buildRules = (
			);
			dependencies = (
			);
			name = Render_to_texture;
			productName = Render_to_texture;
			productReference = 3E1531DD211452250086BBEE /* Render_to_texture */;
			productType = "com.apple.product-type.tool";
		};
		3E153220211A929D0086BBEE /* Base_Light2.0 */ = {
			isa = PBXNativeTarget;
			buildConfigurationList = 3E153225211A929D0086BBEE /* Build configuration list for PBXNativeTarget "Base_Light2.0" */;
			buildPhases = (
				3E15321D211A929D0086BBEE /* Sources */,
				3E15321E211A929D0086BBEE /* Frameworks */,
				3E15321F211A929D0086BBEE /* CopyFiles */,
			);
			buildRules = (
			);
			dependencies = (
			);
			name = Base_Light2.0;
			productName = Base_Light2.0;
			productReference = 3E153221211A929D0086BBEE /* Base_Light2.0 */;
			productType = "com.apple.product-type.tool";
		};
		3E17F7162125715B00FE4332 /* SkyBox */ = {
			isa = PBXNativeTarget;
			buildConfigurationList = 3E17F71D2125715B00FE4332 /* Build configuration list for PBXNativeTarget "SkyBox" */;
			buildPhases = (
				3E17F7132125715B00FE4332 /* Sources */,
				3E17F7142125715B00FE4332 /* Frameworks */,
				3E17F7152125715B00FE4332 /* CopyFiles */,
			);
			buildRules = (
			);
			dependencies = (
			);
			name = SkyBox;
			productName = SkyBox;
			productReference = 3E17F7172125715B00FE4332 /* SkyBox */;
			productType = "com.apple.product-type.tool";
		};
		3E17F7262125724C00FE4332 /* Instancing */ = {
			isa = PBXNativeTarget;
			buildConfigurationList = 3E17F72B2125724C00FE4332 /* Build configuration list for PBXNativeTarget "Instancing" */;
			buildPhases = (
				3E17F7232125724C00FE4332 /* Sources */,
				3E17F7242125724C00FE4332 /* Frameworks */,
				3E17F7252125724C00FE4332 /* CopyFiles */,
			);
			buildRules = (
			);
			dependencies = (
			);
			name = Instancing;
			productName = Instancing;
			productReference = 3E17F7272125724C00FE4332 /* Instancing */;
			productType = "com.apple.product-type.tool";
		};
		3E4757F221216994000963BA /* TestFFT */ = {
			isa = PBXNativeTarget;
			buildConfigurationList = 3E4757F721216994000963BA /* Build configuration list for PBXNativeTarget "TestFFT" */;
			buildPhases = (
				3E4757EF21216994000963BA /* Sources */,
				3E4757F021216994000963BA /* Frameworks */,
				3E4757F121216994000963BA /* CopyFiles */,
			);
			buildRules = (
			);
			dependencies = (
			);
			name = TestFFT;
			productName = TestFFT;
			productReference = 3E4757F321216994000963BA /* TestFFT */;
			productType = "com.apple.product-type.tool";
		};
/* End PBXNativeTarget section */

/* Begin PBXProject section */
		3E1530D5210EF56B0086BBEE /* Project object */ = {
			isa = PBXProject;
			attributes = {
				LastUpgradeCheck = 0940;
				ORGANIZATIONNAME = boone;
				TargetAttributes = {
					3E0E5FC421352125002B77EB = {
						CreatedOnToolsVersion = 9.4.1;
					};
					3E1530DC210EF56B0086BBEE = {
						CreatedOnToolsVersion = 9.4.1;
					};
					3E1530F3210F096B0086BBEE = {
						CreatedOnToolsVersion = 9.4.1;
					};
					3E153107210F3D3B0086BBEE = {
						CreatedOnToolsVersion = 9.4.1;
					};
					3E15311B2110371F0086BBEE = {
						CreatedOnToolsVersion = 9.4.1;
					};
					3E15312F211052030086BBEE = {
						CreatedOnToolsVersion = 9.4.1;
					};
					3E15316921119DD90086BBEE = {
						CreatedOnToolsVersion = 9.4.1;
					};
					3E15317D21129CBB0086BBEE = {
						CreatedOnToolsVersion = 9.4.1;
					};
					3E1531AD2113E6C50086BBEE = {
						CreatedOnToolsVersion = 9.4.1;
					};
					3E1531C321143BBC0086BBEE = {
						CreatedOnToolsVersion = 9.4.1;
					};
					3E1531DC211452250086BBEE = {
						CreatedOnToolsVersion = 9.4.1;
					};
					3E153220211A929D0086BBEE = {
						CreatedOnToolsVersion = 9.4.1;
					};
					3E17F7162125715B00FE4332 = {
						CreatedOnToolsVersion = 9.4.1;
					};
					3E17F7262125724C00FE4332 = {
						CreatedOnToolsVersion = 9.4.1;
					};
					3E4757F221216994000963BA = {
						CreatedOnToolsVersion = 9.4.1;
					};
				};
			};
			buildConfigurationList = 3E1530D8210EF56B0086BBEE /* Build configuration list for PBXProject "Learning_OpenGL" */;
			compatibilityVersion = "Xcode 9.3";
			developmentRegion = en;
			hasScannedForEncodings = 0;
			knownRegions = (
				en,
			);
			mainGroup = 3E1530D4210EF56B0086BBEE;
			productRefGroup = 3E1530DE210EF56B0086BBEE /* Products */;
			projectDirPath = "";
			projectRoot = "";
			targets = (
				3E1530DC210EF56B0086BBEE /* Learning_OpenGL */,
				3E1530F3210F096B0086BBEE /* Light_Color */,
				3E153107210F3D3B0086BBEE /* Base_Light */,
				3E15311B2110371F0086BBEE /* Material */,
				3E15312F211052030086BBEE /* LightMapping */,
				3E15316921119DD90086BBEE /* LightCasters */,
				3E15317D21129CBB0086BBEE /* MultipleLights */,
				3E1531AD2113E6C50086BBEE /* HDR */,
				3E1531C321143BBC0086BBEE /* Bloom */,
				3E1531DC211452250086BBEE /* Render_to_texture */,
				3E153220211A929D0086BBEE /* Base_Light2.0 */,
				3E4757F221216994000963BA /* TestFFT */,
				3E17F7162125715B00FE4332 /* SkyBox */,
				3E17F7262125724C00FE4332 /* Instancing */,
				3E0E5FC421352125002B77EB /* GLSL */,
			);
		};
/* End PBXProject section */

/* Begin PBXSourcesBuildPhase section */
		3E0E5FC121352125002B77EB /* Sources */ = {
			isa = PBXSourcesBuildPhase;
			buildActionMask = 2147483647;
			files = (
				3E0E5FC821352125002B77EB /* main.cpp in Sources */,
				3E0E5FD02135218E002B77EB /* glad.c in Sources */,
			);
			runOnlyForDeploymentPostprocessing = 0;
		};
		3E1530D9210EF56B0086BBEE /* Sources */ = {
			isa = PBXSourcesBuildPhase;
			buildActionMask = 2147483647;
			files = (
				3E1530E1210EF56B0086BBEE /* main.cpp in Sources */,
				3E1530EF210EF5F20086BBEE /* glad.c in Sources */,
			);
			runOnlyForDeploymentPostprocessing = 0;
		};
		3E1530F0210F096B0086BBEE /* Sources */ = {
			isa = PBXSourcesBuildPhase;
			buildActionMask = 2147483647;
			files = (
				3E1530F7210F096B0086BBEE /* main.cpp in Sources */,
				3E153103210F0B070086BBEE /* glad.c in Sources */,
			);
			runOnlyForDeploymentPostprocessing = 0;
		};
		3E153104210F3D3B0086BBEE /* Sources */ = {
			isa = PBXSourcesBuildPhase;
			buildActionMask = 2147483647;
			files = (
				3E15310B210F3D3B0086BBEE /* main.cpp in Sources */,
				3E153113210F3DB60086BBEE /* glad.c in Sources */,
			);
			runOnlyForDeploymentPostprocessing = 0;
		};
		3E1531182110371F0086BBEE /* Sources */ = {
			isa = PBXSourcesBuildPhase;
			buildActionMask = 2147483647;
			files = (
				3E15311F2110371F0086BBEE /* main.cpp in Sources */,
				3E153127211037460086BBEE /* glad.c in Sources */,
			);
			runOnlyForDeploymentPostprocessing = 0;
		};
		3E15312C211052030086BBEE /* Sources */ = {
			isa = PBXSourcesBuildPhase;
			buildActionMask = 2147483647;
			files = (
				3E153133211052040086BBEE /* main.cpp in Sources */,
				3E153139211052400086BBEE /* glad.c in Sources */,
			);
			runOnlyForDeploymentPostprocessing = 0;
		};
		3E15316621119DD90086BBEE /* Sources */ = {
			isa = PBXSourcesBuildPhase;
			buildActionMask = 2147483647;
			files = (
				3E15316D21119DD90086BBEE /* main.cpp in Sources */,
				3E15317521119E110086BBEE /* glad.c in Sources */,
			);
			runOnlyForDeploymentPostprocessing = 0;
		};
		3E15317A21129CBB0086BBEE /* Sources */ = {
			isa = PBXSourcesBuildPhase;
			buildActionMask = 2147483647;
			files = (
				3E15318121129CBB0086BBEE /* main.cpp in Sources */,
				3E15318921129D1F0086BBEE /* glad.c in Sources */,
			);
			runOnlyForDeploymentPostprocessing = 0;
		};
		3E1531AA2113E6C50086BBEE /* Sources */ = {
			isa = PBXSourcesBuildPhase;
			buildActionMask = 2147483647;
			files = (
				3E1531B12113E6C50086BBEE /* main.cpp in Sources */,
				3E1531B92113E71F0086BBEE /* glad.c in Sources */,
			);
			runOnlyForDeploymentPostprocessing = 0;
		};
		3E1531C021143BBC0086BBEE /* Sources */ = {
			isa = PBXSourcesBuildPhase;
			buildActionMask = 2147483647;
			files = (
				3E1531C721143BBC0086BBEE /* main.cpp in Sources */,
				3E1531CF21143C2E0086BBEE /* glad.c in Sources */,
			);
			runOnlyForDeploymentPostprocessing = 0;
		};
		3E1531D9211452250086BBEE /* Sources */ = {
			isa = PBXSourcesBuildPhase;
			buildActionMask = 2147483647;
			files = (
				3E1531E0211452250086BBEE /* main.cpp in Sources */,
				3E1531E8211452B80086BBEE /* glad.c in Sources */,
			);
			runOnlyForDeploymentPostprocessing = 0;
		};
		3E15321D211A929D0086BBEE /* Sources */ = {
			isa = PBXSourcesBuildPhase;
			buildActionMask = 2147483647;
			files = (
				3E153224211A929D0086BBEE /* main.cpp in Sources */,
				3E15322C211A92E30086BBEE /* glad.c in Sources */,
			);
			runOnlyForDeploymentPostprocessing = 0;
		};
		3E17F7132125715B00FE4332 /* Sources */ = {
			isa = PBXSourcesBuildPhase;
			buildActionMask = 2147483647;
			files = (
				3E17F71A2125715B00FE4332 /* main.cpp in Sources */,
				3E17F722212571D200FE4332 /* glad.c in Sources */,
			);
			runOnlyForDeploymentPostprocessing = 0;
		};
		3E17F7232125724C00FE4332 /* Sources */ = {
			isa = PBXSourcesBuildPhase;
			buildActionMask = 2147483647;
			files = (
				3E17F72A2125724C00FE4332 /* main.cpp in Sources */,
				3E17F7322125728B00FE4332 /* glad.c in Sources */,
			);
			runOnlyForDeploymentPostprocessing = 0;
		};
		3E4757EF21216994000963BA /* Sources */ = {
			isa = PBXSourcesBuildPhase;
			buildActionMask = 2147483647;
			files = (
				3E4757F621216994000963BA /* main.cpp in Sources */,
			);
			runOnlyForDeploymentPostprocessing = 0;
		};
/* End PBXSourcesBuildPhase section */

/* Begin XCBuildConfiguration section */
		3E0E5FC921352125002B77EB /* Debug */ = {
			isa = XCBuildConfiguration;
			buildSettings = {
				CODE_SIGN_STYLE = Automatic;
				HEADER_SEARCH_PATHS = /usr/local/include;
				LIBRARY_SEARCH_PATHS = /usr/local/lib;
				PRODUCT_NAME = "$(TARGET_NAME)";
			};
			name = Debug;
		};
		3E0E5FCA21352125002B77EB /* Release */ = {
			isa = XCBuildConfiguration;
			buildSettings = {
				CODE_SIGN_STYLE = Automatic;
				HEADER_SEARCH_PATHS = /usr/local/include;
				LIBRARY_SEARCH_PATHS = /usr/local/lib;
				PRODUCT_NAME = "$(TARGET_NAME)";
			};
			name = Release;
		};
		3E1530E2210EF56B0086BBEE /* Debug */ = {
			isa = XCBuildConfiguration;
			buildSettings = {
				ALWAYS_SEARCH_USER_PATHS = NO;
				CLANG_ANALYZER_NONNULL = YES;
				CLANG_ANALYZER_NUMBER_OBJECT_CONVERSION = YES_AGGRESSIVE;
				CLANG_CXX_LANGUAGE_STANDARD = "gnu++14";
				CLANG_CXX_LIBRARY = "libc++";
				CLANG_ENABLE_MODULES = YES;
				CLANG_ENABLE_OBJC_ARC = YES;
				CLANG_ENABLE_OBJC_WEAK = YES;
				CLANG_WARN_BLOCK_CAPTURE_AUTORELEASING = YES;
				CLANG_WARN_BOOL_CONVERSION = YES;
				CLANG_WARN_COMMA = YES;
				CLANG_WARN_CONSTANT_CONVERSION = YES;
				CLANG_WARN_DEPRECATED_OBJC_IMPLEMENTATIONS = YES;
				CLANG_WARN_DIRECT_OBJC_ISA_USAGE = YES_ERROR;
				CLANG_WARN_DOCUMENTATION_COMMENTS = YES;
				CLANG_WARN_EMPTY_BODY = YES;
				CLANG_WARN_ENUM_CONVERSION = YES;
				CLANG_WARN_INFINITE_RECURSION = YES;
				CLANG_WARN_INT_CONVERSION = YES;
				CLANG_WARN_NON_LITERAL_NULL_CONVERSION = YES;
				CLANG_WARN_OBJC_IMPLICIT_RETAIN_SELF = YES;
				CLANG_WARN_OBJC_LITERAL_CONVERSION = YES;
				CLANG_WARN_OBJC_ROOT_CLASS = YES_ERROR;
				CLANG_WARN_RANGE_LOOP_ANALYSIS = YES;
				CLANG_WARN_STRICT_PROTOTYPES = YES;
				CLANG_WARN_SUSPICIOUS_MOVE = YES;
				CLANG_WARN_UNGUARDED_AVAILABILITY = YES_AGGRESSIVE;
				CLANG_WARN_UNREACHABLE_CODE = YES;
				CLANG_WARN__DUPLICATE_METHOD_MATCH = YES;
				CODE_SIGN_IDENTITY = "-";
				COPY_PHASE_STRIP = NO;
				DEBUG_INFORMATION_FORMAT = dwarf;
				ENABLE_STRICT_OBJC_MSGSEND = YES;
				ENABLE_TESTABILITY = YES;
				GCC_C_LANGUAGE_STANDARD = gnu11;
				GCC_DYNAMIC_NO_PIC = NO;
				GCC_NO_COMMON_BLOCKS = YES;
				GCC_OPTIMIZATION_LEVEL = 0;
				GCC_PREPROCESSOR_DEFINITIONS = (
					"DEBUG=1",
					"$(inherited)",
				);
				GCC_WARN_64_TO_32_BIT_CONVERSION = YES;
				GCC_WARN_ABOUT_RETURN_TYPE = YES_ERROR;
				GCC_WARN_UNDECLARED_SELECTOR = YES;
				GCC_WARN_UNINITIALIZED_AUTOS = YES_AGGRESSIVE;
				GCC_WARN_UNUSED_FUNCTION = YES;
				GCC_WARN_UNUSED_VARIABLE = YES;
				MACOSX_DEPLOYMENT_TARGET = 10.13;
				MTL_ENABLE_DEBUG_INFO = YES;
				ONLY_ACTIVE_ARCH = YES;
				SDKROOT = macosx;
			};
			name = Debug;
		};
		3E1530E3210EF56B0086BBEE /* Release */ = {
			isa = XCBuildConfiguration;
			buildSettings = {
				ALWAYS_SEARCH_USER_PATHS = NO;
				CLANG_ANALYZER_NONNULL = YES;
				CLANG_ANALYZER_NUMBER_OBJECT_CONVERSION = YES_AGGRESSIVE;
				CLANG_CXX_LANGUAGE_STANDARD = "gnu++14";
				CLANG_CXX_LIBRARY = "libc++";
				CLANG_ENABLE_MODULES = YES;
				CLANG_ENABLE_OBJC_ARC = YES;
				CLANG_ENABLE_OBJC_WEAK = YES;
				CLANG_WARN_BLOCK_CAPTURE_AUTORELEASING = YES;
				CLANG_WARN_BOOL_CONVERSION = YES;
				CLANG_WARN_COMMA = YES;
				CLANG_WARN_CONSTANT_CONVERSION = YES;
				CLANG_WARN_DEPRECATED_OBJC_IMPLEMENTATIONS = YES;
				CLANG_WARN_DIRECT_OBJC_ISA_USAGE = YES_ERROR;
				CLANG_WARN_DOCUMENTATION_COMMENTS = YES;
				CLANG_WARN_EMPTY_BODY = YES;
				CLANG_WARN_ENUM_CONVERSION = YES;
				CLANG_WARN_INFINITE_RECURSION = YES;
				CLANG_WARN_INT_CONVERSION = YES;
				CLANG_WARN_NON_LITERAL_NULL_CONVERSION = YES;
				CLANG_WARN_OBJC_IMPLICIT_RETAIN_SELF = YES;
				CLANG_WARN_OBJC_LITERAL_CONVERSION = YES;
				CLANG_WARN_OBJC_ROOT_CLASS = YES_ERROR;
				CLANG_WARN_RANGE_LOOP_ANALYSIS = YES;
				CLANG_WARN_STRICT_PROTOTYPES = YES;
				CLANG_WARN_SUSPICIOUS_MOVE = YES;
				CLANG_WARN_UNGUARDED_AVAILABILITY = YES_AGGRESSIVE;
				CLANG_WARN_UNREACHABLE_CODE = YES;
				CLANG_WARN__DUPLICATE_METHOD_MATCH = YES;
				CODE_SIGN_IDENTITY = "-";
				COPY_PHASE_STRIP = NO;
				DEBUG_INFORMATION_FORMAT = "dwarf-with-dsym";
				ENABLE_NS_ASSERTIONS = NO;
				ENABLE_STRICT_OBJC_MSGSEND = YES;
				GCC_C_LANGUAGE_STANDARD = gnu11;
				GCC_NO_COMMON_BLOCKS = YES;
				GCC_WARN_64_TO_32_BIT_CONVERSION = YES;
				GCC_WARN_ABOUT_RETURN_TYPE = YES_ERROR;
				GCC_WARN_UNDECLARED_SELECTOR = YES;
				GCC_WARN_UNINITIALIZED_AUTOS = YES_AGGRESSIVE;
				GCC_WARN_UNUSED_FUNCTION = YES;
				GCC_WARN_UNUSED_VARIABLE = YES;
				MACOSX_DEPLOYMENT_TARGET = 10.13;
				MTL_ENABLE_DEBUG_INFO = NO;
				SDKROOT = macosx;
			};
			name = Release;
		};
		3E1530E5210EF56B0086BBEE /* Debug */ = {
			isa = XCBuildConfiguration;
			buildSettings = {
				CODE_SIGN_STYLE = Automatic;
				HEADER_SEARCH_PATHS = /usr/local/include;
				LIBRARY_SEARCH_PATHS = /usr/local/lib;
				PRODUCT_NAME = "$(TARGET_NAME)";
			};
			name = Debug;
		};
		3E1530E6210EF56B0086BBEE /* Release */ = {
			isa = XCBuildConfiguration;
			buildSettings = {
				CODE_SIGN_STYLE = Automatic;
				HEADER_SEARCH_PATHS = /usr/local/include;
				LIBRARY_SEARCH_PATHS = /usr/local/lib;
				PRODUCT_NAME = "$(TARGET_NAME)";
			};
			name = Release;
		};
		3E1530F9210F096B0086BBEE /* Debug */ = {
			isa = XCBuildConfiguration;
			buildSettings = {
				CODE_SIGN_STYLE = Automatic;
				HEADER_SEARCH_PATHS = /usr/local/include;
				LIBRARY_SEARCH_PATHS = /usr/local/lib;
				PRODUCT_NAME = "$(TARGET_NAME)";
			};
			name = Debug;
		};
		3E1530FA210F096B0086BBEE /* Release */ = {
			isa = XCBuildConfiguration;
			buildSettings = {
				CODE_SIGN_STYLE = Automatic;
				HEADER_SEARCH_PATHS = /usr/local/include;
				LIBRARY_SEARCH_PATHS = /usr/local/lib;
				PRODUCT_NAME = "$(TARGET_NAME)";
			};
			name = Release;
		};
		3E15310D210F3D3B0086BBEE /* Debug */ = {
			isa = XCBuildConfiguration;
			buildSettings = {
				CODE_SIGN_STYLE = Automatic;
				HEADER_SEARCH_PATHS = /usr/local/include;
				LIBRARY_SEARCH_PATHS = /usr/local/lib;
				PRODUCT_NAME = "$(TARGET_NAME)";
			};
			name = Debug;
		};
		3E15310E210F3D3B0086BBEE /* Release */ = {
			isa = XCBuildConfiguration;
			buildSettings = {
				CODE_SIGN_STYLE = Automatic;
				HEADER_SEARCH_PATHS = /usr/local/include;
				LIBRARY_SEARCH_PATHS = /usr/local/lib;
				PRODUCT_NAME = "$(TARGET_NAME)";
			};
			name = Release;
		};
		3E1531212110371F0086BBEE /* Debug */ = {
			isa = XCBuildConfiguration;
			buildSettings = {
				CODE_SIGN_STYLE = Automatic;
				HEADER_SEARCH_PATHS = /usr/local/include;
				LIBRARY_SEARCH_PATHS = /usr/local/lib;
				PRODUCT_NAME = "$(TARGET_NAME)";
			};
			name = Debug;
		};
		3E1531222110371F0086BBEE /* Release */ = {
			isa = XCBuildConfiguration;
			buildSettings = {
				CODE_SIGN_STYLE = Automatic;
				HEADER_SEARCH_PATHS = /usr/local/include;
				LIBRARY_SEARCH_PATHS = /usr/local/lib;
				PRODUCT_NAME = "$(TARGET_NAME)";
			};
			name = Release;
		};
		3E153135211052040086BBEE /* Debug */ = {
			isa = XCBuildConfiguration;
			buildSettings = {
				CODE_SIGN_STYLE = Automatic;
				HEADER_SEARCH_PATHS = /usr/local/include;
				LIBRARY_SEARCH_PATHS = /usr/local/lib;
				PRODUCT_NAME = "$(TARGET_NAME)";
			};
			name = Debug;
		};
		3E153136211052040086BBEE /* Release */ = {
			isa = XCBuildConfiguration;
			buildSettings = {
				CODE_SIGN_STYLE = Automatic;
				HEADER_SEARCH_PATHS = /usr/local/include;
				LIBRARY_SEARCH_PATHS = /usr/local/lib;
				PRODUCT_NAME = "$(TARGET_NAME)";
			};
			name = Release;
		};
		3E15316F21119DD90086BBEE /* Debug */ = {
			isa = XCBuildConfiguration;
			buildSettings = {
				CODE_SIGN_STYLE = Automatic;
				HEADER_SEARCH_PATHS = /usr/local/include;
				LIBRARY_SEARCH_PATHS = /usr/local/lib;
				PRODUCT_NAME = "$(TARGET_NAME)";
			};
			name = Debug;
		};
		3E15317021119DD90086BBEE /* Release */ = {
			isa = XCBuildConfiguration;
			buildSettings = {
				CODE_SIGN_STYLE = Automatic;
				HEADER_SEARCH_PATHS = /usr/local/include;
				LIBRARY_SEARCH_PATHS = /usr/local/lib;
				PRODUCT_NAME = "$(TARGET_NAME)";
			};
			name = Release;
		};
		3E15318221129CBB0086BBEE /* Debug */ = {
			isa = XCBuildConfiguration;
			buildSettings = {
				CODE_SIGN_STYLE = Automatic;
				HEADER_SEARCH_PATHS = /usr/local/include;
				LIBRARY_SEARCH_PATHS = /usr/local/lib;
				PRODUCT_NAME = "$(TARGET_NAME)";
			};
			name = Debug;
		};
		3E15318321129CBB0086BBEE /* Release */ = {
			isa = XCBuildConfiguration;
			buildSettings = {
				CODE_SIGN_STYLE = Automatic;
				HEADER_SEARCH_PATHS = /usr/local/include;
				LIBRARY_SEARCH_PATHS = /usr/local/lib;
				PRODUCT_NAME = "$(TARGET_NAME)";
			};
			name = Release;
		};
		3E1531B22113E6C50086BBEE /* Debug */ = {
			isa = XCBuildConfiguration;
			buildSettings = {
				CODE_SIGN_STYLE = Automatic;
				HEADER_SEARCH_PATHS = /usr/local/include;
				LIBRARY_SEARCH_PATHS = /usr/local/lib;
				PRODUCT_NAME = "$(TARGET_NAME)";
			};
			name = Debug;
		};
		3E1531B32113E6C50086BBEE /* Release */ = {
			isa = XCBuildConfiguration;
			buildSettings = {
				CODE_SIGN_STYLE = Automatic;
				HEADER_SEARCH_PATHS = /usr/local/include;
				LIBRARY_SEARCH_PATHS = /usr/local/lib;
				PRODUCT_NAME = "$(TARGET_NAME)";
			};
			name = Release;
		};
		3E1531C921143BBC0086BBEE /* Debug */ = {
			isa = XCBuildConfiguration;
			buildSettings = {
				CODE_SIGN_STYLE = Automatic;
				HEADER_SEARCH_PATHS = /usr/local/include;
				LIBRARY_SEARCH_PATHS = /usr/local/lib;
				PRODUCT_NAME = "$(TARGET_NAME)";
			};
			name = Debug;
		};
		3E1531CA21143BBC0086BBEE /* Release */ = {
			isa = XCBuildConfiguration;
			buildSettings = {
				CODE_SIGN_STYLE = Automatic;
				HEADER_SEARCH_PATHS = /usr/local/include;
				LIBRARY_SEARCH_PATHS = /usr/local/lib;
				PRODUCT_NAME = "$(TARGET_NAME)";
			};
			name = Release;
		};
		3E1531E2211452250086BBEE /* Debug */ = {
			isa = XCBuildConfiguration;
			buildSettings = {
				CODE_SIGN_STYLE = Automatic;
				HEADER_SEARCH_PATHS = /usr/local/include;
				LIBRARY_SEARCH_PATHS = /usr/local/lib;
				PRODUCT_NAME = "$(TARGET_NAME)";
			};
			name = Debug;
		};
		3E1531E3211452250086BBEE /* Release */ = {
			isa = XCBuildConfiguration;
			buildSettings = {
				CODE_SIGN_STYLE = Automatic;
				HEADER_SEARCH_PATHS = /usr/local/include;
				LIBRARY_SEARCH_PATHS = /usr/local/lib;
				PRODUCT_NAME = "$(TARGET_NAME)";
			};
			name = Release;
		};
		3E153226211A929D0086BBEE /* Debug */ = {
			isa = XCBuildConfiguration;
			buildSettings = {
				CODE_SIGN_STYLE = Automatic;
				HEADER_SEARCH_PATHS = /usr/local/include;
				LIBRARY_SEARCH_PATHS = /usr/local/lib;
				PRODUCT_NAME = "$(TARGET_NAME)";
			};
			name = Debug;
		};
		3E153227211A929D0086BBEE /* Release */ = {
			isa = XCBuildConfiguration;
			buildSettings = {
				CODE_SIGN_STYLE = Automatic;
				HEADER_SEARCH_PATHS = /usr/local/include;
				LIBRARY_SEARCH_PATHS = /usr/local/lib;
				PRODUCT_NAME = "$(TARGET_NAME)";
			};
			name = Release;
		};
		3E17F71B2125715B00FE4332 /* Debug */ = {
			isa = XCBuildConfiguration;
			buildSettings = {
				CODE_SIGN_STYLE = Automatic;
				HEADER_SEARCH_PATHS = /usr/local/include;
				LIBRARY_SEARCH_PATHS = /usr/local/lib;
				PRODUCT_NAME = "$(TARGET_NAME)";
			};
			name = Debug;
		};
		3E17F71C2125715B00FE4332 /* Release */ = {
			isa = XCBuildConfiguration;
			buildSettings = {
				CODE_SIGN_STYLE = Automatic;
				HEADER_SEARCH_PATHS = /usr/local/include;
				LIBRARY_SEARCH_PATHS = /usr/local/lib;
				PRODUCT_NAME = "$(TARGET_NAME)";
			};
			name = Release;
		};
		3E17F72C2125724C00FE4332 /* Debug */ = {
			isa = XCBuildConfiguration;
			buildSettings = {
				CODE_SIGN_STYLE = Automatic;
				HEADER_SEARCH_PATHS = /usr/local/include;
				LIBRARY_SEARCH_PATHS = /usr/local/lib;
				PRODUCT_NAME = "$(TARGET_NAME)";
			};
			name = Debug;
		};
		3E17F72D2125724C00FE4332 /* Release */ = {
			isa = XCBuildConfiguration;
			buildSettings = {
				CODE_SIGN_STYLE = Automatic;
				HEADER_SEARCH_PATHS = /usr/local/include;
				LIBRARY_SEARCH_PATHS = /usr/local/lib;
				PRODUCT_NAME = "$(TARGET_NAME)";
			};
			name = Release;
		};
		3E4757F821216994000963BA /* Debug */ = {
			isa = XCBuildConfiguration;
			buildSettings = {
				CODE_SIGN_STYLE = Automatic;
				HEADER_SEARCH_PATHS = /usr/local/include;
				LIBRARY_SEARCH_PATHS = /usr/local/lib;
				PRODUCT_NAME = "$(TARGET_NAME)";
			};
			name = Debug;
		};
		3E4757F921216994000963BA /* Release */ = {
			isa = XCBuildConfiguration;
			buildSettings = {
				CODE_SIGN_STYLE = Automatic;
				HEADER_SEARCH_PATHS = /usr/local/include;
				LIBRARY_SEARCH_PATHS = /usr/local/lib;
				PRODUCT_NAME = "$(TARGET_NAME)";
			};
			name = Release;
		};
/* End XCBuildConfiguration section */

/* Begin XCConfigurationList section */
		3E0E5FCB21352126002B77EB /* Build configuration list for PBXNativeTarget "GLSL" */ = {
			isa = XCConfigurationList;
			buildConfigurations = (
				3E0E5FC921352125002B77EB /* Debug */,
				3E0E5FCA21352125002B77EB /* Release */,
			);
			defaultConfigurationIsVisible = 0;
			defaultConfigurationName = Release;
		};
		3E1530D8210EF56B0086BBEE /* Build configuration list for PBXProject "Learning_OpenGL" */ = {
			isa = XCConfigurationList;
			buildConfigurations = (
				3E1530E2210EF56B0086BBEE /* Debug */,
				3E1530E3210EF56B0086BBEE /* Release */,
			);
			defaultConfigurationIsVisible = 0;
			defaultConfigurationName = Release;
		};
		3E1530E4210EF56B0086BBEE /* Build configuration list for PBXNativeTarget "Learning_OpenGL" */ = {
			isa = XCConfigurationList;
			buildConfigurations = (
				3E1530E5210EF56B0086BBEE /* Debug */,
				3E1530E6210EF56B0086BBEE /* Release */,
			);
			defaultConfigurationIsVisible = 0;
			defaultConfigurationName = Release;
		};
		3E1530F8210F096B0086BBEE /* Build configuration list for PBXNativeTarget "Light_Color" */ = {
			isa = XCConfigurationList;
			buildConfigurations = (
				3E1530F9210F096B0086BBEE /* Debug */,
				3E1530FA210F096B0086BBEE /* Release */,
			);
			defaultConfigurationIsVisible = 0;
			defaultConfigurationName = Release;
		};
		3E15310C210F3D3B0086BBEE /* Build configuration list for PBXNativeTarget "Base_Light" */ = {
			isa = XCConfigurationList;
			buildConfigurations = (
				3E15310D210F3D3B0086BBEE /* Debug */,
				3E15310E210F3D3B0086BBEE /* Release */,
			);
			defaultConfigurationIsVisible = 0;
			defaultConfigurationName = Release;
		};
		3E1531202110371F0086BBEE /* Build configuration list for PBXNativeTarget "Material" */ = {
			isa = XCConfigurationList;
			buildConfigurations = (
				3E1531212110371F0086BBEE /* Debug */,
				3E1531222110371F0086BBEE /* Release */,
			);
			defaultConfigurationIsVisible = 0;
			defaultConfigurationName = Release;
		};
		3E153134211052040086BBEE /* Build configuration list for PBXNativeTarget "LightMapping" */ = {
			isa = XCConfigurationList;
			buildConfigurations = (
				3E153135211052040086BBEE /* Debug */,
				3E153136211052040086BBEE /* Release */,
			);
			defaultConfigurationIsVisible = 0;
			defaultConfigurationName = Release;
		};
		3E15316E21119DD90086BBEE /* Build configuration list for PBXNativeTarget "LightCasters" */ = {
			isa = XCConfigurationList;
			buildConfigurations = (
				3E15316F21119DD90086BBEE /* Debug */,
				3E15317021119DD90086BBEE /* Release */,
			);
			defaultConfigurationIsVisible = 0;
			defaultConfigurationName = Release;
		};
		3E15318421129CBB0086BBEE /* Build configuration list for PBXNativeTarget "MultipleLights" */ = {
			isa = XCConfigurationList;
			buildConfigurations = (
				3E15318221129CBB0086BBEE /* Debug */,
				3E15318321129CBB0086BBEE /* Release */,
			);
			defaultConfigurationIsVisible = 0;
			defaultConfigurationName = Release;
		};
		3E1531B42113E6C50086BBEE /* Build configuration list for PBXNativeTarget "HDR" */ = {
			isa = XCConfigurationList;
			buildConfigurations = (
				3E1531B22113E6C50086BBEE /* Debug */,
				3E1531B32113E6C50086BBEE /* Release */,
			);
			defaultConfigurationIsVisible = 0;
			defaultConfigurationName = Release;
		};
		3E1531C821143BBC0086BBEE /* Build configuration list for PBXNativeTarget "Bloom" */ = {
			isa = XCConfigurationList;
			buildConfigurations = (
				3E1531C921143BBC0086BBEE /* Debug */,
				3E1531CA21143BBC0086BBEE /* Release */,
			);
			defaultConfigurationIsVisible = 0;
			defaultConfigurationName = Release;
		};
		3E1531E1211452250086BBEE /* Build configuration list for PBXNativeTarget "Render_to_texture" */ = {
			isa = XCConfigurationList;
			buildConfigurations = (
				3E1531E2211452250086BBEE /* Debug */,
				3E1531E3211452250086BBEE /* Release */,
			);
			defaultConfigurationIsVisible = 0;
			defaultConfigurationName = Release;
		};
		3E153225211A929D0086BBEE /* Build configuration list for PBXNativeTarget "Base_Light2.0" */ = {
			isa = XCConfigurationList;
			buildConfigurations = (
				3E153226211A929D0086BBEE /* Debug */,
				3E153227211A929D0086BBEE /* Release */,
			);
			defaultConfigurationIsVisible = 0;
			defaultConfigurationName = Release;
		};
		3E17F71D2125715B00FE4332 /* Build configuration list for PBXNativeTarget "SkyBox" */ = {
			isa = XCConfigurationList;
			buildConfigurations = (
				3E17F71B2125715B00FE4332 /* Debug */,
				3E17F71C2125715B00FE4332 /* Release */,
			);
			defaultConfigurationIsVisible = 0;
			defaultConfigurationName = Release;
		};
		3E17F72B2125724C00FE4332 /* Build configuration list for PBXNativeTarget "Instancing" */ = {
			isa = XCConfigurationList;
			buildConfigurations = (
				3E17F72C2125724C00FE4332 /* Debug */,
				3E17F72D2125724C00FE4332 /* Release */,
			);
			defaultConfigurationIsVisible = 0;
			defaultConfigurationName = Release;
		};
		3E4757F721216994000963BA /* Build configuration list for PBXNativeTarget "TestFFT" */ = {
			isa = XCConfigurationList;
			buildConfigurations = (
				3E4757F821216994000963BA /* Debug */,
				3E4757F921216994000963BA /* Release */,
			);
			defaultConfigurationIsVisible = 0;
			defaultConfigurationName = Release;
		};
/* End XCConfigurationList section */
	};
	rootObject = 3E1530D5210EF56B0086BBEE /* Project object */;
}
