// !$*UTF8*$!
{
	archiveVersion = 1;
	classes = {
	};
	objectVersion = 50;
	objects = {

/* Begin PBXBuildFile section */
		3E1530B3210EA0CE0086BBEE /* main.cpp in Sources */ = {isa = PBXBuildFile; fileRef = 3E1530B2210EA0CE0086BBEE /* main.cpp */; };
		3E1530C0210EA0EF0086BBEE /* main.cpp in Sources */ = {isa = PBXBuildFile; fileRef = 3E1530BF210EA0EF0086BBEE /* main.cpp */; };
		3E1530C6210EA1120086BBEE /* OpenGL.framework in Frameworks */ = {isa = PBXBuildFile; fileRef = 3E1530C5210EA1120086BBEE /* OpenGL.framework */; };
		3E1530C8210EA1220086BBEE /* libGLEW.dylib in Frameworks */ = {isa = PBXBuildFile; fileRef = 3E1530C7210EA1220086BBEE /* libGLEW.dylib */; };
		3E1530CA210EA1250086BBEE /* libglfw.dylib in Frameworks */ = {isa = PBXBuildFile; fileRef = 3E1530C9210EA1250086BBEE /* libglfw.dylib */; };
		3E1530CB210EA1810086BBEE /* OpenGL.framework in Frameworks */ = {isa = PBXBuildFile; fileRef = 3E1530C5210EA1120086BBEE /* OpenGL.framework */; };
		3E1530CC210EA18F0086BBEE /* libGLEW.dylib in Frameworks */ = {isa = PBXBuildFile; fileRef = 3E1530C7210EA1220086BBEE /* libGLEW.dylib */; };
		3E1530CD210EA1930086BBEE /* libglfw.dylib in Frameworks */ = {isa = PBXBuildFile; fileRef = 3E1530C9210EA1250086BBEE /* libglfw.dylib */; };
		3E1530D1210EA24A0086BBEE /* glad.c in Sources */ = {isa = PBXBuildFile; fileRef = 3E1530D0210EA24A0086BBEE /* glad.c */; };
		3E1531F42117DB740086BBEE /* main.cpp in Sources */ = {isa = PBXBuildFile; fileRef = 3E1531F32117DB740086BBEE /* main.cpp */; };
		3E1531F82117DB7F0086BBEE /* OpenGL.framework in Frameworks */ = {isa = PBXBuildFile; fileRef = 3E1530C5210EA1120086BBEE /* OpenGL.framework */; };
		3E1531F92117DB870086BBEE /* libGLEW.dylib in Frameworks */ = {isa = PBXBuildFile; fileRef = 3E1530C7210EA1220086BBEE /* libGLEW.dylib */; };
		3E1531FA2117DB8B0086BBEE /* libglfw.dylib in Frameworks */ = {isa = PBXBuildFile; fileRef = 3E1530C9210EA1250086BBEE /* libglfw.dylib */; };
		3E1531FC2117DB980086BBEE /* glad.c in Sources */ = {isa = PBXBuildFile; fileRef = 3E1531FB2117DB980086BBEE /* glad.c */; };
		3E153208211981CC0086BBEE /* main.cpp in Sources */ = {isa = PBXBuildFile; fileRef = 3E153207211981CC0086BBEE /* main.cpp */; };
		3E15320C211981D90086BBEE /* OpenGL.framework in Frameworks */ = {isa = PBXBuildFile; fileRef = 3E1530C5210EA1120086BBEE /* OpenGL.framework */; };
		3E15320D211981DF0086BBEE /* libGLEW.dylib in Frameworks */ = {isa = PBXBuildFile; fileRef = 3E1530C7210EA1220086BBEE /* libGLEW.dylib */; };
		3E15320E211981E20086BBEE /* libglfw.dylib in Frameworks */ = {isa = PBXBuildFile; fileRef = 3E1530C9210EA1250086BBEE /* libglfw.dylib */; };
		3E153210211981F80086BBEE /* glad.c in Sources */ = {isa = PBXBuildFile; fileRef = 3E15320F211981F80086BBEE /* glad.c */; };
		3E17F70F21250BB200FE4332 /* libfftw3_threads.a in Frameworks */ = {isa = PBXBuildFile; fileRef = 3E476A792122B2B4000963BA /* libfftw3_threads.a */; };
		3E17F71021250BB200FE4332 /* libfftw3.a in Frameworks */ = {isa = PBXBuildFile; fileRef = 3E476A7A2122B2B4000963BA /* libfftw3.a */; };
		3E17F71121250BB200FE4332 /* libfftw3f_threads.a in Frameworks */ = {isa = PBXBuildFile; fileRef = 3E476A772122B2B3000963BA /* libfftw3f_threads.a */; };
		3E17F71221250BB200FE4332 /* libfftw3f.a in Frameworks */ = {isa = PBXBuildFile; fileRef = 3E476A782122B2B4000963BA /* libfftw3f.a */; };
		3E17F73A21265AAE00FE4332 /* main.cpp in Sources */ = {isa = PBXBuildFile; fileRef = 3E17F73921265AAE00FE4332 /* main.cpp */; };
		3E17F73E21265AB700FE4332 /* OpenGL.framework in Frameworks */ = {isa = PBXBuildFile; fileRef = 3E1530C5210EA1120086BBEE /* OpenGL.framework */; };
		3E17F73F21265ACC00FE4332 /* libGLEW.dylib in Frameworks */ = {isa = PBXBuildFile; fileRef = 3E1530C7210EA1220086BBEE /* libGLEW.dylib */; };
		3E17F74021265ACC00FE4332 /* libglfw.dylib in Frameworks */ = {isa = PBXBuildFile; fileRef = 3E1530C9210EA1250086BBEE /* libglfw.dylib */; };
		3E17F74121265AD400FE4332 /* libfftw3_threads.a in Frameworks */ = {isa = PBXBuildFile; fileRef = 3E476A792122B2B4000963BA /* libfftw3_threads.a */; };
		3E17F74221265AD400FE4332 /* libfftw3.a in Frameworks */ = {isa = PBXBuildFile; fileRef = 3E476A7A2122B2B4000963BA /* libfftw3.a */; };
		3E17F74321265AD500FE4332 /* libfftw3f_threads.a in Frameworks */ = {isa = PBXBuildFile; fileRef = 3E476A772122B2B3000963BA /* libfftw3f_threads.a */; };
		3E17F74421265AD500FE4332 /* libfftw3f.a in Frameworks */ = {isa = PBXBuildFile; fileRef = 3E476A782122B2B4000963BA /* libfftw3f.a */; };
		3E17F74621265B2400FE4332 /* glad.c in Sources */ = {isa = PBXBuildFile; fileRef = 3E17F74521265B2400FE4332 /* glad.c */; };
		3E475AFC21217B64000963BA /* glad.c in Sources */ = {isa = PBXBuildFile; fileRef = 3E475AFB21217B64000963BA /* glad.c */; };
		3E476A702122B292000963BA /* main.cpp in Sources */ = {isa = PBXBuildFile; fileRef = 3E476A6F2122B292000963BA /* main.cpp */; };
		3E476A742122B29E000963BA /* OpenGL.framework in Frameworks */ = {isa = PBXBuildFile; fileRef = 3E1530C5210EA1120086BBEE /* OpenGL.framework */; };
		3E476A752122B2A8000963BA /* libGLEW.dylib in Frameworks */ = {isa = PBXBuildFile; fileRef = 3E1530C7210EA1220086BBEE /* libGLEW.dylib */; };
		3E476A762122B2AC000963BA /* libglfw.dylib in Frameworks */ = {isa = PBXBuildFile; fileRef = 3E1530C9210EA1250086BBEE /* libglfw.dylib */; };
		3E476A7B2122B2B4000963BA /* libfftw3f_threads.a in Frameworks */ = {isa = PBXBuildFile; fileRef = 3E476A772122B2B3000963BA /* libfftw3f_threads.a */; };
		3E476A7C2122B2B4000963BA /* libfftw3f.a in Frameworks */ = {isa = PBXBuildFile; fileRef = 3E476A782122B2B4000963BA /* libfftw3f.a */; };
		3E476A7D2122B2B4000963BA /* libfftw3_threads.a in Frameworks */ = {isa = PBXBuildFile; fileRef = 3E476A792122B2B4000963BA /* libfftw3_threads.a */; };
		3E476A7E2122B2B4000963BA /* libfftw3.a in Frameworks */ = {isa = PBXBuildFile; fileRef = 3E476A7A2122B2B4000963BA /* libfftw3.a */; };
		3E476A872122B3D6000963BA /* glad.c in Sources */ = {isa = PBXBuildFile; fileRef = 3E476A862122B3D6000963BA /* glad.c */; };
		3E476A8F2122C738000963BA /* main.cpp in Sources */ = {isa = PBXBuildFile; fileRef = 3E476A8E2122C738000963BA /* main.cpp */; };
		3E476A932122C75D000963BA /* OpenGL.framework in Frameworks */ = {isa = PBXBuildFile; fileRef = 3E1530C5210EA1120086BBEE /* OpenGL.framework */; };
		3E476A942122C766000963BA /* libGLEW.dylib in Frameworks */ = {isa = PBXBuildFile; fileRef = 3E1530C7210EA1220086BBEE /* libGLEW.dylib */; };
		3E476A952122C768000963BA /* libglfw.dylib in Frameworks */ = {isa = PBXBuildFile; fileRef = 3E1530C9210EA1250086BBEE /* libglfw.dylib */; };
		3E476A962122C771000963BA /* libfftw3_threads.a in Frameworks */ = {isa = PBXBuildFile; fileRef = 3E476A792122B2B4000963BA /* libfftw3_threads.a */; };
		3E476A972122C771000963BA /* libfftw3.a in Frameworks */ = {isa = PBXBuildFile; fileRef = 3E476A7A2122B2B4000963BA /* libfftw3.a */; };
		3E476A982122C771000963BA /* libfftw3f_threads.a in Frameworks */ = {isa = PBXBuildFile; fileRef = 3E476A772122B2B3000963BA /* libfftw3f_threads.a */; };
		3E476A992122C771000963BA /* libfftw3f.a in Frameworks */ = {isa = PBXBuildFile; fileRef = 3E476A782122B2B4000963BA /* libfftw3f.a */; };
		3E476A9B2122C78E000963BA /* glad.c in Sources */ = {isa = PBXBuildFile; fileRef = 3E476A9A2122C78E000963BA /* glad.c */; };
/* End PBXBuildFile section */

/* Begin PBXCopyFilesBuildPhase section */
		3E1530AD210EA0CE0086BBEE /* CopyFiles */ = {
			isa = PBXCopyFilesBuildPhase;
			buildActionMask = 2147483647;
			dstPath = /usr/share/man/man1/;
			dstSubfolderSpec = 0;
			files = (
			);
			runOnlyForDeploymentPostprocessing = 1;
		};
		3E1530BB210EA0EF0086BBEE /* CopyFiles */ = {
			isa = PBXCopyFilesBuildPhase;
			buildActionMask = 2147483647;
			dstPath = /usr/share/man/man1/;
			dstSubfolderSpec = 0;
			files = (
			);
			runOnlyForDeploymentPostprocessing = 1;
		};
		3E1531EF2117DB740086BBEE /* CopyFiles */ = {
			isa = PBXCopyFilesBuildPhase;
			buildActionMask = 2147483647;
			dstPath = /usr/share/man/man1/;
			dstSubfolderSpec = 0;
			files = (
			);
			runOnlyForDeploymentPostprocessing = 1;
		};
		3E153203211981CC0086BBEE /* CopyFiles */ = {
			isa = PBXCopyFilesBuildPhase;
			buildActionMask = 2147483647;
			dstPath = /usr/share/man/man1/;
			dstSubfolderSpec = 0;
			files = (
			);
			runOnlyForDeploymentPostprocessing = 1;
		};
		3E17F73521265AAE00FE4332 /* CopyFiles */ = {
			isa = PBXCopyFilesBuildPhase;
			buildActionMask = 2147483647;
			dstPath = /usr/share/man/man1/;
			dstSubfolderSpec = 0;
			files = (
			);
			runOnlyForDeploymentPostprocessing = 1;
		};
		3E476A6B2122B292000963BA /* CopyFiles */ = {
			isa = PBXCopyFilesBuildPhase;
			buildActionMask = 2147483647;
			dstPath = /usr/share/man/man1/;
			dstSubfolderSpec = 0;
			files = (
			);
			runOnlyForDeploymentPostprocessing = 1;
		};
		3E476A8A2122C738000963BA /* CopyFiles */ = {
			isa = PBXCopyFilesBuildPhase;
			buildActionMask = 2147483647;
			dstPath = /usr/share/man/man1/;
			dstSubfolderSpec = 0;
			files = (
			);
			runOnlyForDeploymentPostprocessing = 1;
		};
/* End PBXCopyFilesBuildPhase section */

/* Begin PBXFileReference section */
		3E1530AF210EA0CE0086BBEE /* Spectrum */ = {isa = PBXFileReference; explicitFileType = "compiled.mach-o.executable"; includeInIndex = 0; path = Spectrum; sourceTree = BUILT_PRODUCTS_DIR; };
		3E1530B2210EA0CE0086BBEE /* main.cpp */ = {isa = PBXFileReference; lastKnownFileType = sourcecode.cpp.cpp; path = main.cpp; sourceTree = "<group>"; };
		3E1530BD210EA0EF0086BBEE /* Test */ = {isa = PBXFileReference; explicitFileType = "compiled.mach-o.executable"; includeInIndex = 0; path = Test; sourceTree = BUILT_PRODUCTS_DIR; };
		3E1530BF210EA0EF0086BBEE /* main.cpp */ = {isa = PBXFileReference; lastKnownFileType = sourcecode.cpp.cpp; path = main.cpp; sourceTree = "<group>"; };
		3E1530C5210EA1120086BBEE /* OpenGL.framework */ = {isa = PBXFileReference; lastKnownFileType = wrapper.framework; name = OpenGL.framework; path = System/Library/Frameworks/OpenGL.framework; sourceTree = SDKROOT; };
		3E1530C7210EA1220086BBEE /* libGLEW.dylib */ = {isa = PBXFileReference; lastKnownFileType = "compiled.mach-o.dylib"; name = libGLEW.dylib; path = ../../../../CODE/OpenGL/libGLEW.dylib; sourceTree = "<group>"; };
		3E1530C9210EA1250086BBEE /* libglfw.dylib */ = {isa = PBXFileReference; lastKnownFileType = "compiled.mach-o.dylib"; name = libglfw.dylib; path = ../../../../CODE/OpenGL/libglfw.dylib; sourceTree = "<group>"; };
		3E1530D0210EA24A0086BBEE /* glad.c */ = {isa = PBXFileReference; fileEncoding = 4; lastKnownFileType = sourcecode.c.c; path = glad.c; sourceTree = "<group>"; };
		3E1531F12117DB740086BBEE /* Spectrum2.0 */ = {isa = PBXFileReference; explicitFileType = "compiled.mach-o.executable"; includeInIndex = 0; path = Spectrum2.0; sourceTree = BUILT_PRODUCTS_DIR; };
		3E1531F32117DB740086BBEE /* main.cpp */ = {isa = PBXFileReference; lastKnownFileType = sourcecode.cpp.cpp; path = main.cpp; sourceTree = "<group>"; };
		3E1531FB2117DB980086BBEE /* glad.c */ = {isa = PBXFileReference; fileEncoding = 4; lastKnownFileType = sourcecode.c.c; path = glad.c; sourceTree = "<group>"; };
		3E1531FF2117EB120086BBEE /* spectrum.fs */ = {isa = PBXFileReference; fileEncoding = 4; lastKnownFileType = sourcecode.glsl; path = spectrum.fs; sourceTree = "<group>"; };
		3E1532002117EB120086BBEE /* spectrum.vs */ = {isa = PBXFileReference; fileEncoding = 4; lastKnownFileType = sourcecode.glsl; path = spectrum.vs; sourceTree = "<group>"; };
		3E153205211981CC0086BBEE /* Spectrum3.0 */ = {isa = PBXFileReference; explicitFileType = "compiled.mach-o.executable"; includeInIndex = 0; path = Spectrum3.0; sourceTree = BUILT_PRODUCTS_DIR; };
		3E153207211981CC0086BBEE /* main.cpp */ = {isa = PBXFileReference; lastKnownFileType = sourcecode.cpp.cpp; path = main.cpp; sourceTree = "<group>"; };
		3E15320F211981F80086BBEE /* glad.c */ = {isa = PBXFileReference; fileEncoding = 4; lastKnownFileType = sourcecode.c.c; path = glad.c; sourceTree = "<group>"; };
		3E1532112119827A0086BBEE /* spectrum.vs */ = {isa = PBXFileReference; fileEncoding = 4; lastKnownFileType = sourcecode.glsl; path = spectrum.vs; sourceTree = "<group>"; };
		3E1532122119827A0086BBEE /* spectrum.fs */ = {isa = PBXFileReference; fileEncoding = 4; lastKnownFileType = sourcecode.glsl; path = spectrum.fs; sourceTree = "<group>"; };
		3E15321B2119BF000086BBEE /* spectrum.fs */ = {isa = PBXFileReference; fileEncoding = 4; lastKnownFileType = sourcecode.glsl; path = spectrum.fs; sourceTree = "<group>"; };
		3E15321C2119BF000086BBEE /* spectrum.vs */ = {isa = PBXFileReference; fileEncoding = 4; lastKnownFileType = sourcecode.glsl; path = spectrum.vs; sourceTree = "<group>"; };
		3E17F73721265AAE00FE4332 /* Spectrum6.0 */ = {isa = PBXFileReference; explicitFileType = "compiled.mach-o.executable"; includeInIndex = 0; path = Spectrum6.0; sourceTree = BUILT_PRODUCTS_DIR; };
		3E17F73921265AAE00FE4332 /* main.cpp */ = {isa = PBXFileReference; lastKnownFileType = sourcecode.cpp.cpp; path = main.cpp; sourceTree = "<group>"; };
		3E17F74521265B2400FE4332 /* glad.c */ = {isa = PBXFileReference; fileEncoding = 4; lastKnownFileType = sourcecode.c.c; path = glad.c; sourceTree = "<group>"; };
		3E475AFB21217B64000963BA /* glad.c */ = {isa = PBXFileReference; fileEncoding = 4; lastKnownFileType = sourcecode.c.c; path = glad.c; sourceTree = "<group>"; };
		3E476A6D2122B292000963BA /* Spectrum4.0 */ = {isa = PBXFileReference; explicitFileType = "compiled.mach-o.executable"; includeInIndex = 0; path = Spectrum4.0; sourceTree = BUILT_PRODUCTS_DIR; };
		3E476A6F2122B292000963BA /* main.cpp */ = {isa = PBXFileReference; lastKnownFileType = sourcecode.cpp.cpp; path = main.cpp; sourceTree = "<group>"; };
		3E476A772122B2B3000963BA /* libfftw3f_threads.a */ = {isa = PBXFileReference; lastKnownFileType = archive.ar; name = libfftw3f_threads.a; path = ../../../../CODE/OpenGL/fftw3/libfftw3f_threads.a; sourceTree = "<group>"; };
		3E476A782122B2B4000963BA /* libfftw3f.a */ = {isa = PBXFileReference; lastKnownFileType = archive.ar; name = libfftw3f.a; path = ../../../../CODE/OpenGL/fftw3/libfftw3f.a; sourceTree = "<group>"; };
		3E476A792122B2B4000963BA /* libfftw3_threads.a */ = {isa = PBXFileReference; lastKnownFileType = archive.ar; name = libfftw3_threads.a; path = ../../../../CODE/OpenGL/fftw3/libfftw3_threads.a; sourceTree = "<group>"; };
		3E476A7A2122B2B4000963BA /* libfftw3.a */ = {isa = PBXFileReference; lastKnownFileType = archive.ar; name = libfftw3.a; path = ../../../../CODE/OpenGL/fftw3/libfftw3.a; sourceTree = "<group>"; };
		3E476A802122B3BD000963BA /* wave.vs */ = {isa = PBXFileReference; fileEncoding = 4; lastKnownFileType = sourcecode.glsl; path = wave.vs; sourceTree = "<group>"; };
		3E476A812122B3BD000963BA /* point.fs */ = {isa = PBXFileReference; fileEncoding = 4; lastKnownFileType = sourcecode.glsl; path = point.fs; sourceTree = "<group>"; };
		3E476A822122B3BD000963BA /* spectrum.fs */ = {isa = PBXFileReference; fileEncoding = 4; lastKnownFileType = sourcecode.glsl; path = spectrum.fs; sourceTree = "<group>"; };
		3E476A832122B3BD000963BA /* spectrum.vs */ = {isa = PBXFileReference; fileEncoding = 4; lastKnownFileType = sourcecode.glsl; path = spectrum.vs; sourceTree = "<group>"; };
		3E476A842122B3BD000963BA /* point.vs */ = {isa = PBXFileReference; fileEncoding = 4; lastKnownFileType = sourcecode.glsl; path = point.vs; sourceTree = "<group>"; };
		3E476A852122B3BD000963BA /* wave.fs */ = {isa = PBXFileReference; fileEncoding = 4; lastKnownFileType = sourcecode.glsl; path = wave.fs; sourceTree = "<group>"; };
		3E476A862122B3D6000963BA /* glad.c */ = {isa = PBXFileReference; fileEncoding = 4; lastKnownFileType = sourcecode.c.c; path = glad.c; sourceTree = "<group>"; };
		3E476A8C2122C738000963BA /* Spectrum5.0 */ = {isa = PBXFileReference; explicitFileType = "compiled.mach-o.executable"; includeInIndex = 0; path = Spectrum5.0; sourceTree = BUILT_PRODUCTS_DIR; };
		3E476A8E2122C738000963BA /* main.cpp */ = {isa = PBXFileReference; lastKnownFileType = sourcecode.cpp.cpp; path = main.cpp; sourceTree = "<group>"; };
		3E476A9A2122C78E000963BA /* glad.c */ = {isa = PBXFileReference; fileEncoding = 4; lastKnownFileType = sourcecode.c.c; path = glad.c; sourceTree = "<group>"; };
		3E476A9C2122C7D5000963BA /* spectrum.fs */ = {isa = PBXFileReference; fileEncoding = 4; lastKnownFileType = sourcecode.glsl; path = spectrum.fs; sourceTree = "<group>"; };
		3E476A9D2122C7D5000963BA /* spectrum.vs */ = {isa = PBXFileReference; fileEncoding = 4; lastKnownFileType = sourcecode.glsl; path = spectrum.vs; sourceTree = "<group>"; };
/* End PBXFileReference section */

/* Begin PBXFrameworksBuildPhase section */
		3E1530AC210EA0CE0086BBEE /* Frameworks */ = {
			isa = PBXFrameworksBuildPhase;
			buildActionMask = 2147483647;
			files = (
				3E1530CB210EA1810086BBEE /* OpenGL.framework in Frameworks */,
				3E1530CC210EA18F0086BBEE /* libGLEW.dylib in Frameworks */,
				3E1530CD210EA1930086BBEE /* libglfw.dylib in Frameworks */,
			);
			runOnlyForDeploymentPostprocessing = 0;
		};
		3E1530BA210EA0EF0086BBEE /* Frameworks */ = {
			isa = PBXFrameworksBuildPhase;
			buildActionMask = 2147483647;
			files = (
				3E1530C6210EA1120086BBEE /* OpenGL.framework in Frameworks */,
				3E1530C8210EA1220086BBEE /* libGLEW.dylib in Frameworks */,
				3E1530CA210EA1250086BBEE /* libglfw.dylib in Frameworks */,
				3E17F70F21250BB200FE4332 /* libfftw3_threads.a in Frameworks */,
				3E17F71021250BB200FE4332 /* libfftw3.a in Frameworks */,
				3E17F71121250BB200FE4332 /* libfftw3f_threads.a in Frameworks */,
				3E17F71221250BB200FE4332 /* libfftw3f.a in Frameworks */,
			);
			runOnlyForDeploymentPostprocessing = 0;
		};
		3E1531EE2117DB740086BBEE /* Frameworks */ = {
			isa = PBXFrameworksBuildPhase;
			buildActionMask = 2147483647;
			files = (
				3E1531F82117DB7F0086BBEE /* OpenGL.framework in Frameworks */,
				3E1531F92117DB870086BBEE /* libGLEW.dylib in Frameworks */,
				3E1531FA2117DB8B0086BBEE /* libglfw.dylib in Frameworks */,
			);
			runOnlyForDeploymentPostprocessing = 0;
		};
		3E153202211981CC0086BBEE /* Frameworks */ = {
			isa = PBXFrameworksBuildPhase;
			buildActionMask = 2147483647;
			files = (
				3E15320C211981D90086BBEE /* OpenGL.framework in Frameworks */,
				3E15320D211981DF0086BBEE /* libGLEW.dylib in Frameworks */,
				3E15320E211981E20086BBEE /* libglfw.dylib in Frameworks */,
			);
			runOnlyForDeploymentPostprocessing = 0;
		};
		3E17F73421265AAE00FE4332 /* Frameworks */ = {
			isa = PBXFrameworksBuildPhase;
			buildActionMask = 2147483647;
			files = (
				3E17F73E21265AB700FE4332 /* OpenGL.framework in Frameworks */,
				3E17F73F21265ACC00FE4332 /* libGLEW.dylib in Frameworks */,
				3E17F74021265ACC00FE4332 /* libglfw.dylib in Frameworks */,
				3E17F74121265AD400FE4332 /* libfftw3_threads.a in Frameworks */,
				3E17F74221265AD400FE4332 /* libfftw3.a in Frameworks */,
				3E17F74321265AD500FE4332 /* libfftw3f_threads.a in Frameworks */,
				3E17F74421265AD500FE4332 /* libfftw3f.a in Frameworks */,
			);
			runOnlyForDeploymentPostprocessing = 0;
		};
		3E476A6A2122B292000963BA /* Frameworks */ = {
			isa = PBXFrameworksBuildPhase;
			buildActionMask = 2147483647;
			files = (
				3E476A742122B29E000963BA /* OpenGL.framework in Frameworks */,
				3E476A7B2122B2B4000963BA /* libfftw3f_threads.a in Frameworks */,
				3E476A7C2122B2B4000963BA /* libfftw3f.a in Frameworks */,
				3E476A7D2122B2B4000963BA /* libfftw3_threads.a in Frameworks */,
				3E476A7E2122B2B4000963BA /* libfftw3.a in Frameworks */,
				3E476A752122B2A8000963BA /* libGLEW.dylib in Frameworks */,
				3E476A762122B2AC000963BA /* libglfw.dylib in Frameworks */,
			);
			runOnlyForDeploymentPostprocessing = 0;
		};
		3E476A892122C738000963BA /* Frameworks */ = {
			isa = PBXFrameworksBuildPhase;
			buildActionMask = 2147483647;
			files = (
				3E476A932122C75D000963BA /* OpenGL.framework in Frameworks */,
				3E476A962122C771000963BA /* libfftw3_threads.a in Frameworks */,
				3E476A972122C771000963BA /* libfftw3.a in Frameworks */,
				3E476A982122C771000963BA /* libfftw3f_threads.a in Frameworks */,
				3E476A992122C771000963BA /* libfftw3f.a in Frameworks */,
				3E476A942122C766000963BA /* libGLEW.dylib in Frameworks */,
				3E476A952122C768000963BA /* libglfw.dylib in Frameworks */,
			);
			runOnlyForDeploymentPostprocessing = 0;
		};
/* End PBXFrameworksBuildPhase section */

/* Begin PBXGroup section */
		3E1530A6210EA0CE0086BBEE = {
			isa = PBXGroup;
			children = (
				3E1530BE210EA0EF0086BBEE /* Test */,
				3E1530B1210EA0CE0086BBEE /* Spectrum */,
				3E1531F22117DB740086BBEE /* Spectrum2.0 */,
				3E153206211981CC0086BBEE /* Spectrum3.0 */,
				3E476A6E2122B292000963BA /* Spectrum4.0 */,
				3E476A8D2122C738000963BA /* Spectrum5.0 */,
				3E17F73821265AAE00FE4332 /* Spectrum6.0 */,
				3E1530B0210EA0CE0086BBEE /* Products */,
				3E1530C4210EA1110086BBEE /* Frameworks */,
			);
			sourceTree = "<group>";
		};
		3E1530B0210EA0CE0086BBEE /* Products */ = {
			isa = PBXGroup;
			children = (
				3E1530AF210EA0CE0086BBEE /* Spectrum */,
				3E1530BD210EA0EF0086BBEE /* Test */,
				3E1531F12117DB740086BBEE /* Spectrum2.0 */,
				3E153205211981CC0086BBEE /* Spectrum3.0 */,
				3E476A6D2122B292000963BA /* Spectrum4.0 */,
				3E476A8C2122C738000963BA /* Spectrum5.0 */,
				3E17F73721265AAE00FE4332 /* Spectrum6.0 */,
			);
			name = Products;
			sourceTree = "<group>";
		};
		3E1530B1210EA0CE0086BBEE /* Spectrum */ = {
			isa = PBXGroup;
			children = (
				3E1530D0210EA24A0086BBEE /* glad.c */,
				3E1530B2210EA0CE0086BBEE /* main.cpp */,
			);
			path = Spectrum;
			sourceTree = "<group>";
		};
		3E1530BE210EA0EF0086BBEE /* Test */ = {
			isa = PBXGroup;
			children = (
				3E15321B2119BF000086BBEE /* spectrum.fs */,
				3E15321C2119BF000086BBEE /* spectrum.vs */,
				3E475AFB21217B64000963BA /* glad.c */,
				3E1530BF210EA0EF0086BBEE /* main.cpp */,
			);
			path = Test;
			sourceTree = "<group>";
		};
		3E1530C4210EA1110086BBEE /* Frameworks */ = {
			isa = PBXGroup;
			children = (
				3E476A792122B2B4000963BA /* libfftw3_threads.a */,
				3E476A7A2122B2B4000963BA /* libfftw3.a */,
				3E476A772122B2B3000963BA /* libfftw3f_threads.a */,
				3E476A782122B2B4000963BA /* libfftw3f.a */,
				3E1530C9210EA1250086BBEE /* libglfw.dylib */,
				3E1530C7210EA1220086BBEE /* libGLEW.dylib */,
				3E1530C5210EA1120086BBEE /* OpenGL.framework */,
			);
			name = Frameworks;
			sourceTree = "<group>";
		};
		3E1531F22117DB740086BBEE /* Spectrum2.0 */ = {
			isa = PBXGroup;
			children = (
				3E1531FF2117EB120086BBEE /* spectrum.fs */,
				3E1532002117EB120086BBEE /* spectrum.vs */,
				3E1531FB2117DB980086BBEE /* glad.c */,
				3E1531F32117DB740086BBEE /* main.cpp */,
			);
			path = Spectrum2.0;
			sourceTree = "<group>";
		};
		3E153206211981CC0086BBEE /* Spectrum3.0 */ = {
			isa = PBXGroup;
			children = (
				3E1532122119827A0086BBEE /* spectrum.fs */,
				3E1532112119827A0086BBEE /* spectrum.vs */,
				3E15320F211981F80086BBEE /* glad.c */,
				3E153207211981CC0086BBEE /* main.cpp */,
			);
			path = Spectrum3.0;
			sourceTree = "<group>";
		};
		3E17F73821265AAE00FE4332 /* Spectrum6.0 */ = {
			isa = PBXGroup;
			children = (
				3E17F73921265AAE00FE4332 /* main.cpp */,
				3E17F74521265B2400FE4332 /* glad.c */,
			);
			path = Spectrum6.0;
			sourceTree = "<group>";
		};
		3E476A6E2122B292000963BA /* Spectrum4.0 */ = {
			isa = PBXGroup;
			children = (
				3E476A7F2122B3BD000963BA /* shader */,
				3E476A6F2122B292000963BA /* main.cpp */,
				3E476A862122B3D6000963BA /* glad.c */,
			);
			path = Spectrum4.0;
			sourceTree = "<group>";
		};
		3E476A7F2122B3BD000963BA /* shader */ = {
			isa = PBXGroup;
			children = (
				3E476A802122B3BD000963BA /* wave.vs */,
				3E476A812122B3BD000963BA /* point.fs */,
				3E476A822122B3BD000963BA /* spectrum.fs */,
				3E476A832122B3BD000963BA /* spectrum.vs */,
				3E476A842122B3BD000963BA /* point.vs */,
				3E476A852122B3BD000963BA /* wave.fs */,
			);
			path = shader;
			sourceTree = "<group>";
		};
		3E476A8D2122C738000963BA /* Spectrum5.0 */ = {
			isa = PBXGroup;
			children = (
				3E476A9C2122C7D5000963BA /* spectrum.fs */,
				3E476A9D2122C7D5000963BA /* spectrum.vs */,
				3E476A9A2122C78E000963BA /* glad.c */,
				3E476A8E2122C738000963BA /* main.cpp */,
			);
			path = Spectrum5.0;
			sourceTree = "<group>";
		};
/* End PBXGroup section */

/* Begin PBXNativeTarget section */
		3E1530AE210EA0CE0086BBEE /* Spectrum */ = {
			isa = PBXNativeTarget;
			buildConfigurationList = 3E1530B6210EA0CE0086BBEE /* Build configuration list for PBXNativeTarget "Spectrum" */;
			buildPhases = (
				3E1530AB210EA0CE0086BBEE /* Sources */,
				3E1530AC210EA0CE0086BBEE /* Frameworks */,
				3E1530AD210EA0CE0086BBEE /* CopyFiles */,
			);
			buildRules = (
			);
			dependencies = (
			);
			name = Spectrum;
			productName = Spectrum;
			productReference = 3E1530AF210EA0CE0086BBEE /* Spectrum */;
			productType = "com.apple.product-type.tool";
		};
		3E1530BC210EA0EF0086BBEE /* Test */ = {
			isa = PBXNativeTarget;
			buildConfigurationList = 3E1530C1210EA0EF0086BBEE /* Build configuration list for PBXNativeTarget "Test" */;
			buildPhases = (
				3E1530B9210EA0EF0086BBEE /* Sources */,
				3E1530BA210EA0EF0086BBEE /* Frameworks */,
				3E1530BB210EA0EF0086BBEE /* CopyFiles */,
			);
			buildRules = (
			);
			dependencies = (
			);
			name = Test;
			productName = Test;
			productReference = 3E1530BD210EA0EF0086BBEE /* Test */;
			productType = "com.apple.product-type.tool";
		};
		3E1531F02117DB740086BBEE /* Spectrum2.0 */ = {
			isa = PBXNativeTarget;
			buildConfigurationList = 3E1531F72117DB740086BBEE /* Build configuration list for PBXNativeTarget "Spectrum2.0" */;
			buildPhases = (
				3E1531ED2117DB740086BBEE /* Sources */,
				3E1531EE2117DB740086BBEE /* Frameworks */,
				3E1531EF2117DB740086BBEE /* CopyFiles */,
			);
			buildRules = (
			);
			dependencies = (
			);
			name = Spectrum2.0;
			productName = Spectrum2.0;
			productReference = 3E1531F12117DB740086BBEE /* Spectrum2.0 */;
			productType = "com.apple.product-type.tool";
		};
		3E153204211981CC0086BBEE /* Spectrum3.0 */ = {
			isa = PBXNativeTarget;
			buildConfigurationList = 3E153209211981CC0086BBEE /* Build configuration list for PBXNativeTarget "Spectrum3.0" */;
			buildPhases = (
				3E153201211981CC0086BBEE /* Sources */,
				3E153202211981CC0086BBEE /* Frameworks */,
				3E153203211981CC0086BBEE /* CopyFiles */,
			);
			buildRules = (
			);
			dependencies = (
			);
			name = Spectrum3.0;
			productName = Spectrum3.0;
			productReference = 3E153205211981CC0086BBEE /* Spectrum3.0 */;
			productType = "com.apple.product-type.tool";
		};
		3E17F73621265AAE00FE4332 /* Spectrum6.0 */ = {
			isa = PBXNativeTarget;
			buildConfigurationList = 3E17F73D21265AAE00FE4332 /* Build configuration list for PBXNativeTarget "Spectrum6.0" */;
			buildPhases = (
				3E17F73321265AAE00FE4332 /* Sources */,
				3E17F73421265AAE00FE4332 /* Frameworks */,
				3E17F73521265AAE00FE4332 /* CopyFiles */,
			);
			buildRules = (
			);
			dependencies = (
			);
			name = Spectrum6.0;
			productName = Spectrum6.0;
			productReference = 3E17F73721265AAE00FE4332 /* Spectrum6.0 */;
			productType = "com.apple.product-type.tool";
		};
		3E476A6C2122B292000963BA /* Spectrum4.0 */ = {
			isa = PBXNativeTarget;
			buildConfigurationList = 3E476A732122B292000963BA /* Build configuration list for PBXNativeTarget "Spectrum4.0" */;
			buildPhases = (
				3E476A692122B292000963BA /* Sources */,
				3E476A6A2122B292000963BA /* Frameworks */,
				3E476A6B2122B292000963BA /* CopyFiles */,
			);
			buildRules = (
			);
			dependencies = (
			);
			name = Spectrum4.0;
			productName = Spectrum4.0;
			productReference = 3E476A6D2122B292000963BA /* Spectrum4.0 */;
			productType = "com.apple.product-type.tool";
		};
		3E476A8B2122C738000963BA /* Spectrum5.0 */ = {
			isa = PBXNativeTarget;
			buildConfigurationList = 3E476A902122C739000963BA /* Build configuration list for PBXNativeTarget "Spectrum5.0" */;
			buildPhases = (
				3E476A882122C738000963BA /* Sources */,
				3E476A892122C738000963BA /* Frameworks */,
				3E476A8A2122C738000963BA /* CopyFiles */,
			);
			buildRules = (
			);
			dependencies = (
			);
			name = Spectrum5.0;
			productName = Spectrum5.0;
			productReference = 3E476A8C2122C738000963BA /* Spectrum5.0 */;
			productType = "com.apple.product-type.tool";
		};
/* End PBXNativeTarget section */

/* Begin PBXProject section */
		3E1530A7210EA0CE0086BBEE /* Project object */ = {
			isa = PBXProject;
			attributes = {
				LastUpgradeCheck = 0940;
				ORGANIZATIONNAME = boone;
				TargetAttributes = {
					3E1530AE210EA0CE0086BBEE = {
						CreatedOnToolsVersion = 9.4.1;
					};
					3E1530BC210EA0EF0086BBEE = {
						CreatedOnToolsVersion = 9.4.1;
					};
					3E1531F02117DB740086BBEE = {
						CreatedOnToolsVersion = 9.4.1;
					};
					3E153204211981CC0086BBEE = {
						CreatedOnToolsVersion = 9.4.1;
					};
					3E17F73621265AAE00FE4332 = {
						CreatedOnToolsVersion = 9.4.1;
					};
					3E476A6C2122B292000963BA = {
						CreatedOnToolsVersion = 9.4.1;
					};
					3E476A8B2122C738000963BA = {
						CreatedOnToolsVersion = 9.4.1;
					};
				};
			};
			buildConfigurationList = 3E1530AA210EA0CE0086BBEE /* Build configuration list for PBXProject "Spectrum" */;
			compatibilityVersion = "Xcode 9.3";
			developmentRegion = en;
			hasScannedForEncodings = 0;
			knownRegions = (
				en,
			);
			mainGroup = 3E1530A6210EA0CE0086BBEE;
			productRefGroup = 3E1530B0210EA0CE0086BBEE /* Products */;
			projectDirPath = "";
			projectRoot = "";
			targets = (
				3E1530AE210EA0CE0086BBEE /* Spectrum */,
				3E1530BC210EA0EF0086BBEE /* Test */,
				3E1531F02117DB740086BBEE /* Spectrum2.0 */,
				3E153204211981CC0086BBEE /* Spectrum3.0 */,
				3E476A6C2122B292000963BA /* Spectrum4.0 */,
				3E476A8B2122C738000963BA /* Spectrum5.0 */,
				3E17F73621265AAE00FE4332 /* Spectrum6.0 */,
			);
		};
/* End PBXProject section */

/* Begin PBXSourcesBuildPhase section */
		3E1530AB210EA0CE0086BBEE /* Sources */ = {
			isa = PBXSourcesBuildPhase;
			buildActionMask = 2147483647;
			files = (
				3E1530B3210EA0CE0086BBEE /* main.cpp in Sources */,
				3E1530D1210EA24A0086BBEE /* glad.c in Sources */,
			);
			runOnlyForDeploymentPostprocessing = 0;
		};
		3E1530B9210EA0EF0086BBEE /* Sources */ = {
			isa = PBXSourcesBuildPhase;
			buildActionMask = 2147483647;
			files = (
				3E1530C0210EA0EF0086BBEE /* main.cpp in Sources */,
				3E475AFC21217B64000963BA /* glad.c in Sources */,
			);
			runOnlyForDeploymentPostprocessing = 0;
		};
		3E1531ED2117DB740086BBEE /* Sources */ = {
			isa = PBXSourcesBuildPhase;
			buildActionMask = 2147483647;
			files = (
				3E1531F42117DB740086BBEE /* main.cpp in Sources */,
				3E1531FC2117DB980086BBEE /* glad.c in Sources */,
			);
			runOnlyForDeploymentPostprocessing = 0;
		};
		3E153201211981CC0086BBEE /* Sources */ = {
			isa = PBXSourcesBuildPhase;
			buildActionMask = 2147483647;
			files = (
				3E153208211981CC0086BBEE /* main.cpp in Sources */,
				3E153210211981F80086BBEE /* glad.c in Sources */,
			);
			runOnlyForDeploymentPostprocessing = 0;
		};
		3E17F73321265AAE00FE4332 /* Sources */ = {
			isa = PBXSourcesBuildPhase;
			buildActionMask = 2147483647;
			files = (
				3E17F73A21265AAE00FE4332 /* main.cpp in Sources */,
				3E17F74621265B2400FE4332 /* glad.c in Sources */,
			);
			runOnlyForDeploymentPostprocessing = 0;
		};
		3E476A692122B292000963BA /* Sources */ = {
			isa = PBXSourcesBuildPhase;
			buildActionMask = 2147483647;
			files = (
				3E476A702122B292000963BA /* main.cpp in Sources */,
				3E476A872122B3D6000963BA /* glad.c in Sources */,
			);
			runOnlyForDeploymentPostprocessing = 0;
		};
		3E476A882122C738000963BA /* Sources */ = {
			isa = PBXSourcesBuildPhase;
			buildActionMask = 2147483647;
			files = (
				3E476A8F2122C738000963BA /* main.cpp in Sources */,
				3E476A9B2122C78E000963BA /* glad.c in Sources */,
			);
			runOnlyForDeploymentPostprocessing = 0;
		};
/* End PBXSourcesBuildPhase section */

/* Begin XCBuildConfiguration section */
		3E1530B4210EA0CE0086BBEE /* Debug */ = {
			isa = XCBuildConfiguration;
			buildSettings = {
				ALWAYS_SEARCH_USER_PATHS = NO;
				CLANG_ANALYZER_NONNULL = YES;
				CLANG_ANALYZER_NUMBER_OBJECT_CONVERSION = YES_AGGRESSIVE;
				CLANG_CXX_LANGUAGE_STANDARD = "gnu++14";
				CLANG_CXX_LIBRARY = "libc++";
				CLANG_ENABLE_MODULES = YES;
				CLANG_ENABLE_OBJC_ARC = YES;
				CLANG_ENABLE_OBJC_WEAK = YES;
				CLANG_WARN_BLOCK_CAPTURE_AUTORELEASING = YES;
				CLANG_WARN_BOOL_CONVERSION = YES;
				CLANG_WARN_COMMA = YES;
				CLANG_WARN_CONSTANT_CONVERSION = YES;
				CLANG_WARN_DEPRECATED_OBJC_IMPLEMENTATIONS = YES;
				CLANG_WARN_DIRECT_OBJC_ISA_USAGE = YES_ERROR;
				CLANG_WARN_DOCUMENTATION_COMMENTS = YES;
				CLANG_WARN_EMPTY_BODY = YES;
				CLANG_WARN_ENUM_CONVERSION = YES;
				CLANG_WARN_INFINITE_RECURSION = YES;
				CLANG_WARN_INT_CONVERSION = YES;
				CLANG_WARN_NON_LITERAL_NULL_CONVERSION = YES;
				CLANG_WARN_OBJC_IMPLICIT_RETAIN_SELF = YES;
				CLANG_WARN_OBJC_LITERAL_CONVERSION = YES;
				CLANG_WARN_OBJC_ROOT_CLASS = YES_ERROR;
				CLANG_WARN_RANGE_LOOP_ANALYSIS = YES;
				CLANG_WARN_STRICT_PROTOTYPES = YES;
				CLANG_WARN_SUSPICIOUS_MOVE = YES;
				CLANG_WARN_UNGUARDED_AVAILABILITY = YES_AGGRESSIVE;
				CLANG_WARN_UNREACHABLE_CODE = YES;
				CLANG_WARN__DUPLICATE_METHOD_MATCH = YES;
				CODE_SIGN_IDENTITY = "-";
				COPY_PHASE_STRIP = NO;
				DEBUG_INFORMATION_FORMAT = dwarf;
				ENABLE_STRICT_OBJC_MSGSEND = YES;
				ENABLE_TESTABILITY = YES;
				GCC_C_LANGUAGE_STANDARD = gnu11;
				GCC_DYNAMIC_NO_PIC = NO;
				GCC_NO_COMMON_BLOCKS = YES;
				GCC_OPTIMIZATION_LEVEL = 0;
				GCC_PREPROCESSOR_DEFINITIONS = (
					"DEBUG=1",
					"$(inherited)",
				);
				GCC_WARN_64_TO_32_BIT_CONVERSION = YES;
				GCC_WARN_ABOUT_RETURN_TYPE = YES_ERROR;
				GCC_WARN_UNDECLARED_SELECTOR = YES;
				GCC_WARN_UNINITIALIZED_AUTOS = YES_AGGRESSIVE;
				GCC_WARN_UNUSED_FUNCTION = YES;
				GCC_WARN_UNUSED_VARIABLE = YES;
				MACOSX_DEPLOYMENT_TARGET = 10.13;
				MTL_ENABLE_DEBUG_INFO = YES;
				ONLY_ACTIVE_ARCH = YES;
				SDKROOT = macosx;
			};
			name = Debug;
		};
		3E1530B5210EA0CE0086BBEE /* Release */ = {
			isa = XCBuildConfiguration;
			buildSettings = {
				ALWAYS_SEARCH_USER_PATHS = NO;
				CLANG_ANALYZER_NONNULL = YES;
				CLANG_ANALYZER_NUMBER_OBJECT_CONVERSION = YES_AGGRESSIVE;
				CLANG_CXX_LANGUAGE_STANDARD = "gnu++14";
				CLANG_CXX_LIBRARY = "libc++";
				CLANG_ENABLE_MODULES = YES;
				CLANG_ENABLE_OBJC_ARC = YES;
				CLANG_ENABLE_OBJC_WEAK = YES;
				CLANG_WARN_BLOCK_CAPTURE_AUTORELEASING = YES;
				CLANG_WARN_BOOL_CONVERSION = YES;
				CLANG_WARN_COMMA = YES;
				CLANG_WARN_CONSTANT_CONVERSION = YES;
				CLANG_WARN_DEPRECATED_OBJC_IMPLEMENTATIONS = YES;
				CLANG_WARN_DIRECT_OBJC_ISA_USAGE = YES_ERROR;
				CLANG_WARN_DOCUMENTATION_COMMENTS = YES;
				CLANG_WARN_EMPTY_BODY = YES;
				CLANG_WARN_ENUM_CONVERSION = YES;
				CLANG_WARN_INFINITE_RECURSION = YES;
				CLANG_WARN_INT_CONVERSION = YES;
				CLANG_WARN_NON_LITERAL_NULL_CONVERSION = YES;
				CLANG_WARN_OBJC_IMPLICIT_RETAIN_SELF = YES;
				CLANG_WARN_OBJC_LITERAL_CONVERSION = YES;
				CLANG_WARN_OBJC_ROOT_CLASS = YES_ERROR;
				CLANG_WARN_RANGE_LOOP_ANALYSIS = YES;
				CLANG_WARN_STRICT_PROTOTYPES = YES;
				CLANG_WARN_SUSPICIOUS_MOVE = YES;
				CLANG_WARN_UNGUARDED_AVAILABILITY = YES_AGGRESSIVE;
				CLANG_WARN_UNREACHABLE_CODE = YES;
				CLANG_WARN__DUPLICATE_METHOD_MATCH = YES;
				CODE_SIGN_IDENTITY = "-";
				COPY_PHASE_STRIP = NO;
				DEBUG_INFORMATION_FORMAT = "dwarf-with-dsym";
				ENABLE_NS_ASSERTIONS = NO;
				ENABLE_STRICT_OBJC_MSGSEND = YES;
				GCC_C_LANGUAGE_STANDARD = gnu11;
				GCC_NO_COMMON_BLOCKS = YES;
				GCC_WARN_64_TO_32_BIT_CONVERSION = YES;
				GCC_WARN_ABOUT_RETURN_TYPE = YES_ERROR;
				GCC_WARN_UNDECLARED_SELECTOR = YES;
				GCC_WARN_UNINITIALIZED_AUTOS = YES_AGGRESSIVE;
				GCC_WARN_UNUSED_FUNCTION = YES;
				GCC_WARN_UNUSED_VARIABLE = YES;
				MACOSX_DEPLOYMENT_TARGET = 10.13;
				MTL_ENABLE_DEBUG_INFO = NO;
				SDKROOT = macosx;
			};
			name = Release;
		};
		3E1530B7210EA0CE0086BBEE /* Debug */ = {
			isa = XCBuildConfiguration;
			buildSettings = {
				CODE_SIGN_STYLE = Automatic;
				HEADER_SEARCH_PATHS = /usr/local/include;
				LIBRARY_SEARCH_PATHS = /usr/local/lib;
				PRODUCT_NAME = "$(TARGET_NAME)";
			};
			name = Debug;
		};
		3E1530B8210EA0CE0086BBEE /* Release */ = {
			isa = XCBuildConfiguration;
			buildSettings = {
				CODE_SIGN_STYLE = Automatic;
				HEADER_SEARCH_PATHS = /usr/local/include;
				LIBRARY_SEARCH_PATHS = /usr/local/lib;
				PRODUCT_NAME = "$(TARGET_NAME)";
			};
			name = Release;
		};
		3E1530C2210EA0EF0086BBEE /* Debug */ = {
			isa = XCBuildConfiguration;
			buildSettings = {
				CODE_SIGN_STYLE = Automatic;
				HEADER_SEARCH_PATHS = /usr/local/include;
				LIBRARY_SEARCH_PATHS = /usr/local/lib;
				PRODUCT_NAME = "$(TARGET_NAME)";
			};
			name = Debug;
		};
		3E1530C3210EA0EF0086BBEE /* Release */ = {
			isa = XCBuildConfiguration;
			buildSettings = {
				CODE_SIGN_STYLE = Automatic;
				HEADER_SEARCH_PATHS = /usr/local/include;
				LIBRARY_SEARCH_PATHS = /usr/local/lib;
				PRODUCT_NAME = "$(TARGET_NAME)";
			};
			name = Release;
		};
		3E1531F52117DB740086BBEE /* Debug */ = {
			isa = XCBuildConfiguration;
			buildSettings = {
				CODE_SIGN_STYLE = Automatic;
				HEADER_SEARCH_PATHS = /usr/local/include;
				LIBRARY_SEARCH_PATHS = /usr/local/lib;
				PRODUCT_NAME = "$(TARGET_NAME)";
			};
			name = Debug;
		};
		3E1531F62117DB740086BBEE /* Release */ = {
			isa = XCBuildConfiguration;
			buildSettings = {
				CODE_SIGN_STYLE = Automatic;
				HEADER_SEARCH_PATHS = /usr/local/include;
				LIBRARY_SEARCH_PATHS = /usr/local/lib;
				PRODUCT_NAME = "$(TARGET_NAME)";
			};
			name = Release;
		};
		3E15320A211981CC0086BBEE /* Debug */ = {
			isa = XCBuildConfiguration;
			buildSettings = {
				CODE_SIGN_STYLE = Automatic;
				HEADER_SEARCH_PATHS = /usr/local/include;
				LIBRARY_SEARCH_PATHS = /usr/local/lib;
				PRODUCT_NAME = "$(TARGET_NAME)";
			};
			name = Debug;
		};
		3E15320B211981CC0086BBEE /* Release */ = {
			isa = XCBuildConfiguration;
			buildSettings = {
				CODE_SIGN_STYLE = Automatic;
				HEADER_SEARCH_PATHS = /usr/local/include;
				LIBRARY_SEARCH_PATHS = /usr/local/lib;
				PRODUCT_NAME = "$(TARGET_NAME)";
			};
			name = Release;
		};
		3E17F73B21265AAE00FE4332 /* Debug */ = {
			isa = XCBuildConfiguration;
			buildSettings = {
				CODE_SIGN_STYLE = Automatic;
				HEADER_SEARCH_PATHS = /usr/local/include;
				LIBRARY_SEARCH_PATHS = /usr/local/lib;
				PRODUCT_NAME = "$(TARGET_NAME)";
			};
			name = Debug;
		};
		3E17F73C21265AAE00FE4332 /* Release */ = {
			isa = XCBuildConfiguration;
			buildSettings = {
				CODE_SIGN_STYLE = Automatic;
				HEADER_SEARCH_PATHS = /usr/local/include;
				LIBRARY_SEARCH_PATHS = /usr/local/lib;
				PRODUCT_NAME = "$(TARGET_NAME)";
			};
			name = Release;
		};
		3E476A712122B292000963BA /* Debug */ = {
			isa = XCBuildConfiguration;
			buildSettings = {
				CODE_SIGN_STYLE = Automatic;
				HEADER_SEARCH_PATHS = /usr/local/include;
				LIBRARY_SEARCH_PATHS = /usr/local/lib;
				PRODUCT_NAME = "$(TARGET_NAME)";
			};
			name = Debug;
		};
		3E476A722122B292000963BA /* Release */ = {
			isa = XCBuildConfiguration;
			buildSettings = {
				CODE_SIGN_STYLE = Automatic;
				HEADER_SEARCH_PATHS = /usr/local/include;
				LIBRARY_SEARCH_PATHS = /usr/local/lib;
				PRODUCT_NAME = "$(TARGET_NAME)";
			};
			name = Release;
		};
		3E476A912122C739000963BA /* Debug */ = {
			isa = XCBuildConfiguration;
			buildSettings = {
				CODE_SIGN_STYLE = Automatic;
				HEADER_SEARCH_PATHS = /usr/local/include;
				LIBRARY_SEARCH_PATHS = /usr/local/lib;
				PRODUCT_NAME = "$(TARGET_NAME)";
			};
			name = Debug;
		};
		3E476A922122C739000963BA /* Release */ = {
			isa = XCBuildConfiguration;
			buildSettings = {
				CODE_SIGN_STYLE = Automatic;
				HEADER_SEARCH_PATHS = /usr/local/include;
				LIBRARY_SEARCH_PATHS = /usr/local/lib;
				PRODUCT_NAME = "$(TARGET_NAME)";
			};
			name = Release;
		};
/* End XCBuildConfiguration section */

/* Begin XCConfigurationList section */
		3E1530AA210EA0CE0086BBEE /* Build configuration list for PBXProject "Spectrum" */ = {
			isa = XCConfigurationList;
			buildConfigurations = (
				3E1530B4210EA0CE0086BBEE /* Debug */,
				3E1530B5210EA0CE0086BBEE /* Release */,
			);
			defaultConfigurationIsVisible = 0;
			defaultConfigurationName = Release;
		};
		3E1530B6210EA0CE0086BBEE /* Build configuration list for PBXNativeTarget "Spectrum" */ = {
			isa = XCConfigurationList;
			buildConfigurations = (
				3E1530B7210EA0CE0086BBEE /* Debug */,
				3E1530B8210EA0CE0086BBEE /* Release */,
			);
			defaultConfigurationIsVisible = 0;
			defaultConfigurationName = Release;
		};
		3E1530C1210EA0EF0086BBEE /* Build configuration list for PBXNativeTarget "Test" */ = {
			isa = XCConfigurationList;
			buildConfigurations = (
				3E1530C2210EA0EF0086BBEE /* Debug */,
				3E1530C3210EA0EF0086BBEE /* Release */,
			);
			defaultConfigurationIsVisible = 0;
			defaultConfigurationName = Release;
		};
		3E1531F72117DB740086BBEE /* Build configuration list for PBXNativeTarget "Spectrum2.0" */ = {
			isa = XCConfigurationList;
			buildConfigurations = (
				3E1531F52117DB740086BBEE /* Debug */,
				3E1531F62117DB740086BBEE /* Release */,
			);
			defaultConfigurationIsVisible = 0;
			defaultConfigurationName = Release;
		};
		3E153209211981CC0086BBEE /* Build configuration list for PBXNativeTarget "Spectrum3.0" */ = {
			isa = XCConfigurationList;
			buildConfigurations = (
				3E15320A211981CC0086BBEE /* Debug */,
				3E15320B211981CC0086BBEE /* Release */,
			);
			defaultConfigurationIsVisible = 0;
			defaultConfigurationName = Release;
		};
		3E17F73D21265AAE00FE4332 /* Build configuration list for PBXNativeTarget "Spectrum6.0" */ = {
			isa = XCConfigurationList;
			buildConfigurations = (
				3E17F73B21265AAE00FE4332 /* Debug */,
				3E17F73C21265AAE00FE4332 /* Release */,
			);
			defaultConfigurationIsVisible = 0;
			defaultConfigurationName = Release;
		};
		3E476A732122B292000963BA /* Build configuration list for PBXNativeTarget "Spectrum4.0" */ = {
			isa = XCConfigurationList;
			buildConfigurations = (
				3E476A712122B292000963BA /* Debug */,
				3E476A722122B292000963BA /* Release */,
			);
			defaultConfigurationIsVisible = 0;
			defaultConfigurationName = Release;
		};
		3E476A902122C739000963BA /* Build configuration list for PBXNativeTarget "Spectrum5.0" */ = {
			isa = XCConfigurationList;
			buildConfigurations = (
				3E476A912122C739000963BA /* Debug */,
				3E476A922122C739000963BA /* Release */,
			);
			defaultConfigurationIsVisible = 0;
			defaultConfigurationName = Release;
		};
/* End XCConfigurationList section */
	};
	rootObject = 3E1530A7210EA0CE0086BBEE /* Project object */;
}
